{
  "pins" : [
    {
      "identity" : "alamofire",
      "kind" : "remoteSourceControl",
      "location" : "https://github.com/Alamofire/Alamofire.git",
      "state" : {
        "revision" : "f455c2975872ccd2d9c81594c658af65716e9b9a",
        "version" : "5.9.1"
      }
    },
    {
      "identity" : "dependencies",
      "kind" : "remoteSourceControl",
      "location" : "https://github.com/ManuelSelch/Dependencies.git",
      "state" : {
        "revision" : "94ac38716591c5c7e0ce512765e649f06df5f8d8",
        "version" : "1.0.0"
      }
    },
    {
      "identity" : "loginservice",
      "kind" : "remoteSourceControl",
      "location" : "https://github.com/ManuelSelch/LoginService.git",
      "state" : {
        "revision" : "e500ff924a3863aa58b40cd26b6ba1ede96b366c",
        "version" : "1.1.3"
      }
    },
    {
      "identity" : "moya",
      "kind" : "remoteSourceControl",
      "location" : "https://github.com/Moya/Moya.git",
      "state" : {
        "revision" : "c263811c1f3dbf002be9bd83107f7cdc38992b26",
        "version" : "15.0.3"
      }
    },
    {
      "identity" : "offlinesync",
      "kind" : "remoteSourceControl",
      "location" : "https://github.com/ManuelSelch/OfflineSync.git",
      "state" : {
        "revision" : "59597a9ae5b87e4f434495c3e474d530d4944153",
        "version" : "1.2.3"
      }
    },
    {
      "identity" : "reactiveswift",
      "kind" : "remoteSourceControl",
      "location" : "https://github.com/ReactiveCocoa/ReactiveSwift.git",
      "state" : {
        "revision" : "c43bae3dac73fdd3cb906bd5a1914686ca71ed3c",
        "version" : "6.7.0"
      }
    },
    {
      "identity" : "redux",
      "kind" : "remoteSourceControl",
      "location" : "https://github.com/manuelselch/Redux",
      "state" : {
        "revision" : "448befeb2a649b1b8f8dd748e354b487d625ef3e",
        "version" : "1.1.7"
      }
    },
    {
      "identity" : "rxswift",
      "kind" : "remoteSourceControl",
      "location" : "https://github.com/ReactiveX/RxSwift.git",
      "state" : {
        "revision" : "b06a8c8596e4c3e8e7788e08e720e3248563ce6a",
        "version" : "6.7.1"
      }
    },
    {
      "identity" : "sqlite.swift",
      "kind" : "remoteSourceControl",
      "location" : "https://github.com/stephencelis/SQLite.swift.git",
      "state" : {
        "revision" : "a95fc6df17d108bd99210db5e8a9bac90fe984b8",
        "version" : "0.15.3"
      }
    }
  ],
  "version" : 2
}
