{
  "pins" : [
    {
      "identity" : "alamofire",
      "kind" : "remoteSourceControl",
      "location" : "https://github.com/Alamofire/Alamofire.git",
      "state" : {
        "revision" : "f455c2975872ccd2d9c81594c658af65716e9b9a",
        "version" : "5.9.1"
      }
    },
    {
      "identity" : "chart",
      "kind" : "remoteSourceControl",
      "location" : "https://github.com/ManuelSelch/Chart.git",
      "state" : {
        "revision" : "36978552d2f1f733aedf194821fc153175f09c01",
        "version" : "1.0.3"
      }
    },
    {
      "identity" : "loginservice",
      "kind" : "remoteSourceControl",
      "location" : "https://github.com/ManuelSelch/LoginService.git",
      "state" : {
        "revision" : "e500ff924a3863aa58b40cd26b6ba1ede96b366c",
        "version" : "1.1.3"
      }
    },
    {
      "identity" : "moya",
      "kind" : "remoteSourceControl",
      "location" : "https://github.com/Moya/Moya.git",
      "state" : {
        "revision" : "c263811c1f3dbf002be9bd83107f7cdc38992b26",
        "version" : "15.0.3"
      }
    },
    {
      "identity" : "offlinesync",
      "kind" : "remoteSourceControl",
      "location" : "https://github.com/ManuelSelch/OfflineSync.git",
      "state" : {
        "revision" : "b9532025fad82edfac718dc0f698fbf44c951fcb",
        "version" : "1.2.1"
      }
    },
    {
      "identity" : "reactiveswift",
      "kind" : "remoteSourceControl",
      "location" : "https://github.com/ReactiveCocoa/ReactiveSwift.git",
      "state" : {
        "revision" : "c43bae3dac73fdd3cb906bd5a1914686ca71ed3c",
        "version" : "6.7.0"
      }
    },
    {
      "identity" : "redux",
      "kind" : "remoteSourceControl",
      "location" : "https://github.com/manuelselch/Redux",
      "state" : {
        "revision" : "125a36bb12ba1cf1c7140dfcad6a70778f4d1d14",
        "version" : "1.1.3"
      }
    },
    {
      "identity" : "rxswift",
      "kind" : "remoteSourceControl",
      "location" : "https://github.com/ReactiveX/RxSwift.git",
      "state" : {
        "revision" : "b06a8c8596e4c3e8e7788e08e720e3248563ce6a",
        "version" : "6.7.1"
      }
    },
    {
      "identity" : "sqlite.swift",
      "kind" : "remoteSourceControl",
      "location" : "https://github.com/stephencelis/SQLite.swift.git",
      "state" : {
        "revision" : "a95fc6df17d108bd99210db5e8a9bac90fe984b8",
        "version" : "0.15.3"
      }
    }
  ],
  "version" : 2
}
