// !$*UTF8*$!
{
	archiveVersion = 1;
	classes = {
	};
	objectVersion = 56;
	objects = {

/* Begin PBXBuildFile section */
		84C5A2962BC40EEC00C25A0C /* businessToGoApp.swift in Sources */ = {isa = PBXBuildFile; fileRef = 84C5A2952BC40EEC00C25A0C /* businessToGoApp.swift */; };
		84C5A2982BC40EEC00C25A0C /* ContentView.swift in Sources */ = {isa = PBXBuildFile; fileRef = 84C5A2972BC40EEC00C25A0C /* ContentView.swift */; };
		84C5A29A2BC40EEE00C25A0C /* Assets.xcassets in Resources */ = {isa = PBXBuildFile; fileRef = 84C5A2992BC40EEE00C25A0C /* Assets.xcassets */; };
		84C5A29E2BC40EEE00C25A0C /* Preview Assets.xcassets in Resources */ = {isa = PBXBuildFile; fileRef = 84C5A29D2BC40EEE00C25A0C /* Preview Assets.xcassets */; };
		84C5A2A82BC40EEE00C25A0C /* businessToGoTests.swift in Sources */ = {isa = PBXBuildFile; fileRef = 84C5A2A72BC40EEE00C25A0C /* businessToGoTests.swift */; };
		84C5A2B22BC40EEE00C25A0C /* businessToGoUITests.swift in Sources */ = {isa = PBXBuildFile; fileRef = 84C5A2B12BC40EEE00C25A0C /* businessToGoUITests.swift */; };
		84C5A2B42BC40EEE00C25A0C /* businessToGoUITestsLaunchTests.swift in Sources */ = {isa = PBXBuildFile; fileRef = 84C5A2B32BC40EEE00C25A0C /* businessToGoUITestsLaunchTests.swift */; };
/* End PBXBuildFile section */

/* Begin PBXContainerItemProxy section */
		84C5A2A42BC40EEE00C25A0C /* PBXContainerItemProxy */ = {
			isa = PBXContainerItemProxy;
			containerPortal = 84C5A28A2BC40EEC00C25A0C /* Project object */;
			proxyType = 1;
			remoteGlobalIDString = 84C5A2912BC40EEC00C25A0C;
			remoteInfo = businessToGo;
		};
		84C5A2AE2BC40EEE00C25A0C /* PBXContainerItemProxy */ = {
			isa = PBXContainerItemProxy;
			containerPortal = 84C5A28A2BC40EEC00C25A0C /* Project object */;
			proxyType = 1;
			remoteGlobalIDString = 84C5A2912BC40EEC00C25A0C;
			remoteInfo = businessToGo;
		};
/* End PBXContainerItemProxy section */

/* Begin PBXFileReference section */
		84C5A2922BC40EEC00C25A0C /* businessToGo.app */ = {isa = PBXFileReference; explicitFileType = wrapper.application; includeInIndex = 0; path = businessToGo.app; sourceTree = BUILT_PRODUCTS_DIR; };
		84C5A2952BC40EEC00C25A0C /* businessToGoApp.swift */ = {isa = PBXFileReference; lastKnownFileType = sourcecode.swift; path = businessToGoApp.swift; sourceTree = "<group>"; };
		84C5A2972BC40EEC00C25A0C /* ContentView.swift */ = {isa = PBXFileReference; lastKnownFileType = sourcecode.swift; path = ContentView.swift; sourceTree = "<group>"; };
		84C5A2992BC40EEE00C25A0C /* Assets.xcassets */ = {isa = PBXFileReference; lastKnownFileType = folder.assetcatalog; path = Assets.xcassets; sourceTree = "<group>"; };
		84C5A29B2BC40EEE00C25A0C /* businessToGo.entitlements */ = {isa = PBXFileReference; lastKnownFileType = text.plist.entitlements; path = businessToGo.entitlements; sourceTree = "<group>"; };
		84C5A29D2BC40EEE00C25A0C /* Preview Assets.xcassets */ = {isa = PBXFileReference; lastKnownFileType = folder.assetcatalog; path = "Preview Assets.xcassets"; sourceTree = "<group>"; };
		84C5A2A32BC40EEE00C25A0C /* businessToGoTests.xctest */ = {isa = PBXFileReference; explicitFileType = wrapper.cfbundle; includeInIndex = 0; path = businessToGoTests.xctest; sourceTree = BUILT_PRODUCTS_DIR; };
		84C5A2A72BC40EEE00C25A0C /* businessToGoTests.swift */ = {isa = PBXFileReference; lastKnownFileType = sourcecode.swift; path = businessToGoTests.swift; sourceTree = "<group>"; };
		84C5A2AD2BC40EEE00C25A0C /* businessToGoUITests.xctest */ = {isa = PBXFileReference; explicitFileType = wrapper.cfbundle; includeInIndex = 0; path = businessToGoUITests.xctest; sourceTree = BUILT_PRODUCTS_DIR; };
		84C5A2B12BC40EEE00C25A0C /* businessToGoUITests.swift */ = {isa = PBXFileReference; lastKnownFileType = sourcecode.swift; path = businessToGoUITests.swift; sourceTree = "<group>"; };
		84C5A2B32BC40EEE00C25A0C /* businessToGoUITestsLaunchTests.swift */ = {isa = PBXFileReference; lastKnownFileType = sourcecode.swift; path = businessToGoUITestsLaunchTests.swift; sourceTree = "<group>"; };
/* End PBXFileReference section */

/* Begin PBXFrameworksBuildPhase section */
		84C5A28F2BC40EEC00C25A0C /* Frameworks */ = {
			isa = PBXFrameworksBuildPhase;
			buildActionMask = 2147483647;
			files = (
			);
			runOnlyForDeploymentPostprocessing = 0;
		};
		84C5A2A02BC40EEE00C25A0C /* Frameworks */ = {
			isa = PBXFrameworksBuildPhase;
			buildActionMask = 2147483647;
			files = (
			);
			runOnlyForDeploymentPostprocessing = 0;
		};
		84C5A2AA2BC40EEE00C25A0C /* Frameworks */ = {
			isa = PBXFrameworksBuildPhase;
			buildActionMask = 2147483647;
			files = (
			);
			runOnlyForDeploymentPostprocessing = 0;
		};
/* End PBXFrameworksBuildPhase section */

/* Begin PBXGroup section */
		84C5A2892BC40EEC00C25A0C = {
			isa = PBXGroup;
			children = (
				84C5A2942BC40EEC00C25A0C /* businessToGo */,
				84C5A2A62BC40EEE00C25A0C /* businessToGoTests */,
				84C5A2B02BC40EEE00C25A0C /* businessToGoUITests */,
				84C5A2932BC40EEC00C25A0C /* Products */,
			);
			sourceTree = "<group>";
		};
		84C5A2932BC40EEC00C25A0C /* Products */ = {
			isa = PBXGroup;
			children = (
				84C5A2922BC40EEC00C25A0C /* businessToGo.app */,
				84C5A2A32BC40EEE00C25A0C /* businessToGoTests.xctest */,
				84C5A2AD2BC40EEE00C25A0C /* businessToGoUITests.xctest */,
			);
			name = Products;
			sourceTree = "<group>";
		};
		84C5A2942BC40EEC00C25A0C /* businessToGo */ = {
			isa = PBXGroup;
			children = (
				84C5A2952BC40EEC00C25A0C /* businessToGoApp.swift */,
				84C5A2972BC40EEC00C25A0C /* ContentView.swift */,
				84C5A2992BC40EEE00C25A0C /* Assets.xcassets */,
				84C5A29B2BC40EEE00C25A0C /* businessToGo.entitlements */,
				84C5A29C2BC40EEE00C25A0C /* Preview Content */,
			);
			path = businessToGo;
			sourceTree = "<group>";
		};
		84C5A29C2BC40EEE00C25A0C /* Preview Content */ = {
			isa = PBXGroup;
			children = (
				84C5A29D2BC40EEE00C25A0C /* Preview Assets.xcassets */,
			);
			path = "Preview Content";
			sourceTree = "<group>";
		};
		84C5A2A62BC40EEE00C25A0C /* businessToGoTests */ = {
			isa = PBXGroup;
			children = (
				84C5A2A72BC40EEE00C25A0C /* businessToGoTests.swift */,
			);
			path = businessToGoTests;
			sourceTree = "<group>";
		};
		84C5A2B02BC40EEE00C25A0C /* businessToGoUITests */ = {
			isa = PBXGroup;
			children = (
				84C5A2B12BC40EEE00C25A0C /* businessToGoUITests.swift */,
				84C5A2B32BC40EEE00C25A0C /* businessToGoUITestsLaunchTests.swift */,
			);
			path = businessToGoUITests;
			sourceTree = "<group>";
		};
/* End PBXGroup section */

/* Begin PBXNativeTarget section */
		84C5A2912BC40EEC00C25A0C /* businessToGo */ = {
			isa = PBXNativeTarget;
			buildConfigurationList = 84C5A2B72BC40EEE00C25A0C /* Build configuration list for PBXNativeTarget "businessToGo" */;
			buildPhases = (
				84C5A28E2BC40EEC00C25A0C /* Sources */,
				84C5A28F2BC40EEC00C25A0C /* Frameworks */,
				84C5A2902BC40EEC00C25A0C /* Resources */,
			);
			buildRules = (
			);
			dependencies = (
			);
			name = businessToGo;
			productName = businessToGo;
			productReference = 84C5A2922BC40EEC00C25A0C /* businessToGo.app */;
			productType = "com.apple.product-type.application";
		};
		84C5A2A22BC40EEE00C25A0C /* businessToGoTests */ = {
			isa = PBXNativeTarget;
			buildConfigurationList = 84C5A2BA2BC40EEE00C25A0C /* Build configuration list for PBXNativeTarget "businessToGoTests" */;
			buildPhases = (
				84C5A29F2BC40EEE00C25A0C /* Sources */,
				84C5A2A02BC40EEE00C25A0C /* Frameworks */,
				84C5A2A12BC40EEE00C25A0C /* Resources */,
			);
			buildRules = (
			);
			dependencies = (
				84C5A2A52BC40EEE00C25A0C /* PBXTargetDependency */,
			);
			name = businessToGoTests;
			productName = businessToGoTests;
			productReference = 84C5A2A32BC40EEE00C25A0C /* businessToGoTests.xctest */;
			productType = "com.apple.product-type.bundle.unit-test";
		};
		84C5A2AC2BC40EEE00C25A0C /* businessToGoUITests */ = {
			isa = PBXNativeTarget;
			buildConfigurationList = 84C5A2BD2BC40EEE00C25A0C /* Build configuration list for PBXNativeTarget "businessToGoUITests" */;
			buildPhases = (
				84C5A2A92BC40EEE00C25A0C /* Sources */,
				84C5A2AA2BC40EEE00C25A0C /* Frameworks */,
				84C5A2AB2BC40EEE00C25A0C /* Resources */,
			);
			buildRules = (
			);
			dependencies = (
				84C5A2AF2BC40EEE00C25A0C /* PBXTargetDependency */,
			);
			name = businessToGoUITests;
			productName = businessToGoUITests;
			productReference = 84C5A2AD2BC40EEE00C25A0C /* businessToGoUITests.xctest */;
			productType = "com.apple.product-type.bundle.ui-testing";
		};
/* End PBXNativeTarget section */

/* Begin PBXProject section */
		84C5A28A2BC40EEC00C25A0C /* Project object */ = {
			isa = PBXProject;
			attributes = {
				BuildIndependentTargetsInParallel = 1;
				LastSwiftUpdateCheck = 1510;
				LastUpgradeCheck = 1510;
				TargetAttributes = {
					84C5A2912BC40EEC00C25A0C = {
						CreatedOnToolsVersion = 15.1;
					};
					84C5A2A22BC40EEE00C25A0C = {
						CreatedOnToolsVersion = 15.1;
						TestTargetID = 84C5A2912BC40EEC00C25A0C;
					};
					84C5A2AC2BC40EEE00C25A0C = {
						CreatedOnToolsVersion = 15.1;
						TestTargetID = 84C5A2912BC40EEC00C25A0C;
					};
				};
			};
			buildConfigurationList = 84C5A28D2BC40EEC00C25A0C /* Build configuration list for PBXProject "businessToGo" */;
			compatibilityVersion = "Xcode 14.0";
			developmentRegion = en;
			hasScannedForEncodings = 0;
			knownRegions = (
				en,
				Base,
			);
			mainGroup = 84C5A2892BC40EEC00C25A0C;
			productRefGroup = 84C5A2932BC40EEC00C25A0C /* Products */;
			projectDirPath = "";
			projectRoot = "";
			targets = (
				84C5A2912BC40EEC00C25A0C /* businessToGo */,
				84C5A2A22BC40EEE00C25A0C /* businessToGoTests */,
				84C5A2AC2BC40EEE00C25A0C /* businessToGoUITests */,
			);
		};
/* End PBXProject section */

/* Begin PBXResourcesBuildPhase section */
		84C5A2902BC40EEC00C25A0C /* Resources */ = {
			isa = PBXResourcesBuildPhase;
			buildActionMask = 2147483647;
			files = (
				84C5A29E2BC40EEE00C25A0C /* Preview Assets.xcassets in Resources */,
				84C5A29A2BC40EEE00C25A0C /* Assets.xcassets in Resources */,
			);
			runOnlyForDeploymentPostprocessing = 0;
		};
		84C5A2A12BC40EEE00C25A0C /* Resources */ = {
			isa = PBXResourcesBuildPhase;
			buildActionMask = 2147483647;
			files = (
			);
			runOnlyForDeploymentPostprocessing = 0;
		};
		84C5A2AB2BC40EEE00C25A0C /* Resources */ = {
			isa = PBXResourcesBuildPhase;
			buildActionMask = 2147483647;
			files = (
			);
			runOnlyForDeploymentPostprocessing = 0;
		};
/* End PBXResourcesBuildPhase section */

/* Begin PBXSourcesBuildPhase section */
		84C5A28E2BC40EEC00C25A0C /* Sources */ = {
			isa = PBXSourcesBuildPhase;
			buildActionMask = 2147483647;
			files = (
				84C5A2982BC40EEC00C25A0C /* ContentView.swift in Sources */,
				84C5A2962BC40EEC00C25A0C /* businessToGoApp.swift in Sources */,
			);
			runOnlyForDeploymentPostprocessing = 0;
		};
		84C5A29F2BC40EEE00C25A0C /* Sources */ = {
			isa = PBXSourcesBuildPhase;
			buildActionMask = 2147483647;
			files = (
				84C5A2A82BC40EEE00C25A0C /* businessToGoTests.swift in Sources */,
			);
			runOnlyForDeploymentPostprocessing = 0;
		};
		84C5A2A92BC40EEE00C25A0C /* Sources */ = {
			isa = PBXSourcesBuildPhase;
			buildActionMask = 2147483647;
			files = (
				84C5A2B22BC40EEE00C25A0C /* businessToGoUITests.swift in Sources */,
				84C5A2B42BC40EEE00C25A0C /* businessToGoUITestsLaunchTests.swift in Sources */,
			);
			runOnlyForDeploymentPostprocessing = 0;
		};
/* End PBXSourcesBuildPhase section */

/* Begin PBXTargetDependency section */
		84C5A2A52BC40EEE00C25A0C /* PBXTargetDependency */ = {
			isa = PBXTargetDependency;
			target = 84C5A2912BC40EEC00C25A0C /* businessToGo */;
			targetProxy = 84C5A2A42BC40EEE00C25A0C /* PBXContainerItemProxy */;
		};
		84C5A2AF2BC40EEE00C25A0C /* PBXTargetDependency */ = {
			isa = PBXTargetDependency;
			target = 84C5A2912BC40EEC00C25A0C /* businessToGo */;
			targetProxy = 84C5A2AE2BC40EEE00C25A0C /* PBXContainerItemProxy */;
		};
/* End PBXTargetDependency section */

/* Begin XCBuildConfiguration section */
		84C5A2B52BC40EEE00C25A0C /* Debug */ = {
			isa = XCBuildConfiguration;
			buildSettings = {
				ALWAYS_SEARCH_USER_PATHS = NO;
				ASSETCATALOG_COMPILER_GENERATE_SWIFT_ASSET_SYMBOL_EXTENSIONS = YES;
				CLANG_ANALYZER_NONNULL = YES;
				CLANG_ANALYZER_NUMBER_OBJECT_CONVERSION = YES_AGGRESSIVE;
				CLANG_CXX_LANGUAGE_STANDARD = "gnu++20";
				CLANG_ENABLE_MODULES = YES;
				CLANG_ENABLE_OBJC_ARC = YES;
				CLANG_ENABLE_OBJC_WEAK = YES;
				CLANG_WARN_BLOCK_CAPTURE_AUTORELEASING = YES;
				CLANG_WARN_BOOL_CONVERSION = YES;
				CLANG_WARN_COMMA = YES;
				CLANG_WARN_CONSTANT_CONVERSION = YES;
				CLANG_WARN_DEPRECATED_OBJC_IMPLEMENTATIONS = YES;
				CLANG_WARN_DIRECT_OBJC_ISA_USAGE = YES_ERROR;
				CLANG_WARN_DOCUMENTATION_COMMENTS = YES;
				CLANG_WARN_EMPTY_BODY = YES;
				CLANG_WARN_ENUM_CONVERSION = YES;
				CLANG_WARN_INFINITE_RECURSION = YES;
				CLANG_WARN_INT_CONVERSION = YES;
				CLANG_WARN_NON_LITERAL_NULL_CONVERSION = YES;
				CLANG_WARN_OBJC_IMPLICIT_RETAIN_SELF = YES;
				CLANG_WARN_OBJC_LITERAL_CONVERSION = YES;
				CLANG_WARN_OBJC_ROOT_CLASS = YES_ERROR;
				CLANG_WARN_QUOTED_INCLUDE_IN_FRAMEWORK_HEADER = YES;
				CLANG_WARN_RANGE_LOOP_ANALYSIS = YES;
				CLANG_WARN_STRICT_PROTOTYPES = YES;
				CLANG_WARN_SUSPICIOUS_MOVE = YES;
				CLANG_WARN_UNGUARDED_AVAILABILITY = YES_AGGRESSIVE;
				CLANG_WARN_UNREACHABLE_CODE = YES;
				CLANG_WARN__DUPLICATE_METHOD_MATCH = YES;
				COPY_PHASE_STRIP = NO;
				DEBUG_INFORMATION_FORMAT = dwarf;
				ENABLE_STRICT_OBJC_MSGSEND = YES;
				ENABLE_TESTABILITY = YES;
				ENABLE_USER_SCRIPT_SANDBOXING = YES;
				GCC_C_LANGUAGE_STANDARD = gnu17;
				GCC_DYNAMIC_NO_PIC = NO;
				GCC_NO_COMMON_BLOCKS = YES;
				GCC_OPTIMIZATION_LEVEL = 0;
				GCC_PREPROCESSOR_DEFINITIONS = (
					"DEBUG=1",
					"$(inherited)",
				);
				GCC_WARN_64_TO_32_BIT_CONVERSION = YES;
				GCC_WARN_ABOUT_RETURN_TYPE = YES_ERROR;
				GCC_WARN_UNDECLARED_SELECTOR = YES;
				GCC_WARN_UNINITIALIZED_AUTOS = YES_AGGRESSIVE;
				GCC_WARN_UNUSED_FUNCTION = YES;
				GCC_WARN_UNUSED_VARIABLE = YES;
				LOCALIZATION_PREFERS_STRING_CATALOGS = YES;
				MTL_ENABLE_DEBUG_INFO = INCLUDE_SOURCE;
				MTL_FAST_MATH = YES;
				ONLY_ACTIVE_ARCH = YES;
				SWIFT_ACTIVE_COMPILATION_CONDITIONS = "DEBUG $(inherited)";
				SWIFT_OPTIMIZATION_LEVEL = "-Onone";
			};
			name = Debug;
		};
		84C5A2B62BC40EEE00C25A0C /* Release */ = {
			isa = XCBuildConfiguration;
			buildSettings = {
				ALWAYS_SEARCH_USER_PATHS = NO;
				ASSETCATALOG_COMPILER_GENERATE_SWIFT_ASSET_SYMBOL_EXTENSIONS = YES;
				CLANG_ANALYZER_NONNULL = YES;
				CLANG_ANALYZER_NUMBER_OBJECT_CONVERSION = YES_AGGRESSIVE;
				CLANG_CXX_LANGUAGE_STANDARD = "gnu++20";
				CLANG_ENABLE_MODULES = YES;
				CLANG_ENABLE_OBJC_ARC = YES;
				CLANG_ENABLE_OBJC_WEAK = YES;
				CLANG_WARN_BLOCK_CAPTURE_AUTORELEASING = YES;
				CLANG_WARN_BOOL_CONVERSION = YES;
				CLANG_WARN_COMMA = YES;
				CLANG_WARN_CONSTANT_CONVERSION = YES;
				CLANG_WARN_DEPRECATED_OBJC_IMPLEMENTATIONS = YES;
				CLANG_WARN_DIRECT_OBJC_ISA_USAGE = YES_ERROR;
				CLANG_WARN_DOCUMENTATION_COMMENTS = YES;
				CLANG_WARN_EMPTY_BODY = YES;
				CLANG_WARN_ENUM_CONVERSION = YES;
				CLANG_WARN_INFINITE_RECURSION = YES;
				CLANG_WARN_INT_CONVERSION = YES;
				CLANG_WARN_NON_LITERAL_NULL_CONVERSION = YES;
				CLANG_WARN_OBJC_IMPLICIT_RETAIN_SELF = YES;
				CLANG_WARN_OBJC_LITERAL_CONVERSION = YES;
				CLANG_WARN_OBJC_ROOT_CLASS = YES_ERROR;
				CLANG_WARN_QUOTED_INCLUDE_IN_FRAMEWORK_HEADER = YES;
				CLANG_WARN_RANGE_LOOP_ANALYSIS = YES;
				CLANG_WARN_STRICT_PROTOTYPES = YES;
				CLANG_WARN_SUSPICIOUS_MOVE = YES;
				CLANG_WARN_UNGUARDED_AVAILABILITY = YES_AGGRESSIVE;
				CLANG_WARN_UNREACHABLE_CODE = YES;
				CLANG_WARN__DUPLICATE_METHOD_MATCH = YES;
				COPY_PHASE_STRIP = NO;
				DEBUG_INFORMATION_FORMAT = "dwarf-with-dsym";
				ENABLE_NS_ASSERTIONS = NO;
				ENABLE_STRICT_OBJC_MSGSEND = YES;
				ENABLE_USER_SCRIPT_SANDBOXING = YES;
				GCC_C_LANGUAGE_STANDARD = gnu17;
				GCC_NO_COMMON_BLOCKS = YES;
				GCC_WARN_64_TO_32_BIT_CONVERSION = YES;
				GCC_WARN_ABOUT_RETURN_TYPE = YES_ERROR;
				GCC_WARN_UNDECLARED_SELECTOR = YES;
				GCC_WARN_UNINITIALIZED_AUTOS = YES_AGGRESSIVE;
				GCC_WARN_UNUSED_FUNCTION = YES;
				GCC_WARN_UNUSED_VARIABLE = YES;
				LOCALIZATION_PREFERS_STRING_CATALOGS = YES;
				MTL_ENABLE_DEBUG_INFO = NO;
				MTL_FAST_MATH = YES;
				SWIFT_COMPILATION_MODE = wholemodule;
			};
			name = Release;
		};
		84C5A2B82BC40EEE00C25A0C /* Debug */ = {
			isa = XCBuildConfiguration;
			buildSettings = {
				ASSETCATALOG_COMPILER_APPICON_NAME = AppIcon;
				ASSETCATALOG_COMPILER_GLOBAL_ACCENT_COLOR_NAME = AccentColor;
				CODE_SIGN_ENTITLEMENTS = businessToGo/businessToGo.entitlements;
				CODE_SIGN_STYLE = Automatic;
				CURRENT_PROJECT_VERSION = 1;
				DEVELOPMENT_ASSET_PATHS = "\"businessToGo/Preview Content\"";
				DEVELOPMENT_TEAM = 476LPWUTHD;
				ENABLE_HARDENED_RUNTIME = YES;
				ENABLE_PREVIEWS = YES;
				GENERATE_INFOPLIST_FILE = YES;
				"INFOPLIST_KEY_UIApplicationSceneManifest_Generation[sdk=iphoneos*]" = YES;
				"INFOPLIST_KEY_UIApplicationSceneManifest_Generation[sdk=iphonesimulator*]" = YES;
				"INFOPLIST_KEY_UIApplicationSupportsIndirectInputEvents[sdk=iphoneos*]" = YES;
				"INFOPLIST_KEY_UIApplicationSupportsIndirectInputEvents[sdk=iphonesimulator*]" = YES;
				"INFOPLIST_KEY_UILaunchScreen_Generation[sdk=iphoneos*]" = YES;
				"INFOPLIST_KEY_UILaunchScreen_Generation[sdk=iphonesimulator*]" = YES;
				"INFOPLIST_KEY_UIStatusBarStyle[sdk=iphoneos*]" = UIStatusBarStyleDefault;
				"INFOPLIST_KEY_UIStatusBarStyle[sdk=iphonesimulator*]" = UIStatusBarStyleDefault;
				INFOPLIST_KEY_UISupportedInterfaceOrientations_iPad = "UIInterfaceOrientationPortrait UIInterfaceOrientationPortraitUpsideDown UIInterfaceOrientationLandscapeLeft UIInterfaceOrientationLandscapeRight";
				INFOPLIST_KEY_UISupportedInterfaceOrientations_iPhone = "UIInterfaceOrientationPortrait UIInterfaceOrientationLandscapeLeft UIInterfaceOrientationLandscapeRight";
				IPHONEOS_DEPLOYMENT_TARGET = 17.2;
				LD_RUNPATH_SEARCH_PATHS = "@executable_path/Frameworks";
				"LD_RUNPATH_SEARCH_PATHS[sdk=macosx*]" = "@executable_path/../Frameworks";
				MACOSX_DEPLOYMENT_TARGET = 14.2;
				MARKETING_VERSION = 1.0;
				PRODUCT_BUNDLE_IDENTIFIER = de.selch.businessToGo;
				PRODUCT_NAME = "$(TARGET_NAME)";
				SDKROOT = auto;
				SUPPORTED_PLATFORMS = "iphoneos iphonesimulator macosx";
				SWIFT_EMIT_LOC_STRINGS = YES;
				SWIFT_VERSION = 5.0;
				TARGETED_DEVICE_FAMILY = "1,2";
			};
			name = Debug;
		};
		84C5A2B92BC40EEE00C25A0C /* Release */ = {
			isa = XCBuildConfiguration;
			buildSettings = {
				ASSETCATALOG_COMPILER_APPICON_NAME = AppIcon;
				ASSETCATALOG_COMPILER_GLOBAL_ACCENT_COLOR_NAME = AccentColor;
				CODE_SIGN_ENTITLEMENTS = businessToGo/businessToGo.entitlements;
				CODE_SIGN_STYLE = Automatic;
				CURRENT_PROJECT_VERSION = 1;
				DEVELOPMENT_ASSET_PATHS = "\"businessToGo/Preview Content\"";
				DEVELOPMENT_TEAM = 476LPWUTHD;
				ENABLE_HARDENED_RUNTIME = YES;
				ENABLE_PREVIEWS = YES;
				GENERATE_INFOPLIST_FILE = YES;
				"INFOPLIST_KEY_UIApplicationSceneManifest_Generation[sdk=iphoneos*]" = YES;
				"INFOPLIST_KEY_UIApplicationSceneManifest_Generation[sdk=iphonesimulator*]" = YES;
				"INFOPLIST_KEY_UIApplicationSupportsIndirectInputEvents[sdk=iphoneos*]" = YES;
				"INFOPLIST_KEY_UIApplicationSupportsIndirectInputEvents[sdk=iphonesimulator*]" = YES;
				"INFOPLIST_KEY_UILaunchScreen_Generation[sdk=iphoneos*]" = YES;
				"INFOPLIST_KEY_UILaunchScreen_Generation[sdk=iphonesimulator*]" = YES;
				"INFOPLIST_KEY_UIStatusBarStyle[sdk=iphoneos*]" = UIStatusBarStyleDefault;
				"INFOPLIST_KEY_UIStatusBarStyle[sdk=iphonesimulator*]" = UIStatusBarStyleDefault;
				INFOPLIST_KEY_UISupportedInterfaceOrientations_iPad = "UIInterfaceOrientationPortrait UIInterfaceOrientationPortraitUpsideDown UIInterfaceOrientationLandscapeLeft UIInterfaceOrientationLandscapeRight";
				INFOPLIST_KEY_UISupportedInterfaceOrientations_iPhone = "UIInterfaceOrientationPortrait UIInterfaceOrientationLandscapeLeft UIInterfaceOrientationLandscapeRight";
				IPHONEOS_DEPLOYMENT_TARGET = 17.2;
				LD_RUNPATH_SEARCH_PATHS = "@executable_path/Frameworks";
				"LD_RUNPATH_SEARCH_PATHS[sdk=macosx*]" = "@executable_path/../Frameworks";
				MACOSX_DEPLOYMENT_TARGET = 14.2;
				MARKETING_VERSION = 1.0;
				PRODUCT_BUNDLE_IDENTIFIER = de.selch.businessToGo;
				PRODUCT_NAME = "$(TARGET_NAME)";
				SDKROOT = auto;
				SUPPORTED_PLATFORMS = "iphoneos iphonesimulator macosx";
				SWIFT_EMIT_LOC_STRINGS = YES;
				SWIFT_VERSION = 5.0;
				TARGETED_DEVICE_FAMILY = "1,2";
			};
			name = Release;
		};
		84C5A2BB2BC40EEE00C25A0C /* Debug */ = {
			isa = XCBuildConfiguration;
			buildSettings = {
				ALWAYS_EMBED_SWIFT_STANDARD_LIBRARIES = YES;
				BUNDLE_LOADER = "$(TEST_HOST)";
				CODE_SIGN_STYLE = Automatic;
				CURRENT_PROJECT_VERSION = 1;
				DEVELOPMENT_TEAM = 476LPWUTHD;
				GENERATE_INFOPLIST_FILE = YES;
				IPHONEOS_DEPLOYMENT_TARGET = 17.2;
				MACOSX_DEPLOYMENT_TARGET = 14.2;
				MARKETING_VERSION = 1.0;
				PRODUCT_BUNDLE_IDENTIFIER = de.selch.businessToGoTests;
				PRODUCT_NAME = "$(TARGET_NAME)";
				SDKROOT = auto;
				SUPPORTED_PLATFORMS = "iphoneos iphonesimulator macosx";
				SWIFT_EMIT_LOC_STRINGS = NO;
				SWIFT_VERSION = 5.0;
				TARGETED_DEVICE_FAMILY = "1,2";
				TEST_HOST = "$(BUILT_PRODUCTS_DIR)/businessToGo.app/$(BUNDLE_EXECUTABLE_FOLDER_PATH)/businessToGo";
			};
			name = Debug;
		};
		84C5A2BC2BC40EEE00C25A0C /* Release */ = {
			isa = XCBuildConfiguration;
			buildSettings = {
				ALWAYS_EMBED_SWIFT_STANDARD_LIBRARIES = YES;
				BUNDLE_LOADER = "$(TEST_HOST)";
				CODE_SIGN_STYLE = Automatic;
				CURRENT_PROJECT_VERSION = 1;
				DEVELOPMENT_TEAM = 476LPWUTHD;
				GENERATE_INFOPLIST_FILE = YES;
				IPHONEOS_DEPLOYMENT_TARGET = 17.2;
				MACOSX_DEPLOYMENT_TARGET = 14.2;
				MARKETING_VERSION = 1.0;
				PRODUCT_BUNDLE_IDENTIFIER = de.selch.businessToGoTests;
				PRODUCT_NAME = "$(TARGET_NAME)";
				SDKROOT = auto;
				SUPPORTED_PLATFORMS = "iphoneos iphonesimulator macosx";
				SWIFT_EMIT_LOC_STRINGS = NO;
				SWIFT_VERSION = 5.0;
				TARGETED_DEVICE_FAMILY = "1,2";
				TEST_HOST = "$(BUILT_PRODUCTS_DIR)/businessToGo.app/$(BUNDLE_EXECUTABLE_FOLDER_PATH)/businessToGo";
			};
			name = Release;
		};
		84C5A2BE2BC40EEE00C25A0C /* Debug */ = {
			isa = XCBuildConfiguration;
			buildSettings = {
				ALWAYS_EMBED_SWIFT_STANDARD_LIBRARIES = YES;
				CODE_SIGN_STYLE = Automatic;
				CURRENT_PROJECT_VERSION = 1;
				DEVELOPMENT_TEAM = 476LPWUTHD;
				GENERATE_INFOPLIST_FILE = YES;
				IPHONEOS_DEPLOYMENT_TARGET = 17.2;
				MACOSX_DEPLOYMENT_TARGET = 14.2;
				MARKETING_VERSION = 1.0;
				PRODUCT_BUNDLE_IDENTIFIER = de.selch.businessToGoUITests;
				PRODUCT_NAME = "$(TARGET_NAME)";
				SDKROOT = auto;
				SUPPORTED_PLATFORMS = "iphoneos iphonesimulator macosx";
				SWIFT_EMIT_LOC_STRINGS = NO;
				SWIFT_VERSION = 5.0;
				TARGETED_DEVICE_FAMILY = "1,2";
				TEST_TARGET_NAME = businessToGo;
			};
			name = Debug;
		};
		84C5A2BF2BC40EEE00C25A0C /* Release */ = {
			isa = XCBuildConfiguration;
			buildSettings = {
				ALWAYS_EMBED_SWIFT_STANDARD_LIBRARIES = YES;
				CODE_SIGN_STYLE = Automatic;
				CURRENT_PROJECT_VERSION = 1;
				DEVELOPMENT_TEAM = 476LPWUTHD;
				GENERATE_INFOPLIST_FILE = YES;
				IPHONEOS_DEPLOYMENT_TARGET = 17.2;
				MACOSX_DEPLOYMENT_TARGET = 14.2;
				MARKETING_VERSION = 1.0;
				PRODUCT_BUNDLE_IDENTIFIER = de.selch.businessToGoUITests;
				PRODUCT_NAME = "$(TARGET_NAME)";
				SDKROOT = auto;
				SUPPORTED_PLATFORMS = "iphoneos iphonesimulator macosx";
				SWIFT_EMIT_LOC_STRINGS = NO;
				SWIFT_VERSION = 5.0;
				TARGETED_DEVICE_FAMILY = "1,2";
				TEST_TARGET_NAME = businessToGo;
			};
			name = Release;
		};
/* End XCBuildConfiguration section */

/* Begin XCConfigurationList section */
		84C5A28D2BC40EEC00C25A0C /* Build configuration list for PBXProject "businessToGo" */ = {
			isa = XCConfigurationList;
			buildConfigurations = (
				84C5A2B52BC40EEE00C25A0C /* Debug */,
				84C5A2B62BC40EEE00C25A0C /* Release */,
			);
			defaultConfigurationIsVisible = 0;
			defaultConfigurationName = Release;
		};
		84C5A2B72BC40EEE00C25A0C /* Build configuration list for PBXNativeTarget "businessToGo" */ = {
			isa = XCConfigurationList;
			buildConfigurations = (
				84C5A2B82BC40EEE00C25A0C /* Debug */,
				84C5A2B92BC40EEE00C25A0C /* Release */,
			);
			defaultConfigurationIsVisible = 0;
			defaultConfigurationName = Release;
		};
		84C5A2BA2BC40EEE00C25A0C /* Build configuration list for PBXNativeTarget "businessToGoTests" */ = {
			isa = XCConfigurationList;
			buildConfigurations = (
				84C5A2BB2BC40EEE00C25A0C /* Debug */,
				84C5A2BC2BC40EEE00C25A0C /* Release */,
			);
			defaultConfigurationIsVisible = 0;
			defaultConfigurationName = Release;
		};
		84C5A2BD2BC40EEE00C25A0C /* Build configuration list for PBXNativeTarget "businessToGoUITests" */ = {
			isa = XCConfigurationList;
			buildConfigurations = (
				84C5A2BE2BC40EEE00C25A0C /* Debug */,
				84C5A2BF2BC40EEE00C25A0C /* Release */,
			);
			defaultConfigurationIsVisible = 0;
			defaultConfigurationName = Release;
		};
/* End XCConfigurationList section */
	};
	rootObject = 84C5A28A2BC40EEC00C25A0C /* Project object */;
}
