// !$*UTF8*$!
{
	archiveVersion = 1;
	classes = {
	};
	objectVersion = 56;
	objects = {

/* Begin PBXBuildFile section */
		8405CBCC2C0E030500A73E8F /* TestKimaiReducer.swift in Sources */ = {isa = PBXBuildFile; fileRef = 8405CBCB2C0E030500A73E8F /* TestKimaiReducer.swift */; };
		8405CC5B2C0E5F5000A73E8F /* Intro in Frameworks */ = {isa = PBXBuildFile; productRef = 8405CC5A2C0E5F5000A73E8F /* Intro */; };
		8405DDD82C677592002B553B /* ChangeView.swift in Sources */ = {isa = PBXBuildFile; fileRef = 8405DDD72C677592002B553B /* ChangeView.swift */; };
		8405DDDA2C6778CD002B553B /* SelectProjectView.swift in Sources */ = {isa = PBXBuildFile; fileRef = 8405DDD92C6778CD002B553B /* SelectProjectView.swift */; };
		8405DDDD2C68A9CB002B553B /* OfflineSync in Frameworks */ = {isa = PBXBuildFile; productRef = 8405DDDC2C68A9CB002B553B /* OfflineSync */; };
		841840662BFD414F00EC9FDF /* AppContainer.swift in Sources */ = {isa = PBXBuildFile; fileRef = 841840652BFD414F00EC9FDF /* AppContainer.swift */; };
		841BDF542C660F18008E3B32 /* TodayItem.swift in Sources */ = {isa = PBXBuildFile; fileRef = 841BDF532C660F18008E3B32 /* TodayItem.swift */; };
		841BDF562C660F8B008E3B32 /* TodayView.swift in Sources */ = {isa = PBXBuildFile; fileRef = 841BDF552C660F8B008E3B32 /* TodayView.swift */; };
		841BDF5B2C66103A008E3B32 /* TodayContainer.swift in Sources */ = {isa = PBXBuildFile; fileRef = 841BDF5A2C66103A008E3B32 /* TodayContainer.swift */; };
		841BDF5D2C661076008E3B32 /* TodayComponent.swift in Sources */ = {isa = PBXBuildFile; fileRef = 841BDF5C2C661076008E3B32 /* TodayComponent.swift */; };
		842A9D8E2C60007200A133E9 /* ReportContainer.swift in Sources */ = {isa = PBXBuildFile; fileRef = 842A9D8D2C60007200A133E9 /* ReportContainer.swift */; };
		842A9D902C60008500A133E9 /* ReportComponent.swift in Sources */ = {isa = PBXBuildFile; fileRef = 842A9D8F2C60008500A133E9 /* ReportComponent.swift */; };
		842A9D942C60009F00A133E9 /* ReportType.swift in Sources */ = {isa = PBXBuildFile; fileRef = 842A9D932C60009F00A133E9 /* ReportType.swift */; };
		842A9D962C6000A500A133E9 /* WeekDay.swift in Sources */ = {isa = PBXBuildFile; fileRef = 842A9D952C6000A500A133E9 /* WeekDay.swift */; };
		842A9D992C6000E200A133E9 /* ReportHeaderDay.swift in Sources */ = {isa = PBXBuildFile; fileRef = 842A9D982C6000E200A133E9 /* ReportHeaderDay.swift */; };
		842A9D9B2C6000F100A133E9 /* ReportHeaderView.swift in Sources */ = {isa = PBXBuildFile; fileRef = 842A9D9A2C6000F100A133E9 /* ReportHeaderView.swift */; };
		842A9D9D2C60010100A133E9 /* ReportHeaderWeek.swift in Sources */ = {isa = PBXBuildFile; fileRef = 842A9D9C2C60010100A133E9 /* ReportHeaderWeek.swift */; };
		842A9D9F2C60011100A133E9 /* ReportHeaderWeeks.swift in Sources */ = {isa = PBXBuildFile; fileRef = 842A9D9E2C60011100A133E9 /* ReportHeaderWeeks.swift */; };
		842A9DA42C60044E00A133E9 /* ReportFeature.swift in Sources */ = {isa = PBXBuildFile; fileRef = 842A9DA32C60044E00A133E9 /* ReportFeature.swift */; };
		842A9DA62C600AC200A133E9 /* ReportCalendarView.swift in Sources */ = {isa = PBXBuildFile; fileRef = 842A9DA52C600AC200A133E9 /* ReportCalendarView.swift */; };
		842A9DA82C600AE100A133E9 /* ReportFilterProjectsView.swift in Sources */ = {isa = PBXBuildFile; fileRef = 842A9DA72C600AE100A133E9 /* ReportFilterProjectsView.swift */; };
		842A9DAB2C600AFC00A133E9 /* ReportFilterView.swift in Sources */ = {isa = PBXBuildFile; fileRef = 842A9DAA2C600AFC00A133E9 /* ReportFilterView.swift */; };
		842A9DAD2C600B1500A133E9 /* ReportSummaryView.swift in Sources */ = {isa = PBXBuildFile; fileRef = 842A9DAC2C600B1500A133E9 /* ReportSummaryView.swift */; };
		842A9DAF2C600B2200A133E9 /* ReportsView.swift in Sources */ = {isa = PBXBuildFile; fileRef = 842A9DAE2C600B2200A133E9 /* ReportsView.swift */; };
		84458AE32BC41A720041E40F /* AppFeature.swift in Sources */ = {isa = PBXBuildFile; fileRef = 84458AE22BC41A720041E40F /* AppFeature.swift */; };
		846421B82C1A43B30014694B /* LoginApp in Frameworks */ = {isa = PBXBuildFile; productRef = 846421B72C1A43B30014694B /* LoginApp */; };
		846421C02C1A4BFD0014694B /* AppArchitecture.png in Resources */ = {isa = PBXBuildFile; fileRef = 846421BF2C1A4BFD0014694B /* AppArchitecture.png */; };
		8472A3D92C01161A006726A1 /* PulseLogHandler in Frameworks */ = {isa = PBXBuildFile; productRef = 8472A3D82C01161A006726A1 /* PulseLogHandler */; };
		849224522C5D823F00E4ECFC /* SettingsContainer.swift in Sources */ = {isa = PBXBuildFile; fileRef = 849224512C5D823F00E4ECFC /* SettingsContainer.swift */; };
		849224542C5D848300E4ECFC /* SettingsComponent.swift in Sources */ = {isa = PBXBuildFile; fileRef = 849224532C5D848300E4ECFC /* SettingsComponent.swift */; };
		84977F7F2C029428003E83BA /* AppLauncher.swift in Sources */ = {isa = PBXBuildFile; fileRef = 84977F7E2C029428003E83BA /* AppLauncher.swift */; };
		849AB2432C66375800197D96 /* LoginContainer.swift in Sources */ = {isa = PBXBuildFile; fileRef = 849AB2422C66375800197D96 /* LoginContainer.swift */; };
		849AB2452C6638C200197D96 /* LoginComponent.swift in Sources */ = {isa = PBXBuildFile; fileRef = 849AB2442C6638C200197D96 /* LoginComponent.swift */; };
		849AB2482C66489D00197D96 /* Redux in Frameworks */ = {isa = PBXBuildFile; productRef = 849AB2472C66489D00197D96 /* Redux */; };
		849AB24A2C66489D00197D96 /* ReduxDebug in Frameworks */ = {isa = PBXBuildFile; productRef = 849AB2492C66489D00197D96 /* ReduxDebug */; };
		849AB24C2C66489D00197D96 /* ReduxTestStore in Frameworks */ = {isa = PBXBuildFile; productRef = 849AB24B2C66489D00197D96 /* ReduxTestStore */; };
		84A77E952C40299B002BF2A9 /* WidgetKit.framework in Frameworks */ = {isa = PBXBuildFile; fileRef = 84A77E942C40299B002BF2A9 /* WidgetKit.framework */; };
		84A77E972C40299B002BF2A9 /* SwiftUI.framework in Frameworks */ = {isa = PBXBuildFile; fileRef = 84A77E962C40299B002BF2A9 /* SwiftUI.framework */; };
		84A77E9A2C40299B002BF2A9 /* widgetBundle.swift in Sources */ = {isa = PBXBuildFile; fileRef = 84A77E992C40299B002BF2A9 /* widgetBundle.swift */; };
		84A77E9C2C40299B002BF2A9 /* widgetLiveActivity.swift in Sources */ = {isa = PBXBuildFile; fileRef = 84A77E9B2C40299B002BF2A9 /* widgetLiveActivity.swift */; };
		84A77E9E2C40299B002BF2A9 /* widget.swift in Sources */ = {isa = PBXBuildFile; fileRef = 84A77E9D2C40299B002BF2A9 /* widget.swift */; };
		84A77EA02C40299B002BF2A9 /* AppIntent.swift in Sources */ = {isa = PBXBuildFile; fileRef = 84A77E9F2C40299B002BF2A9 /* AppIntent.swift */; };
		84A77EA22C40299F002BF2A9 /* Assets.xcassets in Resources */ = {isa = PBXBuildFile; fileRef = 84A77EA12C40299F002BF2A9 /* Assets.xcassets */; };
		84A77EA62C40299F002BF2A9 /* widgetExtension.appex in Embed Foundation Extensions */ = {isa = PBXBuildFile; fileRef = 84A77E932C40299B002BF2A9 /* widgetExtension.appex */; settings = {ATTRIBUTES = (RemoveHeadersOnCopy, ); }; };
		84C5A2962BC40EEC00C25A0C /* businessToGoApp.swift in Sources */ = {isa = PBXBuildFile; fileRef = 84C5A2952BC40EEC00C25A0C /* businessToGoApp.swift */; };
		84C5A29A2BC40EEE00C25A0C /* Assets.xcassets in Resources */ = {isa = PBXBuildFile; fileRef = 84C5A2992BC40EEE00C25A0C /* Assets.xcassets */; };
		84C5A29E2BC40EEE00C25A0C /* Preview Assets.xcassets in Resources */ = {isa = PBXBuildFile; fileRef = 84C5A29D2BC40EEE00C25A0C /* Preview Assets.xcassets */; };
		84C5A2B22BC40EEE00C25A0C /* businessToGoUITests.swift in Sources */ = {isa = PBXBuildFile; fileRef = 84C5A2B12BC40EEE00C25A0C /* businessToGoUITests.swift */; };
		84C5A2B42BC40EEE00C25A0C /* businessToGoUITestsLaunchTests.swift in Sources */ = {isa = PBXBuildFile; fileRef = 84C5A2B32BC40EEE00C25A0C /* businessToGoUITestsLaunchTests.swift */; };
		84C8C2A72C5E6ED6007BF30B /* Debug in Resources */ = {isa = PBXBuildFile; fileRef = 84C8C2A62C5E6ED6007BF30B /* Debug */; };
		84C8C2A92C5E6F31007BF30B /* DebugApp in Frameworks */ = {isa = PBXBuildFile; productRef = 84C8C2A82C5E6F31007BF30B /* DebugApp */; };
		84C8C2AB2C5E719C007BF30B /* Integration in Resources */ = {isa = PBXBuildFile; fileRef = 84C8C2AA2C5E719C007BF30B /* Integration */; };
		84C8C2AD2C5E71B3007BF30B /* IntegrationApp in Frameworks */ = {isa = PBXBuildFile; productRef = 84C8C2AC2C5E71B3007BF30B /* IntegrationApp */; };
		84D7962D2C596E4D0083FEBA /* ReduxDebug in Frameworks */ = {isa = PBXBuildFile; productRef = 84D7962C2C596E4D0083FEBA /* ReduxDebug */; };
		84D7962F2C596E4D0083FEBA /* ReduxTestStore in Frameworks */ = {isa = PBXBuildFile; productRef = 84D7962E2C596E4D0083FEBA /* ReduxTestStore */; };
		84D7963E2C5990F70083FEBA /* ReduxDebug in Frameworks */ = {isa = PBXBuildFile; productRef = 84D7963D2C5990F70083FEBA /* ReduxDebug */; };
		84D796402C5990F70083FEBA /* ReduxTestStore in Frameworks */ = {isa = PBXBuildFile; productRef = 84D7963F2C5990F70083FEBA /* ReduxTestStore */; };
		84E20F832C5E8EEC0075FF81 /* ManagementContainer.swift in Sources */ = {isa = PBXBuildFile; fileRef = 84E20F822C5E8EEC0075FF81 /* ManagementContainer.swift */; };
		84E20F852C5E8EF80075FF81 /* ManagementComponent.swift in Sources */ = {isa = PBXBuildFile; fileRef = 84E20F842C5E8EF80075FF81 /* ManagementComponent.swift */; };
		84E20F872C5E95340075FF81 /* KimaiContainer.swift in Sources */ = {isa = PBXBuildFile; fileRef = 84E20F862C5E95340075FF81 /* KimaiContainer.swift */; };
		84E20F8B2C5E95560075FF81 /* KimaiComponent.swift in Sources */ = {isa = PBXBuildFile; fileRef = 84E20F8A2C5E95560075FF81 /* KimaiComponent.swift */; };
		84E20F922C5EA0D50075FF81 /* IntegrationsView.swift in Sources */ = {isa = PBXBuildFile; fileRef = 84E20F8D2C5EA0D40075FF81 /* IntegrationsView.swift */; };
		84E20F932C5EA0D50075FF81 /* DebugView.swift in Sources */ = {isa = PBXBuildFile; fileRef = 84E20F8E2C5EA0D40075FF81 /* DebugView.swift */; };
		84E20F942C5EA0D50075FF81 /* LogView.swift in Sources */ = {isa = PBXBuildFile; fileRef = 84E20F8F2C5EA0D50075FF81 /* LogView.swift */; };
		84E20F952C5EA0D50075FF81 /* IntegrationCard.swift in Sources */ = {isa = PBXBuildFile; fileRef = 84E20F902C5EA0D50075FF81 /* IntegrationCard.swift */; };
		84E20F962C5EA0D50075FF81 /* SettingsView.swift in Sources */ = {isa = PBXBuildFile; fileRef = 84E20F912C5EA0D50075FF81 /* SettingsView.swift */; };
		84E20F982C5EA1370075FF81 /* KimaiUI in Frameworks */ = {isa = PBXBuildFile; productRef = 84E20F972C5EA1370075FF81 /* KimaiUI */; };
		84E20F9A2C5EA1420075FF81 /* KimaiCore in Frameworks */ = {isa = PBXBuildFile; productRef = 84E20F992C5EA1420075FF81 /* KimaiCore */; };
		84E20F9C2C5EA1530075FF81 /* KimaiApp in Frameworks */ = {isa = PBXBuildFile; productRef = 84E20F9B2C5EA1530075FF81 /* KimaiApp */; };
		84E20FA02C5EA1720075FF81 /* PulseUI in Frameworks */ = {isa = PBXBuildFile; productRef = 84E20F9F2C5EA1720075FF81 /* PulseUI */; };
		84E20FA32C5EDC960075FF81 /* AssistantContainer.swift in Sources */ = {isa = PBXBuildFile; fileRef = 84E20FA22C5EDC960075FF81 /* AssistantContainer.swift */; };
		84E20FA52C5EDD030075FF81 /* AssistantComponent.swift in Sources */ = {isa = PBXBuildFile; fileRef = 84E20FA42C5EDD030075FF81 /* AssistantComponent.swift */; };
		84E20FA72C5EE1570075FF81 /* ManagementHeaderView.swift in Sources */ = {isa = PBXBuildFile; fileRef = 84E20FA62C5EE1570075FF81 /* ManagementHeaderView.swift */; };
		84F6AAAD2C693FE0003C4110 /* DashboardView.swift in Sources */ = {isa = PBXBuildFile; fileRef = 84F6AAAC2C693FE0003C4110 /* DashboardView.swift */; };
		84F827792C695550000D0254 /* ProjectsView.swift in Sources */ = {isa = PBXBuildFile; fileRef = 84F827782C695550000D0254 /* ProjectsView.swift */; };
		84F8277B2C69E76C000D0254 /* TimesheetView.swift in Sources */ = {isa = PBXBuildFile; fileRef = 84F8277A2C69E76C000D0254 /* TimesheetView.swift */; };
		84FC58582BC9559200594E14 /* AppHeader.swift in Sources */ = {isa = PBXBuildFile; fileRef = 84FC58572BC9559200594E14 /* AppHeader.swift */; };
		97E1737C2D063766003764FF /* MyRouter.swift in Sources */ = {isa = PBXBuildFile; fileRef = 97E1737B2D063766003764FF /* MyRouter.swift */; };
		97E1737F2D063B82003764FF /* Router in Frameworks */ = {isa = PBXBuildFile; productRef = 97E1737E2D063B82003764FF /* Router */; };
		97E173822D06D8EA003764FF /* Router in Frameworks */ = {isa = PBXBuildFile; productRef = 97E173812D06D8EA003764FF /* Router */; };
		97E173852D06DA8C003764FF /* Router in Frameworks */ = {isa = PBXBuildFile; productRef = 97E173842D06DA8C003764FF /* Router */; };
/* End PBXBuildFile section */

/* Begin PBXContainerItemProxy section */
		84A77EA42C40299F002BF2A9 /* PBXContainerItemProxy */ = {
			isa = PBXContainerItemProxy;
			containerPortal = 84C5A28A2BC40EEC00C25A0C /* Project object */;
			proxyType = 1;
			remoteGlobalIDString = 84A77E922C40299B002BF2A9;
			remoteInfo = widgetExtension;
		};
		84C5A2A42BC40EEE00C25A0C /* PBXContainerItemProxy */ = {
			isa = PBXContainerItemProxy;
			containerPortal = 84C5A28A2BC40EEC00C25A0C /* Project object */;
			proxyType = 1;
			remoteGlobalIDString = 84C5A2912BC40EEC00C25A0C;
			remoteInfo = businessToGo;
		};
		84C5A2AE2BC40EEE00C25A0C /* PBXContainerItemProxy */ = {
			isa = PBXContainerItemProxy;
			containerPortal = 84C5A28A2BC40EEC00C25A0C /* Project object */;
			proxyType = 1;
			remoteGlobalIDString = 84C5A2912BC40EEC00C25A0C;
			remoteInfo = businessToGo;
		};
/* End PBXContainerItemProxy section */

/* Begin PBXCopyFilesBuildPhase section */
		84A77EA72C40299F002BF2A9 /* Embed Foundation Extensions */ = {
			isa = PBXCopyFilesBuildPhase;
			buildActionMask = 2147483647;
			dstPath = "";
			dstSubfolderSpec = 13;
			files = (
				84A77EA62C40299F002BF2A9 /* widgetExtension.appex in Embed Foundation Extensions */,
			);
			name = "Embed Foundation Extensions";
			runOnlyForDeploymentPostprocessing = 0;
		};
/* End PBXCopyFilesBuildPhase section */

/* Begin PBXFileReference section */
		8405CBCB2C0E030500A73E8F /* TestKimaiReducer.swift */ = {isa = PBXFileReference; lastKnownFileType = sourcecode.swift; path = TestKimaiReducer.swift; sourceTree = "<group>"; };
		8405CC532C0E20E000A73E8F /* Login */ = {isa = PBXFileReference; lastKnownFileType = wrapper; path = Login; sourceTree = "<group>"; };
		8405CC562C0E590300A73E8F /* Intro */ = {isa = PBXFileReference; lastKnownFileType = wrapper; path = Intro; sourceTree = "<group>"; };
		8405DDD72C677592002B553B /* ChangeView.swift */ = {isa = PBXFileReference; lastKnownFileType = sourcecode.swift; path = ChangeView.swift; sourceTree = "<group>"; };
		8405DDD92C6778CD002B553B /* SelectProjectView.swift */ = {isa = PBXFileReference; lastKnownFileType = sourcecode.swift; path = SelectProjectView.swift; sourceTree = "<group>"; };
		841083CB2BFBDCE700332A6A /* Info.plist */ = {isa = PBXFileReference; lastKnownFileType = text.plist; path = Info.plist; sourceTree = "<group>"; };
		841840652BFD414F00EC9FDF /* AppContainer.swift */ = {isa = PBXFileReference; lastKnownFileType = sourcecode.swift; path = AppContainer.swift; sourceTree = "<group>"; };
		841BDF532C660F18008E3B32 /* TodayItem.swift */ = {isa = PBXFileReference; lastKnownFileType = sourcecode.swift; path = TodayItem.swift; sourceTree = "<group>"; };
		841BDF552C660F8B008E3B32 /* TodayView.swift */ = {isa = PBXFileReference; lastKnownFileType = sourcecode.swift; path = TodayView.swift; sourceTree = "<group>"; };
		841BDF5A2C66103A008E3B32 /* TodayContainer.swift */ = {isa = PBXFileReference; lastKnownFileType = sourcecode.swift; path = TodayContainer.swift; sourceTree = "<group>"; };
		841BDF5C2C661076008E3B32 /* TodayComponent.swift */ = {isa = PBXFileReference; lastKnownFileType = sourcecode.swift; path = TodayComponent.swift; sourceTree = "<group>"; };
		842A9D8D2C60007200A133E9 /* ReportContainer.swift */ = {isa = PBXFileReference; lastKnownFileType = sourcecode.swift; path = ReportContainer.swift; sourceTree = "<group>"; };
		842A9D8F2C60008500A133E9 /* ReportComponent.swift */ = {isa = PBXFileReference; lastKnownFileType = sourcecode.swift; path = ReportComponent.swift; sourceTree = "<group>"; };
		842A9D932C60009F00A133E9 /* ReportType.swift */ = {isa = PBXFileReference; lastKnownFileType = sourcecode.swift; path = ReportType.swift; sourceTree = "<group>"; };
		842A9D952C6000A500A133E9 /* WeekDay.swift */ = {isa = PBXFileReference; lastKnownFileType = sourcecode.swift; path = WeekDay.swift; sourceTree = "<group>"; };
		842A9D982C6000E200A133E9 /* ReportHeaderDay.swift */ = {isa = PBXFileReference; lastKnownFileType = sourcecode.swift; path = ReportHeaderDay.swift; sourceTree = "<group>"; };
		842A9D9A2C6000F100A133E9 /* ReportHeaderView.swift */ = {isa = PBXFileReference; lastKnownFileType = sourcecode.swift; path = ReportHeaderView.swift; sourceTree = "<group>"; };
		842A9D9C2C60010100A133E9 /* ReportHeaderWeek.swift */ = {isa = PBXFileReference; lastKnownFileType = sourcecode.swift; path = ReportHeaderWeek.swift; sourceTree = "<group>"; };
		842A9D9E2C60011100A133E9 /* ReportHeaderWeeks.swift */ = {isa = PBXFileReference; lastKnownFileType = sourcecode.swift; path = ReportHeaderWeeks.swift; sourceTree = "<group>"; };
		842A9DA32C60044E00A133E9 /* ReportFeature.swift */ = {isa = PBXFileReference; lastKnownFileType = sourcecode.swift; path = ReportFeature.swift; sourceTree = "<group>"; };
		842A9DA52C600AC200A133E9 /* ReportCalendarView.swift */ = {isa = PBXFileReference; lastKnownFileType = sourcecode.swift; path = ReportCalendarView.swift; sourceTree = "<group>"; };
		842A9DA72C600AE100A133E9 /* ReportFilterProjectsView.swift */ = {isa = PBXFileReference; lastKnownFileType = sourcecode.swift; path = ReportFilterProjectsView.swift; sourceTree = "<group>"; };
		842A9DAA2C600AFC00A133E9 /* ReportFilterView.swift */ = {isa = PBXFileReference; lastKnownFileType = sourcecode.swift; path = ReportFilterView.swift; sourceTree = "<group>"; };
		842A9DAC2C600B1500A133E9 /* ReportSummaryView.swift */ = {isa = PBXFileReference; lastKnownFileType = sourcecode.swift; path = ReportSummaryView.swift; sourceTree = "<group>"; };
		842A9DAE2C600B2200A133E9 /* ReportsView.swift */ = {isa = PBXFileReference; lastKnownFileType = sourcecode.swift; path = ReportsView.swift; sourceTree = "<group>"; };
		843EB61E2C1A40B600A6CF0C /* Common */ = {isa = PBXFileReference; lastKnownFileType = wrapper; path = Common; sourceTree = "<group>"; };
		84458AE22BC41A720041E40F /* AppFeature.swift */ = {isa = PBXFileReference; lastKnownFileType = sourcecode.swift; path = AppFeature.swift; sourceTree = "<group>"; };
		8453D9062C11B44A002E992C /* NetworkFoundation */ = {isa = PBXFileReference; lastKnownFileType = wrapper; path = NetworkFoundation; sourceTree = "<group>"; };
		846421B92C1A45210014694B /* Kimai */ = {isa = PBXFileReference; lastKnownFileType = wrapper; path = Kimai; sourceTree = "<group>"; };
		846421BD2C1A4BDC0014694B /* README.md */ = {isa = PBXFileReference; lastKnownFileType = net.daringfireball.markdown; path = README.md; sourceTree = "<group>"; };
		846421BF2C1A4BFD0014694B /* AppArchitecture.png */ = {isa = PBXFileReference; lastKnownFileType = image.png; path = AppArchitecture.png; sourceTree = "<group>"; };
		849224512C5D823F00E4ECFC /* SettingsContainer.swift */ = {isa = PBXFileReference; lastKnownFileType = sourcecode.swift; path = SettingsContainer.swift; sourceTree = "<group>"; };
		849224532C5D848300E4ECFC /* SettingsComponent.swift */ = {isa = PBXFileReference; lastKnownFileType = sourcecode.swift; path = SettingsComponent.swift; sourceTree = "<group>"; };
		84977F7E2C029428003E83BA /* AppLauncher.swift */ = {isa = PBXFileReference; lastKnownFileType = sourcecode.swift; path = AppLauncher.swift; sourceTree = "<group>"; };
		849AB2422C66375800197D96 /* LoginContainer.swift */ = {isa = PBXFileReference; lastKnownFileType = sourcecode.swift; path = LoginContainer.swift; sourceTree = "<group>"; };
		849AB2442C6638C200197D96 /* LoginComponent.swift */ = {isa = PBXFileReference; lastKnownFileType = sourcecode.swift; path = LoginComponent.swift; sourceTree = "<group>"; };
		84A77E932C40299B002BF2A9 /* widgetExtension.appex */ = {isa = PBXFileReference; explicitFileType = "wrapper.app-extension"; includeInIndex = 0; path = widgetExtension.appex; sourceTree = BUILT_PRODUCTS_DIR; };
		84A77E942C40299B002BF2A9 /* WidgetKit.framework */ = {isa = PBXFileReference; lastKnownFileType = wrapper.framework; name = WidgetKit.framework; path = System/Library/Frameworks/WidgetKit.framework; sourceTree = SDKROOT; };
		84A77E962C40299B002BF2A9 /* SwiftUI.framework */ = {isa = PBXFileReference; lastKnownFileType = wrapper.framework; name = SwiftUI.framework; path = System/Library/Frameworks/SwiftUI.framework; sourceTree = SDKROOT; };
		84A77E992C40299B002BF2A9 /* widgetBundle.swift */ = {isa = PBXFileReference; lastKnownFileType = sourcecode.swift; path = widgetBundle.swift; sourceTree = "<group>"; };
		84A77E9B2C40299B002BF2A9 /* widgetLiveActivity.swift */ = {isa = PBXFileReference; lastKnownFileType = sourcecode.swift; path = widgetLiveActivity.swift; sourceTree = "<group>"; };
		84A77E9D2C40299B002BF2A9 /* widget.swift */ = {isa = PBXFileReference; lastKnownFileType = sourcecode.swift; path = widget.swift; sourceTree = "<group>"; };
		84A77E9F2C40299B002BF2A9 /* AppIntent.swift */ = {isa = PBXFileReference; lastKnownFileType = sourcecode.swift; path = AppIntent.swift; sourceTree = "<group>"; };
		84A77EA12C40299F002BF2A9 /* Assets.xcassets */ = {isa = PBXFileReference; lastKnownFileType = folder.assetcatalog; path = Assets.xcassets; sourceTree = "<group>"; };
		84A77EA32C40299F002BF2A9 /* Info.plist */ = {isa = PBXFileReference; lastKnownFileType = text.plist.xml; path = Info.plist; sourceTree = "<group>"; };
		84A77EAB2C427C50002BF2A9 /* widgetExtension.entitlements */ = {isa = PBXFileReference; lastKnownFileType = text.plist.entitlements; path = widgetExtension.entitlements; sourceTree = "<group>"; };
		84C5A2922BC40EEC00C25A0C /* businessToGo.app */ = {isa = PBXFileReference; explicitFileType = wrapper.application; includeInIndex = 0; path = businessToGo.app; sourceTree = BUILT_PRODUCTS_DIR; };
		84C5A2952BC40EEC00C25A0C /* businessToGoApp.swift */ = {isa = PBXFileReference; lastKnownFileType = sourcecode.swift; path = businessToGoApp.swift; sourceTree = "<group>"; };
		84C5A2992BC40EEE00C25A0C /* Assets.xcassets */ = {isa = PBXFileReference; lastKnownFileType = folder.assetcatalog; path = Assets.xcassets; sourceTree = "<group>"; };
		84C5A29B2BC40EEE00C25A0C /* businessToGo.entitlements */ = {isa = PBXFileReference; lastKnownFileType = text.plist.entitlements; path = businessToGo.entitlements; sourceTree = "<group>"; };
		84C5A29D2BC40EEE00C25A0C /* Preview Assets.xcassets */ = {isa = PBXFileReference; lastKnownFileType = folder.assetcatalog; path = "Preview Assets.xcassets"; sourceTree = "<group>"; };
		84C5A2A32BC40EEE00C25A0C /* businessToGoTests.xctest */ = {isa = PBXFileReference; explicitFileType = wrapper.cfbundle; includeInIndex = 0; path = businessToGoTests.xctest; sourceTree = BUILT_PRODUCTS_DIR; };
		84C5A2AD2BC40EEE00C25A0C /* businessToGoUITests.xctest */ = {isa = PBXFileReference; explicitFileType = wrapper.cfbundle; includeInIndex = 0; path = businessToGoUITests.xctest; sourceTree = BUILT_PRODUCTS_DIR; };
		84C5A2B12BC40EEE00C25A0C /* businessToGoUITests.swift */ = {isa = PBXFileReference; lastKnownFileType = sourcecode.swift; path = businessToGoUITests.swift; sourceTree = "<group>"; };
		84C5A2B32BC40EEE00C25A0C /* businessToGoUITestsLaunchTests.swift */ = {isa = PBXFileReference; lastKnownFileType = sourcecode.swift; path = businessToGoUITestsLaunchTests.swift; sourceTree = "<group>"; };
		84C8C2A62C5E6ED6007BF30B /* Debug */ = {isa = PBXFileReference; lastKnownFileType = wrapper; path = Debug; sourceTree = "<group>"; };
		84C8C2AA2C5E719C007BF30B /* Integration */ = {isa = PBXFileReference; lastKnownFileType = wrapper; path = Integration; sourceTree = "<group>"; };
		84E20F822C5E8EEC0075FF81 /* ManagementContainer.swift */ = {isa = PBXFileReference; lastKnownFileType = sourcecode.swift; path = ManagementContainer.swift; sourceTree = "<group>"; };
		84E20F842C5E8EF80075FF81 /* ManagementComponent.swift */ = {isa = PBXFileReference; lastKnownFileType = sourcecode.swift; path = ManagementComponent.swift; sourceTree = "<group>"; };
		84E20F862C5E95340075FF81 /* KimaiContainer.swift */ = {isa = PBXFileReference; lastKnownFileType = sourcecode.swift; path = KimaiContainer.swift; sourceTree = "<group>"; };
		84E20F8A2C5E95560075FF81 /* KimaiComponent.swift */ = {isa = PBXFileReference; lastKnownFileType = sourcecode.swift; path = KimaiComponent.swift; sourceTree = "<group>"; };
		84E20F8D2C5EA0D40075FF81 /* IntegrationsView.swift */ = {isa = PBXFileReference; fileEncoding = 4; lastKnownFileType = sourcecode.swift; path = IntegrationsView.swift; sourceTree = "<group>"; };
		84E20F8E2C5EA0D40075FF81 /* DebugView.swift */ = {isa = PBXFileReference; fileEncoding = 4; lastKnownFileType = sourcecode.swift; path = DebugView.swift; sourceTree = "<group>"; };
		84E20F8F2C5EA0D50075FF81 /* LogView.swift */ = {isa = PBXFileReference; fileEncoding = 4; lastKnownFileType = sourcecode.swift; path = LogView.swift; sourceTree = "<group>"; };
		84E20F902C5EA0D50075FF81 /* IntegrationCard.swift */ = {isa = PBXFileReference; fileEncoding = 4; lastKnownFileType = sourcecode.swift; path = IntegrationCard.swift; sourceTree = "<group>"; };
		84E20F912C5EA0D50075FF81 /* SettingsView.swift */ = {isa = PBXFileReference; fileEncoding = 4; lastKnownFileType = sourcecode.swift; path = SettingsView.swift; sourceTree = "<group>"; };
		84E20FA22C5EDC960075FF81 /* AssistantContainer.swift */ = {isa = PBXFileReference; fileEncoding = 4; lastKnownFileType = sourcecode.swift; path = AssistantContainer.swift; sourceTree = "<group>"; };
		84E20FA42C5EDD030075FF81 /* AssistantComponent.swift */ = {isa = PBXFileReference; lastKnownFileType = sourcecode.swift; path = AssistantComponent.swift; sourceTree = "<group>"; };
		84E20FA62C5EE1570075FF81 /* ManagementHeaderView.swift */ = {isa = PBXFileReference; lastKnownFileType = sourcecode.swift; path = ManagementHeaderView.swift; sourceTree = "<group>"; };
		84F6AAAC2C693FE0003C4110 /* DashboardView.swift */ = {isa = PBXFileReference; lastKnownFileType = sourcecode.swift; path = DashboardView.swift; sourceTree = "<group>"; };
		84F827782C695550000D0254 /* ProjectsView.swift */ = {isa = PBXFileReference; lastKnownFileType = sourcecode.swift; path = ProjectsView.swift; sourceTree = "<group>"; };
		84F8277A2C69E76C000D0254 /* TimesheetView.swift */ = {isa = PBXFileReference; lastKnownFileType = sourcecode.swift; path = TimesheetView.swift; sourceTree = "<group>"; };
		84FC58572BC9559200594E14 /* AppHeader.swift */ = {isa = PBXFileReference; lastKnownFileType = sourcecode.swift; path = AppHeader.swift; sourceTree = "<group>"; };
		97E1737B2D063766003764FF /* MyRouter.swift */ = {isa = PBXFileReference; lastKnownFileType = sourcecode.swift; path = MyRouter.swift; sourceTree = "<group>"; };
/* End PBXFileReference section */

/* Begin PBXFrameworksBuildPhase section */
		84A77E902C40299B002BF2A9 /* Frameworks */ = {
			isa = PBXFrameworksBuildPhase;
			buildActionMask = 2147483647;
			files = (
				84A77E972C40299B002BF2A9 /* SwiftUI.framework in Frameworks */,
				84A77E952C40299B002BF2A9 /* WidgetKit.framework in Frameworks */,
			);
			runOnlyForDeploymentPostprocessing = 0;
		};
		84C5A28F2BC40EEC00C25A0C /* Frameworks */ = {
			isa = PBXFrameworksBuildPhase;
			buildActionMask = 2147483647;
			files = (
				84E20F982C5EA1370075FF81 /* KimaiUI in Frameworks */,
				84C8C2AD2C5E71B3007BF30B /* IntegrationApp in Frameworks */,
				84D7963E2C5990F70083FEBA /* ReduxDebug in Frameworks */,
				849AB24A2C66489D00197D96 /* ReduxDebug in Frameworks */,
				846421B82C1A43B30014694B /* LoginApp in Frameworks */,
				84C8C2A92C5E6F31007BF30B /* DebugApp in Frameworks */,
				84E20FA02C5EA1720075FF81 /* PulseUI in Frameworks */,
				97E173852D06DA8C003764FF /* Router in Frameworks */,
				97E1737F2D063B82003764FF /* Router in Frameworks */,
				84E20F9A2C5EA1420075FF81 /* KimaiCore in Frameworks */,
				8405DDDD2C68A9CB002B553B /* OfflineSync in Frameworks */,
				97E173822D06D8EA003764FF /* Router in Frameworks */,
				84E20F9C2C5EA1530075FF81 /* KimaiApp in Frameworks */,
				849AB2482C66489D00197D96 /* Redux in Frameworks */,
				8405CC5B2C0E5F5000A73E8F /* Intro in Frameworks */,
				8472A3D92C01161A006726A1 /* PulseLogHandler in Frameworks */,
			);
			runOnlyForDeploymentPostprocessing = 0;
		};
		84C5A2A02BC40EEE00C25A0C /* Frameworks */ = {
			isa = PBXFrameworksBuildPhase;
			buildActionMask = 2147483647;
			files = (
				84D7962D2C596E4D0083FEBA /* ReduxDebug in Frameworks */,
				84D7962F2C596E4D0083FEBA /* ReduxTestStore in Frameworks */,
				84D796402C5990F70083FEBA /* ReduxTestStore in Frameworks */,
				849AB24C2C66489D00197D96 /* ReduxTestStore in Frameworks */,
			);
			runOnlyForDeploymentPostprocessing = 0;
		};
		84C5A2AA2BC40EEE00C25A0C /* Frameworks */ = {
			isa = PBXFrameworksBuildPhase;
			buildActionMask = 2147483647;
			files = (
			);
			runOnlyForDeploymentPostprocessing = 0;
		};
/* End PBXFrameworksBuildPhase section */

/* Begin PBXGroup section */
		8405CBC92C0E02D700A73E8F /* Management */ = {
			isa = PBXGroup;
			children = (
				8405CBCA2C0E02DF00A73E8F /* Kimai */,
			);
			path = Management;
			sourceTree = "<group>";
		};
		8405CBCA2C0E02DF00A73E8F /* Kimai */ = {
			isa = PBXGroup;
			children = (
				8405CBCB2C0E030500A73E8F /* TestKimaiReducer.swift */,
			);
			path = Kimai;
			sourceTree = "<group>";
		};
		8405CC4D2C0E120400A73E8F /* Modules */ = {
			isa = PBXGroup;
			children = (
				846421B92C1A45210014694B /* Kimai */,
				8405CC562C0E590300A73E8F /* Intro */,
				8405CC532C0E20E000A73E8F /* Login */,
				84C8C2A62C5E6ED6007BF30B /* Debug */,
				84C8C2AA2C5E719C007BF30B /* Integration */,
			);
			path = Modules;
			sourceTree = "<group>";
		};
		841840642BFD412E00EC9FDF /* Views */ = {
			isa = PBXGroup;
			children = (
				84FC58572BC9559200594E14 /* AppHeader.swift */,
			);
			path = Views;
			sourceTree = "<group>";
		};
		841BDF512C660EE5008E3B32 /* Today */ = {
			isa = PBXGroup;
			children = (
				841BDF572C660FE6008E3B32 /* Domain */,
				841BDF522C660EF2008E3B32 /* UI */,
			);
			path = Today;
			sourceTree = "<group>";
		};
		841BDF522C660EF2008E3B32 /* UI */ = {
			isa = PBXGroup;
			children = (
				841BDF552C660F8B008E3B32 /* TodayView.swift */,
				84F827782C695550000D0254 /* ProjectsView.swift */,
				84F8277A2C69E76C000D0254 /* TimesheetView.swift */,
				84F6AAAC2C693FE0003C4110 /* DashboardView.swift */,
				841BDF532C660F18008E3B32 /* TodayItem.swift */,
				8405DDD72C677592002B553B /* ChangeView.swift */,
				8405DDD92C6778CD002B553B /* SelectProjectView.swift */,
			);
			path = UI;
			sourceTree = "<group>";
		};
		841BDF572C660FE6008E3B32 /* Domain */ = {
			isa = PBXGroup;
			children = (
				841BDF5C2C661076008E3B32 /* TodayComponent.swift */,
				841BDF5A2C66103A008E3B32 /* TodayContainer.swift */,
			);
			path = Domain;
			sourceTree = "<group>";
		};
		842A9D7E2C5FEFF000A133E9 /* UI */ = {
			isa = PBXGroup;
			children = (
				84E20FA62C5EE1570075FF81 /* ManagementHeaderView.swift */,
			);
			path = UI;
			sourceTree = "<group>";
		};
		842A9D7F2C5FEFF400A133E9 /* Domain */ = {
			isa = PBXGroup;
			children = (
				84E20F822C5E8EEC0075FF81 /* ManagementContainer.swift */,
				84E20F842C5E8EF80075FF81 /* ManagementComponent.swift */,
			);
			path = Domain;
			sourceTree = "<group>";
		};
		842A9D802C5FF00800A133E9 /* Domain */ = {
			isa = PBXGroup;
			children = (
				849224512C5D823F00E4ECFC /* SettingsContainer.swift */,
				849224532C5D848300E4ECFC /* SettingsComponent.swift */,
			);
			path = Domain;
			sourceTree = "<group>";
		};
		842A9D892C60004E00A133E9 /* Report */ = {
			isa = PBXGroup;
			children = (
				842A9D8A2C60005400A133E9 /* Domain */,
				842A9D8C2C60005E00A133E9 /* Core */,
				842A9D8B2C60005800A133E9 /* UI */,
			);
			path = Report;
			sourceTree = "<group>";
		};
		842A9D8A2C60005400A133E9 /* Domain */ = {
			isa = PBXGroup;
			children = (
				842A9D8D2C60007200A133E9 /* ReportContainer.swift */,
				842A9D8F2C60008500A133E9 /* ReportComponent.swift */,
				842A9DA32C60044E00A133E9 /* ReportFeature.swift */,
			);
			path = Domain;
			sourceTree = "<group>";
		};
		842A9D8B2C60005800A133E9 /* UI */ = {
			isa = PBXGroup;
			children = (
				842A9DA92C600AEE00A133E9 /* Filter */,
				842A9D972C6000D500A133E9 /* Header */,
				842A9DA52C600AC200A133E9 /* ReportCalendarView.swift */,
				842A9DAC2C600B1500A133E9 /* ReportSummaryView.swift */,
				842A9DAE2C600B2200A133E9 /* ReportsView.swift */,
			);
			path = UI;
			sourceTree = "<group>";
		};
		842A9D8C2C60005E00A133E9 /* Core */ = {
			isa = PBXGroup;
			children = (
				842A9D932C60009F00A133E9 /* ReportType.swift */,
				842A9D952C6000A500A133E9 /* WeekDay.swift */,
			);
			path = Core;
			sourceTree = "<group>";
		};
		842A9D972C6000D500A133E9 /* Header */ = {
			isa = PBXGroup;
			children = (
				842A9D9A2C6000F100A133E9 /* ReportHeaderView.swift */,
				842A9D982C6000E200A133E9 /* ReportHeaderDay.swift */,
				842A9D9C2C60010100A133E9 /* ReportHeaderWeek.swift */,
				842A9D9E2C60011100A133E9 /* ReportHeaderWeeks.swift */,
			);
			path = Header;
			sourceTree = "<group>";
		};
		842A9DA92C600AEE00A133E9 /* Filter */ = {
			isa = PBXGroup;
			children = (
				842A9DAA2C600AFC00A133E9 /* ReportFilterView.swift */,
				842A9DA72C600AE100A133E9 /* ReportFilterProjectsView.swift */,
			);
			path = Filter;
			sourceTree = "<group>";
		};
		8453D9032C11B10B002E992C /* Foundation */ = {
			isa = PBXGroup;
			children = (
				8453D9062C11B44A002E992C /* NetworkFoundation */,
			);
			path = Foundation;
			sourceTree = "<group>";
		};
		846421BE2C1A4BEA0014694B /* Doc */ = {
			isa = PBXGroup;
			children = (
				846421BF2C1A4BFD0014694B /* AppArchitecture.png */,
			);
			path = Doc;
			sourceTree = "<group>";
		};
		846421C12C1A4F6C0014694B /* Frameworks */ = {
			isa = PBXGroup;
			children = (
				84A77E942C40299B002BF2A9 /* WidgetKit.framework */,
				84A77E962C40299B002BF2A9 /* SwiftUI.framework */,
			);
			name = Frameworks;
			sourceTree = "<group>";
		};
		8492244F2C5D821400E4ECFC /* Components */ = {
			isa = PBXGroup;
			children = (
				849AB23F2C66373600197D96 /* Login */,
				841BDF512C660EE5008E3B32 /* Today */,
				842A9D892C60004E00A133E9 /* Report */,
				84E20F882C5E95450075FF81 /* Kimai */,
				84E20F892C5E954B0075FF81 /* Taiga */,
				84E20FA12C5EDC8E0075FF81 /* Assistant */,
				84E20F812C5E8EDE0075FF81 /* Management */,
				849224502C5D823700E4ECFC /* Settings */,
			);
			path = Components;
			sourceTree = "<group>";
		};
		849224502C5D823700E4ECFC /* Settings */ = {
			isa = PBXGroup;
			children = (
				842A9D802C5FF00800A133E9 /* Domain */,
				84E20F8C2C5EA0C10075FF81 /* UI */,
			);
			path = Settings;
			sourceTree = "<group>";
		};
		849AB23F2C66373600197D96 /* Login */ = {
			isa = PBXGroup;
			children = (
				849AB2422C66375800197D96 /* LoginContainer.swift */,
				849AB2442C6638C200197D96 /* LoginComponent.swift */,
			);
			path = Login;
			sourceTree = "<group>";
		};
		84A77E982C40299B002BF2A9 /* widget */ = {
			isa = PBXGroup;
			children = (
				84A77E992C40299B002BF2A9 /* widgetBundle.swift */,
				84A77E9B2C40299B002BF2A9 /* widgetLiveActivity.swift */,
				84A77E9D2C40299B002BF2A9 /* widget.swift */,
				84A77E9F2C40299B002BF2A9 /* AppIntent.swift */,
				84A77EA12C40299F002BF2A9 /* Assets.xcassets */,
				84A77EA32C40299F002BF2A9 /* Info.plist */,
			);
			path = widget;
			sourceTree = "<group>";
		};
		84C5A2892BC40EEC00C25A0C = {
			isa = PBXGroup;
			children = (
				84A77EAB2C427C50002BF2A9 /* widgetExtension.entitlements */,
				846421BD2C1A4BDC0014694B /* README.md */,
				846421BE2C1A4BEA0014694B /* Doc */,
				843EB61E2C1A40B600A6CF0C /* Common */,
				8453D9032C11B10B002E992C /* Foundation */,
				8492244F2C5D821400E4ECFC /* Components */,
				8405CC4D2C0E120400A73E8F /* Modules */,
				84C5A2942BC40EEC00C25A0C /* businessToGo */,
				84C5A2A62BC40EEE00C25A0C /* businessToGoTests */,
				84C5A2B02BC40EEE00C25A0C /* businessToGoUITests */,
				84A77E982C40299B002BF2A9 /* widget */,
				84C5A2932BC40EEC00C25A0C /* Products */,
				846421C12C1A4F6C0014694B /* Frameworks */,
			);
			sourceTree = "<group>";
		};
		84C5A2932BC40EEC00C25A0C /* Products */ = {
			isa = PBXGroup;
			children = (
				84C5A2922BC40EEC00C25A0C /* businessToGo.app */,
				84C5A2A32BC40EEE00C25A0C /* businessToGoTests.xctest */,
				84C5A2AD2BC40EEE00C25A0C /* businessToGoUITests.xctest */,
				84A77E932C40299B002BF2A9 /* widgetExtension.appex */,
			);
			name = Products;
			sourceTree = "<group>";
		};
		84C5A2942BC40EEC00C25A0C /* businessToGo */ = {
			isa = PBXGroup;
			children = (
				841083CB2BFBDCE700332A6A /* Info.plist */,
				84C5A2C02BC40F4A00C25A0C /* App */,
				84C5A2952BC40EEC00C25A0C /* businessToGoApp.swift */,
				84977F7E2C029428003E83BA /* AppLauncher.swift */,
				84C5A2992BC40EEE00C25A0C /* Assets.xcassets */,
				84C5A29B2BC40EEE00C25A0C /* businessToGo.entitlements */,
				84C5A29C2BC40EEE00C25A0C /* Preview Content */,
			);
			path = businessToGo;
			sourceTree = "<group>";
		};
		84C5A29C2BC40EEE00C25A0C /* Preview Content */ = {
			isa = PBXGroup;
			children = (
				84C5A29D2BC40EEE00C25A0C /* Preview Assets.xcassets */,
			);
			path = "Preview Content";
			sourceTree = "<group>";
		};
		84C5A2A62BC40EEE00C25A0C /* businessToGoTests */ = {
			isa = PBXGroup;
			children = (
				8405CBC92C0E02D700A73E8F /* Management */,
			);
			path = businessToGoTests;
			sourceTree = "<group>";
		};
		84C5A2B02BC40EEE00C25A0C /* businessToGoUITests */ = {
			isa = PBXGroup;
			children = (
				84C5A2B12BC40EEE00C25A0C /* businessToGoUITests.swift */,
				84C5A2B32BC40EEE00C25A0C /* businessToGoUITestsLaunchTests.swift */,
			);
			path = businessToGoUITests;
			sourceTree = "<group>";
		};
		84C5A2C02BC40F4A00C25A0C /* App */ = {
			isa = PBXGroup;
			children = (
				97E1737B2D063766003764FF /* MyRouter.swift */,
				84458AE22BC41A720041E40F /* AppFeature.swift */,
				841840652BFD414F00EC9FDF /* AppContainer.swift */,
				841840642BFD412E00EC9FDF /* Views */,
			);
			path = App;
			sourceTree = "<group>";
		};
		84E20F812C5E8EDE0075FF81 /* Management */ = {
			isa = PBXGroup;
			children = (
				842A9D7F2C5FEFF400A133E9 /* Domain */,
				842A9D7E2C5FEFF000A133E9 /* UI */,
			);
			path = Management;
			sourceTree = "<group>";
		};
		84E20F882C5E95450075FF81 /* Kimai */ = {
			isa = PBXGroup;
			children = (
				84E20F862C5E95340075FF81 /* KimaiContainer.swift */,
				84E20F8A2C5E95560075FF81 /* KimaiComponent.swift */,
			);
			path = Kimai;
			sourceTree = "<group>";
		};
		84E20F892C5E954B0075FF81 /* Taiga */ = {
			isa = PBXGroup;
			children = (
			);
			path = Taiga;
			sourceTree = "<group>";
		};
		84E20F8C2C5EA0C10075FF81 /* UI */ = {
			isa = PBXGroup;
			children = (
				84E20F8E2C5EA0D40075FF81 /* DebugView.swift */,
				84E20F902C5EA0D50075FF81 /* IntegrationCard.swift */,
				84E20F8D2C5EA0D40075FF81 /* IntegrationsView.swift */,
				84E20F8F2C5EA0D50075FF81 /* LogView.swift */,
				84E20F912C5EA0D50075FF81 /* SettingsView.swift */,
			);
			path = UI;
			sourceTree = "<group>";
		};
		84E20FA12C5EDC8E0075FF81 /* Assistant */ = {
			isa = PBXGroup;
			children = (
				84E20FA22C5EDC960075FF81 /* AssistantContainer.swift */,
				84E20FA42C5EDD030075FF81 /* AssistantComponent.swift */,
			);
			path = Assistant;
			sourceTree = "<group>";
		};
/* End PBXGroup section */

/* Begin PBXNativeTarget section */
		84A77E922C40299B002BF2A9 /* widgetExtension */ = {
			isa = PBXNativeTarget;
			buildConfigurationList = 84A77EAA2C40299F002BF2A9 /* Build configuration list for PBXNativeTarget "widgetExtension" */;
			buildPhases = (
				84A77E8F2C40299B002BF2A9 /* Sources */,
				84A77E902C40299B002BF2A9 /* Frameworks */,
				84A77E912C40299B002BF2A9 /* Resources */,
			);
			buildRules = (
			);
			dependencies = (
			);
			name = widgetExtension;
			productName = widgetExtension;
			productReference = 84A77E932C40299B002BF2A9 /* widgetExtension.appex */;
			productType = "com.apple.product-type.app-extension";
		};
		84C5A2912BC40EEC00C25A0C /* businessToGo */ = {
			isa = PBXNativeTarget;
			buildConfigurationList = 84C5A2B72BC40EEE00C25A0C /* Build configuration list for PBXNativeTarget "businessToGo" */;
			buildPhases = (
				84C5A28E2BC40EEC00C25A0C /* Sources */,
				84C5A28F2BC40EEC00C25A0C /* Frameworks */,
				84C5A2902BC40EEC00C25A0C /* Resources */,
				84A77EA72C40299F002BF2A9 /* Embed Foundation Extensions */,
			);
			buildRules = (
			);
			dependencies = (
				84A77EA52C40299F002BF2A9 /* PBXTargetDependency */,
			);
			name = businessToGo;
			packageProductDependencies = (
				8472A3D82C01161A006726A1 /* PulseLogHandler */,
				8405CC5A2C0E5F5000A73E8F /* Intro */,
				846421B72C1A43B30014694B /* LoginApp */,
				84D7963D2C5990F70083FEBA /* ReduxDebug */,
				84C8C2A82C5E6F31007BF30B /* DebugApp */,
				84C8C2AC2C5E71B3007BF30B /* IntegrationApp */,
				84E20F972C5EA1370075FF81 /* KimaiUI */,
				84E20F992C5EA1420075FF81 /* KimaiCore */,
				84E20F9B2C5EA1530075FF81 /* KimaiApp */,
				84E20F9F2C5EA1720075FF81 /* PulseUI */,
				849AB2472C66489D00197D96 /* Redux */,
				849AB2492C66489D00197D96 /* ReduxDebug */,
				8405DDDC2C68A9CB002B553B /* OfflineSync */,
				97E1737E2D063B82003764FF /* Router */,
				97E173812D06D8EA003764FF /* Router */,
				97E173842D06DA8C003764FF /* Router */,
			);
			productName = businessToGo;
			productReference = 84C5A2922BC40EEC00C25A0C /* businessToGo.app */;
			productType = "com.apple.product-type.application";
		};
		84C5A2A22BC40EEE00C25A0C /* businessToGoTests */ = {
			isa = PBXNativeTarget;
			buildConfigurationList = 84C5A2BA2BC40EEE00C25A0C /* Build configuration list for PBXNativeTarget "businessToGoTests" */;
			buildPhases = (
				84C5A29F2BC40EEE00C25A0C /* Sources */,
				84C5A2A02BC40EEE00C25A0C /* Frameworks */,
				84C5A2A12BC40EEE00C25A0C /* Resources */,
			);
			buildRules = (
			);
			dependencies = (
				84C5A2A52BC40EEE00C25A0C /* PBXTargetDependency */,
			);
			name = businessToGoTests;
			packageProductDependencies = (
				84D7962C2C596E4D0083FEBA /* ReduxDebug */,
				84D7962E2C596E4D0083FEBA /* ReduxTestStore */,
				84D7963F2C5990F70083FEBA /* ReduxTestStore */,
				849AB24B2C66489D00197D96 /* ReduxTestStore */,
			);
			productName = businessToGoTests;
			productReference = 84C5A2A32BC40EEE00C25A0C /* businessToGoTests.xctest */;
			productType = "com.apple.product-type.bundle.unit-test";
		};
		84C5A2AC2BC40EEE00C25A0C /* businessToGoUITests */ = {
			isa = PBXNativeTarget;
			buildConfigurationList = 84C5A2BD2BC40EEE00C25A0C /* Build configuration list for PBXNativeTarget "businessToGoUITests" */;
			buildPhases = (
				84C5A2A92BC40EEE00C25A0C /* Sources */,
				84C5A2AA2BC40EEE00C25A0C /* Frameworks */,
				84C5A2AB2BC40EEE00C25A0C /* Resources */,
			);
			buildRules = (
			);
			dependencies = (
				84C5A2AF2BC40EEE00C25A0C /* PBXTargetDependency */,
			);
			name = businessToGoUITests;
			productName = businessToGoUITests;
			productReference = 84C5A2AD2BC40EEE00C25A0C /* businessToGoUITests.xctest */;
			productType = "com.apple.product-type.bundle.ui-testing";
		};
/* End PBXNativeTarget section */

/* Begin PBXProject section */
		84C5A28A2BC40EEC00C25A0C /* Project object */ = {
			isa = PBXProject;
			attributes = {
				BuildIndependentTargetsInParallel = 1;
				LastSwiftUpdateCheck = 1540;
				LastUpgradeCheck = 1510;
				TargetAttributes = {
					84A77E922C40299B002BF2A9 = {
						CreatedOnToolsVersion = 15.4;
					};
					84C5A2912BC40EEC00C25A0C = {
						CreatedOnToolsVersion = 15.1;
					};
					84C5A2A22BC40EEE00C25A0C = {
						CreatedOnToolsVersion = 15.1;
						LastSwiftMigration = 1510;
						TestTargetID = 84C5A2912BC40EEC00C25A0C;
					};
					84C5A2AC2BC40EEE00C25A0C = {
						CreatedOnToolsVersion = 15.1;
						TestTargetID = 84C5A2912BC40EEC00C25A0C;
					};
				};
			};
			buildConfigurationList = 84C5A28D2BC40EEC00C25A0C /* Build configuration list for PBXProject "businessToGo" */;
			compatibilityVersion = "Xcode 14.0";
			developmentRegion = en;
			hasScannedForEncodings = 0;
			knownRegions = (
				en,
				Base,
			);
			mainGroup = 84C5A2892BC40EEC00C25A0C;
			packageReferences = (
				8472A3D72C01161A006726A1 /* XCRemoteSwiftPackageReference "PulseLogHandler" */,
				845F00872C0F1C470007FAA7 /* XCRemoteSwiftPackageReference "Pulse" */,
				97E173832D06DA8C003764FF /* XCRemoteSwiftPackageReference "Router" */,
			);
			productRefGroup = 84C5A2932BC40EEC00C25A0C /* Products */;
			projectDirPath = "";
			projectRoot = "";
			targets = (
				84C5A2912BC40EEC00C25A0C /* businessToGo */,
				84C5A2A22BC40EEE00C25A0C /* businessToGoTests */,
				84C5A2AC2BC40EEE00C25A0C /* businessToGoUITests */,
				84A77E922C40299B002BF2A9 /* widgetExtension */,
			);
		};
/* End PBXProject section */

/* Begin PBXResourcesBuildPhase section */
		84A77E912C40299B002BF2A9 /* Resources */ = {
			isa = PBXResourcesBuildPhase;
			buildActionMask = 2147483647;
			files = (
				84A77EA22C40299F002BF2A9 /* Assets.xcassets in Resources */,
			);
			runOnlyForDeploymentPostprocessing = 0;
		};
		84C5A2902BC40EEC00C25A0C /* Resources */ = {
			isa = PBXResourcesBuildPhase;
			buildActionMask = 2147483647;
			files = (
				84C8C2A72C5E6ED6007BF30B /* Debug in Resources */,
				846421C02C1A4BFD0014694B /* AppArchitecture.png in Resources */,
				84C5A29E2BC40EEE00C25A0C /* Preview Assets.xcassets in Resources */,
				84C8C2AB2C5E719C007BF30B /* Integration in Resources */,
				84C5A29A2BC40EEE00C25A0C /* Assets.xcassets in Resources */,
			);
			runOnlyForDeploymentPostprocessing = 0;
		};
		84C5A2A12BC40EEE00C25A0C /* Resources */ = {
			isa = PBXResourcesBuildPhase;
			buildActionMask = 2147483647;
			files = (
			);
			runOnlyForDeploymentPostprocessing = 0;
		};
		84C5A2AB2BC40EEE00C25A0C /* Resources */ = {
			isa = PBXResourcesBuildPhase;
			buildActionMask = 2147483647;
			files = (
			);
			runOnlyForDeploymentPostprocessing = 0;
		};
/* End PBXResourcesBuildPhase section */

/* Begin PBXSourcesBuildPhase section */
		84A77E8F2C40299B002BF2A9 /* Sources */ = {
			isa = PBXSourcesBuildPhase;
			buildActionMask = 2147483647;
			files = (
				84A77E9E2C40299B002BF2A9 /* widget.swift in Sources */,
				84A77EA02C40299B002BF2A9 /* AppIntent.swift in Sources */,
				84A77E9C2C40299B002BF2A9 /* widgetLiveActivity.swift in Sources */,
				84A77E9A2C40299B002BF2A9 /* widgetBundle.swift in Sources */,
			);
			runOnlyForDeploymentPostprocessing = 0;
		};
		84C5A28E2BC40EEC00C25A0C /* Sources */ = {
			isa = PBXSourcesBuildPhase;
			buildActionMask = 2147483647;
			files = (
				84FC58582BC9559200594E14 /* AppHeader.swift in Sources */,
				84F6AAAD2C693FE0003C4110 /* DashboardView.swift in Sources */,
				84E20FA52C5EDD030075FF81 /* AssistantComponent.swift in Sources */,
				842A9D9D2C60010100A133E9 /* ReportHeaderWeek.swift in Sources */,
				841840662BFD414F00EC9FDF /* AppContainer.swift in Sources */,
				842A9DA82C600AE100A133E9 /* ReportFilterProjectsView.swift in Sources */,
				849AB2452C6638C200197D96 /* LoginComponent.swift in Sources */,
				842A9DAD2C600B1500A133E9 /* ReportSummaryView.swift in Sources */,
				842A9D9F2C60011100A133E9 /* ReportHeaderWeeks.swift in Sources */,
				841BDF5B2C66103A008E3B32 /* TodayContainer.swift in Sources */,
				842A9DAF2C600B2200A133E9 /* ReportsView.swift in Sources */,
				8405DDD82C677592002B553B /* ChangeView.swift in Sources */,
				849224522C5D823F00E4ECFC /* SettingsContainer.swift in Sources */,
				84E20FA32C5EDC960075FF81 /* AssistantContainer.swift in Sources */,
				84E20F922C5EA0D50075FF81 /* IntegrationsView.swift in Sources */,
				842A9DAB2C600AFC00A133E9 /* ReportFilterView.swift in Sources */,
				842A9D8E2C60007200A133E9 /* ReportContainer.swift in Sources */,
				849AB2432C66375800197D96 /* LoginContainer.swift in Sources */,
				84E20F962C5EA0D50075FF81 /* SettingsView.swift in Sources */,
				84977F7F2C029428003E83BA /* AppLauncher.swift in Sources */,
				84E20F942C5EA0D50075FF81 /* LogView.swift in Sources */,
				841BDF562C660F8B008E3B32 /* TodayView.swift in Sources */,
				8405DDDA2C6778CD002B553B /* SelectProjectView.swift in Sources */,
				842A9D992C6000E200A133E9 /* ReportHeaderDay.swift in Sources */,
				84F827792C695550000D0254 /* ProjectsView.swift in Sources */,
				842A9D902C60008500A133E9 /* ReportComponent.swift in Sources */,
				842A9D942C60009F00A133E9 /* ReportType.swift in Sources */,
				84458AE32BC41A720041E40F /* AppFeature.swift in Sources */,
				84E20F832C5E8EEC0075FF81 /* ManagementContainer.swift in Sources */,
				84F8277B2C69E76C000D0254 /* TimesheetView.swift in Sources */,
				97E1737C2D063766003764FF /* MyRouter.swift in Sources */,
				84E20F952C5EA0D50075FF81 /* IntegrationCard.swift in Sources */,
				841BDF5D2C661076008E3B32 /* TodayComponent.swift in Sources */,
				841BDF542C660F18008E3B32 /* TodayItem.swift in Sources */,
				842A9DA42C60044E00A133E9 /* ReportFeature.swift in Sources */,
				84E20F852C5E8EF80075FF81 /* ManagementComponent.swift in Sources */,
				84E20FA72C5EE1570075FF81 /* ManagementHeaderView.swift in Sources */,
				84E20F932C5EA0D50075FF81 /* DebugView.swift in Sources */,
				84E20F872C5E95340075FF81 /* KimaiContainer.swift in Sources */,
				842A9D962C6000A500A133E9 /* WeekDay.swift in Sources */,
				84C5A2962BC40EEC00C25A0C /* businessToGoApp.swift in Sources */,
				842A9D9B2C6000F100A133E9 /* ReportHeaderView.swift in Sources */,
				84E20F8B2C5E95560075FF81 /* KimaiComponent.swift in Sources */,
				842A9DA62C600AC200A133E9 /* ReportCalendarView.swift in Sources */,
				849224542C5D848300E4ECFC /* SettingsComponent.swift in Sources */,
			);
			runOnlyForDeploymentPostprocessing = 0;
		};
		84C5A29F2BC40EEE00C25A0C /* Sources */ = {
			isa = PBXSourcesBuildPhase;
			buildActionMask = 2147483647;
			files = (
				8405CBCC2C0E030500A73E8F /* TestKimaiReducer.swift in Sources */,
			);
			runOnlyForDeploymentPostprocessing = 0;
		};
		84C5A2A92BC40EEE00C25A0C /* Sources */ = {
			isa = PBXSourcesBuildPhase;
			buildActionMask = 2147483647;
			files = (
				84C5A2B22BC40EEE00C25A0C /* businessToGoUITests.swift in Sources */,
				84C5A2B42BC40EEE00C25A0C /* businessToGoUITestsLaunchTests.swift in Sources */,
			);
			runOnlyForDeploymentPostprocessing = 0;
		};
/* End PBXSourcesBuildPhase section */

/* Begin PBXTargetDependency section */
		84A77EA52C40299F002BF2A9 /* PBXTargetDependency */ = {
			isa = PBXTargetDependency;
			target = 84A77E922C40299B002BF2A9 /* widgetExtension */;
			targetProxy = 84A77EA42C40299F002BF2A9 /* PBXContainerItemProxy */;
		};
		84C5A2A52BC40EEE00C25A0C /* PBXTargetDependency */ = {
			isa = PBXTargetDependency;
			target = 84C5A2912BC40EEC00C25A0C /* businessToGo */;
			targetProxy = 84C5A2A42BC40EEE00C25A0C /* PBXContainerItemProxy */;
		};
		84C5A2AF2BC40EEE00C25A0C /* PBXTargetDependency */ = {
			isa = PBXTargetDependency;
			target = 84C5A2912BC40EEC00C25A0C /* businessToGo */;
			targetProxy = 84C5A2AE2BC40EEE00C25A0C /* PBXContainerItemProxy */;
		};
/* End PBXTargetDependency section */

/* Begin XCBuildConfiguration section */
		84A77EA82C40299F002BF2A9 /* Debug */ = {
			isa = XCBuildConfiguration;
			buildSettings = {
				ASSETCATALOG_COMPILER_GLOBAL_ACCENT_COLOR_NAME = AccentColor;
				ASSETCATALOG_COMPILER_WIDGET_BACKGROUND_COLOR_NAME = WidgetBackground;
				CODE_SIGN_ENTITLEMENTS = widgetExtension.entitlements;
				CODE_SIGN_STYLE = Automatic;
				CURRENT_PROJECT_VERSION = 1;
				DEVELOPMENT_TEAM = 476LPWUTHD;
				GENERATE_INFOPLIST_FILE = YES;
				INFOPLIST_FILE = widget/Info.plist;
				INFOPLIST_KEY_CFBundleDisplayName = widget;
				INFOPLIST_KEY_NSHumanReadableCopyright = "";
				IPHONEOS_DEPLOYMENT_TARGET = 17.5;
				LD_RUNPATH_SEARCH_PATHS = (
					"$(inherited)",
					"@executable_path/Frameworks",
					"@executable_path/../../Frameworks",
				);
				MARKETING_VERSION = 1.1;
				PRODUCT_BUNDLE_IDENTIFIER = de.selch.businessToGo.widget;
				PRODUCT_NAME = "$(TARGET_NAME)";
				SDKROOT = iphoneos;
				SKIP_INSTALL = YES;
				SUPPORTED_PLATFORMS = "iphoneos iphonesimulator";
				SUPPORTS_MACCATALYST = NO;
				SWIFT_EMIT_LOC_STRINGS = YES;
				SWIFT_VERSION = 5.0;
				TARGETED_DEVICE_FAMILY = "1,2";
			};
			name = Debug;
		};
		84A77EA92C40299F002BF2A9 /* Release */ = {
			isa = XCBuildConfiguration;
			buildSettings = {
				ASSETCATALOG_COMPILER_GLOBAL_ACCENT_COLOR_NAME = AccentColor;
				ASSETCATALOG_COMPILER_WIDGET_BACKGROUND_COLOR_NAME = WidgetBackground;
				CODE_SIGN_ENTITLEMENTS = widgetExtension.entitlements;
				CODE_SIGN_STYLE = Automatic;
				CURRENT_PROJECT_VERSION = 1;
				DEVELOPMENT_TEAM = 476LPWUTHD;
				GENERATE_INFOPLIST_FILE = YES;
				INFOPLIST_FILE = widget/Info.plist;
				INFOPLIST_KEY_CFBundleDisplayName = widget;
				INFOPLIST_KEY_NSHumanReadableCopyright = "";
				IPHONEOS_DEPLOYMENT_TARGET = 17.5;
				LD_RUNPATH_SEARCH_PATHS = (
					"$(inherited)",
					"@executable_path/Frameworks",
					"@executable_path/../../Frameworks",
				);
				MARKETING_VERSION = 1.1;
				PRODUCT_BUNDLE_IDENTIFIER = de.selch.businessToGo.widget;
				PRODUCT_NAME = "$(TARGET_NAME)";
				SDKROOT = iphoneos;
				SKIP_INSTALL = YES;
				SUPPORTED_PLATFORMS = "iphoneos iphonesimulator";
				SUPPORTS_MACCATALYST = NO;
				SWIFT_EMIT_LOC_STRINGS = YES;
				SWIFT_VERSION = 5.0;
				TARGETED_DEVICE_FAMILY = "1,2";
				VALIDATE_PRODUCT = YES;
			};
			name = Release;
		};
		84C5A2B52BC40EEE00C25A0C /* Debug */ = {
			isa = XCBuildConfiguration;
			buildSettings = {
				ALWAYS_EMBED_SWIFT_STANDARD_LIBRARIES = NO;
				ALWAYS_SEARCH_USER_PATHS = NO;
				ASSETCATALOG_COMPILER_GENERATE_SWIFT_ASSET_SYMBOL_EXTENSIONS = YES;
				CLANG_ANALYZER_NONNULL = YES;
				CLANG_ANALYZER_NUMBER_OBJECT_CONVERSION = YES_AGGRESSIVE;
				CLANG_CXX_LANGUAGE_STANDARD = "gnu++20";
				CLANG_ENABLE_MODULES = YES;
				CLANG_ENABLE_OBJC_ARC = YES;
				CLANG_ENABLE_OBJC_WEAK = YES;
				CLANG_WARN_BLOCK_CAPTURE_AUTORELEASING = YES;
				CLANG_WARN_BOOL_CONVERSION = YES;
				CLANG_WARN_COMMA = YES;
				CLANG_WARN_CONSTANT_CONVERSION = YES;
				CLANG_WARN_DEPRECATED_OBJC_IMPLEMENTATIONS = YES;
				CLANG_WARN_DIRECT_OBJC_ISA_USAGE = YES_ERROR;
				CLANG_WARN_DOCUMENTATION_COMMENTS = YES;
				CLANG_WARN_EMPTY_BODY = YES;
				CLANG_WARN_ENUM_CONVERSION = YES;
				CLANG_WARN_INFINITE_RECURSION = YES;
				CLANG_WARN_INT_CONVERSION = YES;
				CLANG_WARN_NON_LITERAL_NULL_CONVERSION = YES;
				CLANG_WARN_OBJC_IMPLICIT_RETAIN_SELF = YES;
				CLANG_WARN_OBJC_LITERAL_CONVERSION = YES;
				CLANG_WARN_OBJC_ROOT_CLASS = YES_ERROR;
				CLANG_WARN_QUOTED_INCLUDE_IN_FRAMEWORK_HEADER = YES;
				CLANG_WARN_RANGE_LOOP_ANALYSIS = YES;
				CLANG_WARN_STRICT_PROTOTYPES = YES;
				CLANG_WARN_SUSPICIOUS_MOVE = YES;
				CLANG_WARN_UNGUARDED_AVAILABILITY = YES_AGGRESSIVE;
				CLANG_WARN_UNREACHABLE_CODE = YES;
				CLANG_WARN__DUPLICATE_METHOD_MATCH = YES;
				COPY_PHASE_STRIP = NO;
				DEBUG_INFORMATION_FORMAT = dwarf;
				ENABLE_STRICT_OBJC_MSGSEND = YES;
				ENABLE_TESTABILITY = YES;
				ENABLE_USER_SCRIPT_SANDBOXING = YES;
				GCC_C_LANGUAGE_STANDARD = gnu17;
				GCC_DYNAMIC_NO_PIC = NO;
				GCC_NO_COMMON_BLOCKS = YES;
				GCC_OPTIMIZATION_LEVEL = 0;
				GCC_PREPROCESSOR_DEFINITIONS = (
					"DEBUG=1",
					"$(inherited)",
				);
				GCC_WARN_64_TO_32_BIT_CONVERSION = YES;
				GCC_WARN_ABOUT_RETURN_TYPE = YES_ERROR;
				GCC_WARN_UNDECLARED_SELECTOR = YES;
				GCC_WARN_UNINITIALIZED_AUTOS = YES_AGGRESSIVE;
				GCC_WARN_UNUSED_FUNCTION = YES;
				GCC_WARN_UNUSED_VARIABLE = YES;
				LOCALIZATION_PREFERS_STRING_CATALOGS = YES;
				MTL_ENABLE_DEBUG_INFO = INCLUDE_SOURCE;
				MTL_FAST_MATH = YES;
				ONLY_ACTIVE_ARCH = YES;
				SWIFT_ACTIVE_COMPILATION_CONDITIONS = "DEBUG $(inherited)";
				SWIFT_OPTIMIZATION_LEVEL = "-Onone";
			};
			name = Debug;
		};
		84C5A2B62BC40EEE00C25A0C /* Release */ = {
			isa = XCBuildConfiguration;
			buildSettings = {
				ALWAYS_EMBED_SWIFT_STANDARD_LIBRARIES = NO;
				ALWAYS_SEARCH_USER_PATHS = NO;
				ASSETCATALOG_COMPILER_GENERATE_SWIFT_ASSET_SYMBOL_EXTENSIONS = YES;
				CLANG_ANALYZER_NONNULL = YES;
				CLANG_ANALYZER_NUMBER_OBJECT_CONVERSION = YES_AGGRESSIVE;
				CLANG_CXX_LANGUAGE_STANDARD = "gnu++20";
				CLANG_ENABLE_MODULES = YES;
				CLANG_ENABLE_OBJC_ARC = YES;
				CLANG_ENABLE_OBJC_WEAK = YES;
				CLANG_WARN_BLOCK_CAPTURE_AUTORELEASING = YES;
				CLANG_WARN_BOOL_CONVERSION = YES;
				CLANG_WARN_COMMA = YES;
				CLANG_WARN_CONSTANT_CONVERSION = YES;
				CLANG_WARN_DEPRECATED_OBJC_IMPLEMENTATIONS = YES;
				CLANG_WARN_DIRECT_OBJC_ISA_USAGE = YES_ERROR;
				CLANG_WARN_DOCUMENTATION_COMMENTS = YES;
				CLANG_WARN_EMPTY_BODY = YES;
				CLANG_WARN_ENUM_CONVERSION = YES;
				CLANG_WARN_INFINITE_RECURSION = YES;
				CLANG_WARN_INT_CONVERSION = YES;
				CLANG_WARN_NON_LITERAL_NULL_CONVERSION = YES;
				CLANG_WARN_OBJC_IMPLICIT_RETAIN_SELF = YES;
				CLANG_WARN_OBJC_LITERAL_CONVERSION = YES;
				CLANG_WARN_OBJC_ROOT_CLASS = YES_ERROR;
				CLANG_WARN_QUOTED_INCLUDE_IN_FRAMEWORK_HEADER = YES;
				CLANG_WARN_RANGE_LOOP_ANALYSIS = YES;
				CLANG_WARN_STRICT_PROTOTYPES = YES;
				CLANG_WARN_SUSPICIOUS_MOVE = YES;
				CLANG_WARN_UNGUARDED_AVAILABILITY = YES_AGGRESSIVE;
				CLANG_WARN_UNREACHABLE_CODE = YES;
				CLANG_WARN__DUPLICATE_METHOD_MATCH = YES;
				COPY_PHASE_STRIP = NO;
				DEBUG_INFORMATION_FORMAT = "dwarf-with-dsym";
				ENABLE_NS_ASSERTIONS = NO;
				ENABLE_STRICT_OBJC_MSGSEND = YES;
				ENABLE_USER_SCRIPT_SANDBOXING = YES;
				GCC_C_LANGUAGE_STANDARD = gnu17;
				GCC_NO_COMMON_BLOCKS = YES;
				GCC_WARN_64_TO_32_BIT_CONVERSION = YES;
				GCC_WARN_ABOUT_RETURN_TYPE = YES_ERROR;
				GCC_WARN_UNDECLARED_SELECTOR = YES;
				GCC_WARN_UNINITIALIZED_AUTOS = YES_AGGRESSIVE;
				GCC_WARN_UNUSED_FUNCTION = YES;
				GCC_WARN_UNUSED_VARIABLE = YES;
				LOCALIZATION_PREFERS_STRING_CATALOGS = YES;
				MTL_ENABLE_DEBUG_INFO = NO;
				MTL_FAST_MATH = YES;
				SWIFT_COMPILATION_MODE = wholemodule;
			};
			name = Release;
		};
		84C5A2B82BC40EEE00C25A0C /* Debug */ = {
			isa = XCBuildConfiguration;
			buildSettings = {
				ALWAYS_EMBED_SWIFT_STANDARD_LIBRARIES = YES;
				ASSETCATALOG_COMPILER_APPICON_NAME = AppIcon;
				ASSETCATALOG_COMPILER_GLOBAL_ACCENT_COLOR_NAME = AccentColor;
				CODE_SIGN_ENTITLEMENTS = businessToGo/businessToGo.entitlements;
				CODE_SIGN_STYLE = Automatic;
				CURRENT_PROJECT_VERSION = 1;
				DEVELOPMENT_ASSET_PATHS = "\"businessToGo/Preview Content\"";
				DEVELOPMENT_TEAM = 476LPWUTHD;
				ENABLE_HARDENED_RUNTIME = YES;
				ENABLE_PREVIEWS = YES;
				ENABLE_USER_SCRIPT_SANDBOXING = NO;
				FRAMEWORK_SEARCH_PATHS = "$(inherited)";
				GENERATE_INFOPLIST_FILE = YES;
				INFOPLIST_FILE = businessToGo/Info.plist;
				"INFOPLIST_KEY_UIApplicationSceneManifest_Generation[sdk=iphoneos*]" = YES;
				"INFOPLIST_KEY_UIApplicationSceneManifest_Generation[sdk=iphonesimulator*]" = YES;
				"INFOPLIST_KEY_UIApplicationSupportsIndirectInputEvents[sdk=iphoneos*]" = YES;
				"INFOPLIST_KEY_UIApplicationSupportsIndirectInputEvents[sdk=iphonesimulator*]" = YES;
				"INFOPLIST_KEY_UILaunchScreen_Generation[sdk=iphoneos*]" = YES;
				"INFOPLIST_KEY_UILaunchScreen_Generation[sdk=iphonesimulator*]" = YES;
				"INFOPLIST_KEY_UIStatusBarStyle[sdk=iphoneos*]" = UIStatusBarStyleDefault;
				"INFOPLIST_KEY_UIStatusBarStyle[sdk=iphonesimulator*]" = UIStatusBarStyleDefault;
				INFOPLIST_KEY_UISupportedInterfaceOrientations_iPad = "UIInterfaceOrientationPortrait UIInterfaceOrientationPortraitUpsideDown UIInterfaceOrientationLandscapeLeft UIInterfaceOrientationLandscapeRight";
				INFOPLIST_KEY_UISupportedInterfaceOrientations_iPhone = "UIInterfaceOrientationPortrait UIInterfaceOrientationLandscapeLeft UIInterfaceOrientationLandscapeRight";
				IPHONEOS_DEPLOYMENT_TARGET = 16.0;
				LD_RUNPATH_SEARCH_PATHS = "@executable_path/Frameworks";
				"LD_RUNPATH_SEARCH_PATHS[sdk=macosx*]" = "@executable_path/../Frameworks";
				MACOSX_DEPLOYMENT_TARGET = 14.2;
				MARKETING_VERSION = 1.1;
				PRODUCT_BUNDLE_IDENTIFIER = de.selch.businessToGo;
				PRODUCT_NAME = "$(TARGET_NAME)";
				SDKROOT = auto;
				SUPPORTED_PLATFORMS = "iphoneos iphonesimulator";
				SUPPORTS_MACCATALYST = NO;
				SWIFT_EMIT_LOC_STRINGS = YES;
				SWIFT_VERSION = 5.0;
				TARGETED_DEVICE_FAMILY = "1,2";
			};
			name = Debug;
		};
		84C5A2B92BC40EEE00C25A0C /* Release */ = {
			isa = XCBuildConfiguration;
			buildSettings = {
				ALWAYS_EMBED_SWIFT_STANDARD_LIBRARIES = YES;
				ASSETCATALOG_COMPILER_APPICON_NAME = AppIcon;
				ASSETCATALOG_COMPILER_GLOBAL_ACCENT_COLOR_NAME = AccentColor;
				CODE_SIGN_ENTITLEMENTS = businessToGo/businessToGo.entitlements;
				CODE_SIGN_STYLE = Automatic;
				CURRENT_PROJECT_VERSION = 1;
				DEVELOPMENT_ASSET_PATHS = "\"businessToGo/Preview Content\"";
				DEVELOPMENT_TEAM = 476LPWUTHD;
				ENABLE_HARDENED_RUNTIME = YES;
				ENABLE_PREVIEWS = YES;
				ENABLE_USER_SCRIPT_SANDBOXING = NO;
				FRAMEWORK_SEARCH_PATHS = "$(inherited)";
				GENERATE_INFOPLIST_FILE = YES;
				INFOPLIST_FILE = businessToGo/Info.plist;
				"INFOPLIST_KEY_UIApplicationSceneManifest_Generation[sdk=iphoneos*]" = YES;
				"INFOPLIST_KEY_UIApplicationSceneManifest_Generation[sdk=iphonesimulator*]" = YES;
				"INFOPLIST_KEY_UIApplicationSupportsIndirectInputEvents[sdk=iphoneos*]" = YES;
				"INFOPLIST_KEY_UIApplicationSupportsIndirectInputEvents[sdk=iphonesimulator*]" = YES;
				"INFOPLIST_KEY_UILaunchScreen_Generation[sdk=iphoneos*]" = YES;
				"INFOPLIST_KEY_UILaunchScreen_Generation[sdk=iphonesimulator*]" = YES;
				"INFOPLIST_KEY_UIStatusBarStyle[sdk=iphoneos*]" = UIStatusBarStyleDefault;
				"INFOPLIST_KEY_UIStatusBarStyle[sdk=iphonesimulator*]" = UIStatusBarStyleDefault;
				INFOPLIST_KEY_UISupportedInterfaceOrientations_iPad = "UIInterfaceOrientationPortrait UIInterfaceOrientationPortraitUpsideDown UIInterfaceOrientationLandscapeLeft UIInterfaceOrientationLandscapeRight";
				INFOPLIST_KEY_UISupportedInterfaceOrientations_iPhone = "UIInterfaceOrientationPortrait UIInterfaceOrientationLandscapeLeft UIInterfaceOrientationLandscapeRight";
				IPHONEOS_DEPLOYMENT_TARGET = 16.0;
				LD_RUNPATH_SEARCH_PATHS = "@executable_path/Frameworks";
				"LD_RUNPATH_SEARCH_PATHS[sdk=macosx*]" = "@executable_path/../Frameworks";
				MACOSX_DEPLOYMENT_TARGET = 14.2;
				MARKETING_VERSION = 1.1;
				PRODUCT_BUNDLE_IDENTIFIER = de.selch.businessToGo;
				PRODUCT_NAME = "$(TARGET_NAME)";
				SDKROOT = auto;
				SUPPORTED_PLATFORMS = "iphoneos iphonesimulator";
				SUPPORTS_MACCATALYST = NO;
				SWIFT_EMIT_LOC_STRINGS = YES;
				SWIFT_VERSION = 5.0;
				TARGETED_DEVICE_FAMILY = "1,2";
			};
			name = Release;
		};
		84C5A2BB2BC40EEE00C25A0C /* Debug */ = {
			isa = XCBuildConfiguration;
			buildSettings = {
				ALWAYS_EMBED_SWIFT_STANDARD_LIBRARIES = YES;
				BUNDLE_LOADER = "$(TEST_HOST)";
				CLANG_ENABLE_MODULES = YES;
				CODE_SIGN_STYLE = Automatic;
				CURRENT_PROJECT_VERSION = 1;
				DEVELOPMENT_TEAM = 476LPWUTHD;
				ENABLE_USER_SCRIPT_SANDBOXING = NO;
				GENERATE_INFOPLIST_FILE = YES;
				IPHONEOS_DEPLOYMENT_TARGET = 16.0;
				MACOSX_DEPLOYMENT_TARGET = 14.2;
				MARKETING_VERSION = 1.0;
				PRODUCT_BUNDLE_IDENTIFIER = de.selch.businessToGoTests;
				PRODUCT_NAME = "$(TARGET_NAME)";
				SDKROOT = auto;
				SUPPORTED_PLATFORMS = "iphoneos iphonesimulator";
				SUPPORTS_MACCATALYST = NO;
				SWIFT_EMIT_LOC_STRINGS = NO;
				SWIFT_OPTIMIZATION_LEVEL = "-Onone";
				SWIFT_VERSION = 5.0;
				TARGETED_DEVICE_FAMILY = "1,2";
				TEST_HOST = "$(BUILT_PRODUCTS_DIR)/businessToGo.app/$(BUNDLE_EXECUTABLE_FOLDER_PATH)/businessToGo";
			};
			name = Debug;
		};
		84C5A2BC2BC40EEE00C25A0C /* Release */ = {
			isa = XCBuildConfiguration;
			buildSettings = {
				ALWAYS_EMBED_SWIFT_STANDARD_LIBRARIES = YES;
				BUNDLE_LOADER = "$(TEST_HOST)";
				CLANG_ENABLE_MODULES = YES;
				CODE_SIGN_STYLE = Automatic;
				CURRENT_PROJECT_VERSION = 1;
				DEVELOPMENT_TEAM = 476LPWUTHD;
				ENABLE_USER_SCRIPT_SANDBOXING = NO;
				GENERATE_INFOPLIST_FILE = YES;
				IPHONEOS_DEPLOYMENT_TARGET = 16.0;
				MACOSX_DEPLOYMENT_TARGET = 14.2;
				MARKETING_VERSION = 1.0;
				PRODUCT_BUNDLE_IDENTIFIER = de.selch.businessToGoTests;
				PRODUCT_NAME = "$(TARGET_NAME)";
				SDKROOT = auto;
				SUPPORTED_PLATFORMS = "iphoneos iphonesimulator";
				SUPPORTS_MACCATALYST = NO;
				SWIFT_EMIT_LOC_STRINGS = NO;
				SWIFT_VERSION = 5.0;
				TARGETED_DEVICE_FAMILY = "1,2";
				TEST_HOST = "$(BUILT_PRODUCTS_DIR)/businessToGo.app/$(BUNDLE_EXECUTABLE_FOLDER_PATH)/businessToGo";
			};
			name = Release;
		};
		84C5A2BE2BC40EEE00C25A0C /* Debug */ = {
			isa = XCBuildConfiguration;
			buildSettings = {
				ALWAYS_EMBED_SWIFT_STANDARD_LIBRARIES = YES;
				CODE_SIGN_STYLE = Automatic;
				CURRENT_PROJECT_VERSION = 1;
				DEVELOPMENT_TEAM = 476LPWUTHD;
				GENERATE_INFOPLIST_FILE = YES;
				IPHONEOS_DEPLOYMENT_TARGET = 17.0;
				MACOSX_DEPLOYMENT_TARGET = 14.2;
				MARKETING_VERSION = 1.0;
				PRODUCT_BUNDLE_IDENTIFIER = de.selch.businessToGoUITests;
				PRODUCT_NAME = "$(TARGET_NAME)";
				SDKROOT = auto;
				SUPPORTED_PLATFORMS = "iphoneos iphonesimulator";
				SUPPORTS_MACCATALYST = NO;
				SWIFT_EMIT_LOC_STRINGS = NO;
				SWIFT_VERSION = 5.0;
				TARGETED_DEVICE_FAMILY = "1,2";
				TEST_TARGET_NAME = businessToGo;
			};
			name = Debug;
		};
		84C5A2BF2BC40EEE00C25A0C /* Release */ = {
			isa = XCBuildConfiguration;
			buildSettings = {
				ALWAYS_EMBED_SWIFT_STANDARD_LIBRARIES = YES;
				CODE_SIGN_STYLE = Automatic;
				CURRENT_PROJECT_VERSION = 1;
				DEVELOPMENT_TEAM = 476LPWUTHD;
				GENERATE_INFOPLIST_FILE = YES;
				IPHONEOS_DEPLOYMENT_TARGET = 17.0;
				MACOSX_DEPLOYMENT_TARGET = 14.2;
				MARKETING_VERSION = 1.0;
				PRODUCT_BUNDLE_IDENTIFIER = de.selch.businessToGoUITests;
				PRODUCT_NAME = "$(TARGET_NAME)";
				SDKROOT = auto;
				SUPPORTED_PLATFORMS = "iphoneos iphonesimulator";
				SUPPORTS_MACCATALYST = NO;
				SWIFT_EMIT_LOC_STRINGS = NO;
				SWIFT_VERSION = 5.0;
				TARGETED_DEVICE_FAMILY = "1,2";
				TEST_TARGET_NAME = businessToGo;
			};
			name = Release;
		};
/* End XCBuildConfiguration section */

/* Begin XCConfigurationList section */
		84A77EAA2C40299F002BF2A9 /* Build configuration list for PBXNativeTarget "widgetExtension" */ = {
			isa = XCConfigurationList;
			buildConfigurations = (
				84A77EA82C40299F002BF2A9 /* Debug */,
				84A77EA92C40299F002BF2A9 /* Release */,
			);
			defaultConfigurationIsVisible = 0;
			defaultConfigurationName = Release;
		};
		84C5A28D2BC40EEC00C25A0C /* Build configuration list for PBXProject "businessToGo" */ = {
			isa = XCConfigurationList;
			buildConfigurations = (
				84C5A2B52BC40EEE00C25A0C /* Debug */,
				84C5A2B62BC40EEE00C25A0C /* Release */,
			);
			defaultConfigurationIsVisible = 0;
			defaultConfigurationName = Release;
		};
		84C5A2B72BC40EEE00C25A0C /* Build configuration list for PBXNativeTarget "businessToGo" */ = {
			isa = XCConfigurationList;
			buildConfigurations = (
				84C5A2B82BC40EEE00C25A0C /* Debug */,
				84C5A2B92BC40EEE00C25A0C /* Release */,
			);
			defaultConfigurationIsVisible = 0;
			defaultConfigurationName = Release;
		};
		84C5A2BA2BC40EEE00C25A0C /* Build configuration list for PBXNativeTarget "businessToGoTests" */ = {
			isa = XCConfigurationList;
			buildConfigurations = (
				84C5A2BB2BC40EEE00C25A0C /* Debug */,
				84C5A2BC2BC40EEE00C25A0C /* Release */,
			);
			defaultConfigurationIsVisible = 0;
			defaultConfigurationName = Release;
		};
		84C5A2BD2BC40EEE00C25A0C /* Build configuration list for PBXNativeTarget "businessToGoUITests" */ = {
			isa = XCConfigurationList;
			buildConfigurations = (
				84C5A2BE2BC40EEE00C25A0C /* Debug */,
				84C5A2BF2BC40EEE00C25A0C /* Release */,
			);
			defaultConfigurationIsVisible = 0;
			defaultConfigurationName = Release;
		};
/* End XCConfigurationList section */

/* Begin XCRemoteSwiftPackageReference section */
		845F00872C0F1C470007FAA7 /* XCRemoteSwiftPackageReference "Pulse" */ = {
			isa = XCRemoteSwiftPackageReference;
			repositoryURL = "https://github.com/kean/Pulse.git";
			requirement = {
				kind = upToNextMajorVersion;
				minimumVersion = 4.2.3;
			};
		};
		8472A3D72C01161A006726A1 /* XCRemoteSwiftPackageReference "PulseLogHandler" */ = {
			isa = XCRemoteSwiftPackageReference;
			repositoryURL = "https://github.com/kean/PulseLogHandler.git";
			requirement = {
				kind = upToNextMajorVersion;
				minimumVersion = 4.0.1;
			};
		};
		97E173832D06DA8C003764FF /* XCRemoteSwiftPackageReference "Router" */ = {
			isa = XCRemoteSwiftPackageReference;
			repositoryURL = "git@github.com:ManuelSelch/Router.git";
			requirement = {
				kind = upToNextMajorVersion;
				minimumVersion = 1.0.5;
			};
		};
/* End XCRemoteSwiftPackageReference section */

/* Begin XCSwiftPackageProductDependency section */
		8405CC5A2C0E5F5000A73E8F /* Intro */ = {
			isa = XCSwiftPackageProductDependency;
			productName = Intro;
		};
		8405DDDC2C68A9CB002B553B /* OfflineSync */ = {
			isa = XCSwiftPackageProductDependency;
			productName = OfflineSync;
		};
		846421B72C1A43B30014694B /* LoginApp */ = {
			isa = XCSwiftPackageProductDependency;
			productName = LoginApp;
		};
		8472A3D82C01161A006726A1 /* PulseLogHandler */ = {
			isa = XCSwiftPackageProductDependency;
			package = 8472A3D72C01161A006726A1 /* XCRemoteSwiftPackageReference "PulseLogHandler" */;
			productName = PulseLogHandler;
		};
		849AB2472C66489D00197D96 /* Redux */ = {
			isa = XCSwiftPackageProductDependency;
			productName = Redux;
		};
		849AB2492C66489D00197D96 /* ReduxDebug */ = {
			isa = XCSwiftPackageProductDependency;
			productName = ReduxDebug;
		};
		849AB24B2C66489D00197D96 /* ReduxTestStore */ = {
			isa = XCSwiftPackageProductDependency;
			productName = ReduxTestStore;
		};
		84C8C2A82C5E6F31007BF30B /* DebugApp */ = {
			isa = XCSwiftPackageProductDependency;
			productName = DebugApp;
		};
		84C8C2AC2C5E71B3007BF30B /* IntegrationApp */ = {
			isa = XCSwiftPackageProductDependency;
			productName = IntegrationApp;
		};
		84D7962C2C596E4D0083FEBA /* ReduxDebug */ = {
			isa = XCSwiftPackageProductDependency;
			productName = ReduxDebug;
		};
		84D7962E2C596E4D0083FEBA /* ReduxTestStore */ = {
			isa = XCSwiftPackageProductDependency;
			productName = ReduxTestStore;
		};
		84D7963D2C5990F70083FEBA /* ReduxDebug */ = {
			isa = XCSwiftPackageProductDependency;
			productName = ReduxDebug;
		};
		84D7963F2C5990F70083FEBA /* ReduxTestStore */ = {
			isa = XCSwiftPackageProductDependency;
			productName = ReduxTestStore;
		};
		84E20F972C5EA1370075FF81 /* KimaiUI */ = {
			isa = XCSwiftPackageProductDependency;
			productName = KimaiUI;
		};
		84E20F992C5EA1420075FF81 /* KimaiCore */ = {
			isa = XCSwiftPackageProductDependency;
			productName = KimaiCore;
		};
		84E20F9B2C5EA1530075FF81 /* KimaiApp */ = {
			isa = XCSwiftPackageProductDependency;
			productName = KimaiApp;
		};
		84E20F9F2C5EA1720075FF81 /* PulseUI */ = {
			isa = XCSwiftPackageProductDependency;
			package = 845F00872C0F1C470007FAA7 /* XCRemoteSwiftPackageReference "Pulse" */;
			productName = PulseUI;
		};
		97E1737E2D063B82003764FF /* Router */ = {
			isa = XCSwiftPackageProductDependency;
			productName = Router;
		};
		97E173812D06D8EA003764FF /* Router */ = {
			isa = XCSwiftPackageProductDependency;
			productName = Router;
		};
		97E173842D06DA8C003764FF /* Router */ = {
			isa = XCSwiftPackageProductDependency;
			package = 97E173832D06DA8C003764FF /* XCRemoteSwiftPackageReference "Router" */;
			productName = Router;
		};
/* End XCSwiftPackageProductDependency section */
	};
	rootObject = 84C5A28A2BC40EEC00C25A0C /* Project object */;
}
