// !$*UTF8*$!
{
	archiveVersion = 1;
	classes = {
	};
	objectVersion = 60;
	objects = {

/* Begin PBXBuildFile section */
		8405CBCC2C0E030500A73E8F /* TestKimaiReducer.swift in Sources */ = {isa = PBXBuildFile; fileRef = 8405CBCB2C0E030500A73E8F /* TestKimaiReducer.swift */; };
		8405CC5B2C0E5F5000A73E8F /* Intro in Frameworks */ = {isa = PBXBuildFile; productRef = 8405CC5A2C0E5F5000A73E8F /* Intro */; };
		8405CC612C0E5F7200A73E8F /* Report in Frameworks */ = {isa = PBXBuildFile; productRef = 8405CC602C0E5F7200A73E8F /* Report */; };
		841840662BFD414F00EC9FDF /* AppContainer.swift in Sources */ = {isa = PBXBuildFile; fileRef = 841840652BFD414F00EC9FDF /* AppContainer.swift */; };
		843A02FE2C0BE4E500A716AF /* ReduxMonitor in Frameworks */ = {isa = PBXBuildFile; productRef = 843A02FD2C0BE4E500A716AF /* ReduxMonitor */; };
		84410B1C2C0CB0A500D57894 /* MonitorMiddleware.swift in Sources */ = {isa = PBXBuildFile; fileRef = 84410B1B2C0CB0A500D57894 /* MonitorMiddleware.swift */; };
		8442C3B52C28A0B3008C08E9 /* AppRoute.swift in Sources */ = {isa = PBXBuildFile; fileRef = 8442C3B42C28A0B3008C08E9 /* AppRoute.swift */; };
		84458AE32BC41A720041E40F /* AppFeature.swift in Sources */ = {isa = PBXBuildFile; fileRef = 84458AE22BC41A720041E40F /* AppFeature.swift */; };
		844853172C1275DC00E17061 /* Log in Frameworks */ = {isa = PBXBuildFile; productRef = 844853162C1275DC00E17061 /* Log */; };
		846421B62C1A43AE0014694B /* ManagementApp in Frameworks */ = {isa = PBXBuildFile; productRef = 846421B52C1A43AE0014694B /* ManagementApp */; };
		846421B82C1A43B30014694B /* LoginApp in Frameworks */ = {isa = PBXBuildFile; productRef = 846421B72C1A43B30014694B /* LoginApp */; };
		846421C02C1A4BFD0014694B /* AppArchitecture.png in Resources */ = {isa = PBXBuildFile; fileRef = 846421BF2C1A4BFD0014694B /* AppArchitecture.png */; };
		846421C32C1A4F6C0014694B /* SettingsApp in Frameworks */ = {isa = PBXBuildFile; productRef = 846421C22C1A4F6C0014694B /* SettingsApp */; };
		846751022C00B9F70028921A /* AppRouteView.swift in Sources */ = {isa = PBXBuildFile; fileRef = 846751012C00B9F70028921A /* AppRouteView.swift */; };
		8467DED22BDEDC4B0077E331 /* Log in Frameworks */ = {isa = PBXBuildFile; productRef = 8467DED12BDEDC4B0077E331 /* Log */; };
		8472A3D92C01161A006726A1 /* PulseLogHandler in Frameworks */ = {isa = PBXBuildFile; productRef = 8472A3D82C01161A006726A1 /* PulseLogHandler */; };
		8486FBCB2BCEB0390052DF18 /* TestableCombinePublishers in Frameworks */ = {isa = PBXBuildFile; productRef = 8486FBCA2BCEB0390052DF18 /* TestableCombinePublishers */; };
		84977F7F2C029428003E83BA /* AppLauncher.swift in Sources */ = {isa = PBXBuildFile; fileRef = 84977F7E2C029428003E83BA /* AppLauncher.swift */; };
		84C5A2962BC40EEC00C25A0C /* businessToGoApp.swift in Sources */ = {isa = PBXBuildFile; fileRef = 84C5A2952BC40EEC00C25A0C /* businessToGoApp.swift */; };
		84C5A29A2BC40EEE00C25A0C /* Assets.xcassets in Resources */ = {isa = PBXBuildFile; fileRef = 84C5A2992BC40EEE00C25A0C /* Assets.xcassets */; };
		84C5A29E2BC40EEE00C25A0C /* Preview Assets.xcassets in Resources */ = {isa = PBXBuildFile; fileRef = 84C5A29D2BC40EEE00C25A0C /* Preview Assets.xcassets */; };
		84C5A2B22BC40EEE00C25A0C /* businessToGoUITests.swift in Sources */ = {isa = PBXBuildFile; fileRef = 84C5A2B12BC40EEE00C25A0C /* businessToGoUITests.swift */; };
		84C5A2B42BC40EEE00C25A0C /* businessToGoUITestsLaunchTests.swift in Sources */ = {isa = PBXBuildFile; fileRef = 84C5A2B32BC40EEE00C25A0C /* businessToGoUITestsLaunchTests.swift */; };
		84CD11F72BF410E8006AE4C7 /* Log in Frameworks */ = {isa = PBXBuildFile; productRef = 84CD11F62BF410E8006AE4C7 /* Log */; };
		84FC58582BC9559200594E14 /* AppHeader.swift in Sources */ = {isa = PBXBuildFile; fileRef = 84FC58572BC9559200594E14 /* AppHeader.swift */; };
/* End PBXBuildFile section */

/* Begin PBXContainerItemProxy section */
		84C5A2A42BC40EEE00C25A0C /* PBXContainerItemProxy */ = {
			isa = PBXContainerItemProxy;
			containerPortal = 84C5A28A2BC40EEC00C25A0C /* Project object */;
			proxyType = 1;
			remoteGlobalIDString = 84C5A2912BC40EEC00C25A0C;
			remoteInfo = businessToGo;
		};
		84C5A2AE2BC40EEE00C25A0C /* PBXContainerItemProxy */ = {
			isa = PBXContainerItemProxy;
			containerPortal = 84C5A28A2BC40EEC00C25A0C /* Project object */;
			proxyType = 1;
			remoteGlobalIDString = 84C5A2912BC40EEC00C25A0C;
			remoteInfo = businessToGo;
		};
/* End PBXContainerItemProxy section */

/* Begin PBXFileReference section */
		8405CBCB2C0E030500A73E8F /* TestKimaiReducer.swift */ = {isa = PBXFileReference; lastKnownFileType = sourcecode.swift; path = TestKimaiReducer.swift; sourceTree = "<group>"; };
		8405CC4E2C0E122600A73E8F /* Management */ = {isa = PBXFileReference; lastKnownFileType = wrapper; path = Management; sourceTree = "<group>"; };
		8405CC532C0E20E000A73E8F /* Login */ = {isa = PBXFileReference; lastKnownFileType = wrapper; path = Login; sourceTree = "<group>"; };
		8405CC552C0E58ED00A73E8F /* Report */ = {isa = PBXFileReference; lastKnownFileType = wrapper; path = Report; sourceTree = "<group>"; };
		8405CC562C0E590300A73E8F /* Intro */ = {isa = PBXFileReference; lastKnownFileType = wrapper; path = Intro; sourceTree = "<group>"; };
		8405CC572C0E594300A73E8F /* Settings */ = {isa = PBXFileReference; lastKnownFileType = wrapper; path = Settings; sourceTree = "<group>"; };
		841083CB2BFBDCE700332A6A /* Info.plist */ = {isa = PBXFileReference; lastKnownFileType = text.plist; path = Info.plist; sourceTree = "<group>"; };
		841840652BFD414F00EC9FDF /* AppContainer.swift */ = {isa = PBXFileReference; lastKnownFileType = sourcecode.swift; path = AppContainer.swift; sourceTree = "<group>"; };
		843EB61E2C1A40B600A6CF0C /* Common */ = {isa = PBXFileReference; lastKnownFileType = wrapper; path = Common; sourceTree = "<group>"; };
		84410B1B2C0CB0A500D57894 /* MonitorMiddleware.swift */ = {isa = PBXFileReference; lastKnownFileType = sourcecode.swift; path = MonitorMiddleware.swift; sourceTree = "<group>"; };
		8442C3B42C28A0B3008C08E9 /* AppRoute.swift */ = {isa = PBXFileReference; lastKnownFileType = sourcecode.swift; path = AppRoute.swift; sourceTree = "<group>"; };
		84458AE22BC41A720041E40F /* AppFeature.swift */ = {isa = PBXFileReference; lastKnownFileType = sourcecode.swift; path = AppFeature.swift; sourceTree = "<group>"; };
		8453D9062C11B44A002E992C /* NetworkFoundation */ = {isa = PBXFileReference; lastKnownFileType = wrapper; path = NetworkFoundation; sourceTree = "<group>"; };
		846421B92C1A45210014694B /* Kimai */ = {isa = PBXFileReference; lastKnownFileType = wrapper; path = Kimai; sourceTree = "<group>"; };
		846421BA2C1A45330014694B /* Taiga */ = {isa = PBXFileReference; lastKnownFileType = wrapper; path = Taiga; sourceTree = "<group>"; };
		846421BD2C1A4BDC0014694B /* README.md */ = {isa = PBXFileReference; lastKnownFileType = net.daringfireball.markdown; path = README.md; sourceTree = "<group>"; };
		846421BF2C1A4BFD0014694B /* AppArchitecture.png */ = {isa = PBXFileReference; lastKnownFileType = image.png; path = AppArchitecture.png; sourceTree = "<group>"; };
		846751012C00B9F70028921A /* AppRouteView.swift */ = {isa = PBXFileReference; lastKnownFileType = sourcecode.swift; path = AppRouteView.swift; sourceTree = "<group>"; };
		84977F7E2C029428003E83BA /* AppLauncher.swift */ = {isa = PBXFileReference; lastKnownFileType = sourcecode.swift; path = AppLauncher.swift; sourceTree = "<group>"; };
		84C5A2922BC40EEC00C25A0C /* businessToGo.app */ = {isa = PBXFileReference; explicitFileType = wrapper.application; includeInIndex = 0; path = businessToGo.app; sourceTree = BUILT_PRODUCTS_DIR; };
		84C5A2952BC40EEC00C25A0C /* businessToGoApp.swift */ = {isa = PBXFileReference; lastKnownFileType = sourcecode.swift; path = businessToGoApp.swift; sourceTree = "<group>"; };
		84C5A2992BC40EEE00C25A0C /* Assets.xcassets */ = {isa = PBXFileReference; lastKnownFileType = folder.assetcatalog; path = Assets.xcassets; sourceTree = "<group>"; };
		84C5A29B2BC40EEE00C25A0C /* businessToGo.entitlements */ = {isa = PBXFileReference; lastKnownFileType = text.plist.entitlements; path = businessToGo.entitlements; sourceTree = "<group>"; };
		84C5A29D2BC40EEE00C25A0C /* Preview Assets.xcassets */ = {isa = PBXFileReference; lastKnownFileType = folder.assetcatalog; path = "Preview Assets.xcassets"; sourceTree = "<group>"; };
		84C5A2A32BC40EEE00C25A0C /* businessToGoTests.xctest */ = {isa = PBXFileReference; explicitFileType = wrapper.cfbundle; includeInIndex = 0; path = businessToGoTests.xctest; sourceTree = BUILT_PRODUCTS_DIR; };
		84C5A2AD2BC40EEE00C25A0C /* businessToGoUITests.xctest */ = {isa = PBXFileReference; explicitFileType = wrapper.cfbundle; includeInIndex = 0; path = businessToGoUITests.xctest; sourceTree = BUILT_PRODUCTS_DIR; };
		84C5A2B12BC40EEE00C25A0C /* businessToGoUITests.swift */ = {isa = PBXFileReference; lastKnownFileType = sourcecode.swift; path = businessToGoUITests.swift; sourceTree = "<group>"; };
		84C5A2B32BC40EEE00C25A0C /* businessToGoUITestsLaunchTests.swift */ = {isa = PBXFileReference; lastKnownFileType = sourcecode.swift; path = businessToGoUITestsLaunchTests.swift; sourceTree = "<group>"; };
		84FC58572BC9559200594E14 /* AppHeader.swift */ = {isa = PBXFileReference; lastKnownFileType = sourcecode.swift; path = AppHeader.swift; sourceTree = "<group>"; };
/* End PBXFileReference section */

/* Begin PBXFrameworksBuildPhase section */
		84C5A28F2BC40EEC00C25A0C /* Frameworks */ = {
			isa = PBXFrameworksBuildPhase;
			buildActionMask = 2147483647;
			files = (
				8467DED22BDEDC4B0077E331 /* Log in Frameworks */,
				846421C32C1A4F6C0014694B /* SettingsApp in Frameworks */,
				843A02FE2C0BE4E500A716AF /* ReduxMonitor in Frameworks */,
				846421B82C1A43B30014694B /* LoginApp in Frameworks */,
				84CD11F72BF410E8006AE4C7 /* Log in Frameworks */,
				8405CC612C0E5F7200A73E8F /* Report in Frameworks */,
				846421B62C1A43AE0014694B /* ManagementApp in Frameworks */,
				844853172C1275DC00E17061 /* Log in Frameworks */,
				8405CC5B2C0E5F5000A73E8F /* Intro in Frameworks */,
				8472A3D92C01161A006726A1 /* PulseLogHandler in Frameworks */,
			);
			runOnlyForDeploymentPostprocessing = 0;
		};
		84C5A2A02BC40EEE00C25A0C /* Frameworks */ = {
			isa = PBXFrameworksBuildPhase;
			buildActionMask = 2147483647;
			files = (
				8486FBCB2BCEB0390052DF18 /* TestableCombinePublishers in Frameworks */,
			);
			runOnlyForDeploymentPostprocessing = 0;
		};
		84C5A2AA2BC40EEE00C25A0C /* Frameworks */ = {
			isa = PBXFrameworksBuildPhase;
			buildActionMask = 2147483647;
			files = (
			);
			runOnlyForDeploymentPostprocessing = 0;
		};
/* End PBXFrameworksBuildPhase section */

/* Begin PBXGroup section */
		8405CBC92C0E02D700A73E8F /* Management */ = {
			isa = PBXGroup;
			children = (
				8405CBCA2C0E02DF00A73E8F /* Kimai */,
			);
			path = Management;
			sourceTree = "<group>";
		};
		8405CBCA2C0E02DF00A73E8F /* Kimai */ = {
			isa = PBXGroup;
			children = (
				8405CBCB2C0E030500A73E8F /* TestKimaiReducer.swift */,
			);
			path = Kimai;
			sourceTree = "<group>";
		};
		8405CC4D2C0E120400A73E8F /* Modules */ = {
			isa = PBXGroup;
			children = (
				846421BA2C1A45330014694B /* Taiga */,
				846421B92C1A45210014694B /* Kimai */,
				8405CC572C0E594300A73E8F /* Settings */,
				8405CC562C0E590300A73E8F /* Intro */,
				8405CC552C0E58ED00A73E8F /* Report */,
				8405CC532C0E20E000A73E8F /* Login */,
				8405CC4E2C0E122600A73E8F /* Management */,
			);
			path = Modules;
			sourceTree = "<group>";
		};
		841840642BFD412E00EC9FDF /* Views */ = {
			isa = PBXGroup;
			children = (
				84FC58572BC9559200594E14 /* AppHeader.swift */,
			);
			path = Views;
			sourceTree = "<group>";
		};
		84410B1D2C0CB0A800D57894 /* Middlewares */ = {
			isa = PBXGroup;
			children = (
				84410B1B2C0CB0A500D57894 /* MonitorMiddleware.swift */,
			);
			path = Middlewares;
			sourceTree = "<group>";
		};
		8442C3B32C28A0A2008C08E9 /* Core */ = {
			isa = PBXGroup;
			children = (
				8442C3B42C28A0B3008C08E9 /* AppRoute.swift */,
			);
			path = Core;
			sourceTree = "<group>";
		};
		8453D9032C11B10B002E992C /* Foundation */ = {
			isa = PBXGroup;
			children = (
				8453D9062C11B44A002E992C /* NetworkFoundation */,
			);
			path = Foundation;
			sourceTree = "<group>";
		};
		846421BE2C1A4BEA0014694B /* Doc */ = {
			isa = PBXGroup;
			children = (
				846421BF2C1A4BFD0014694B /* AppArchitecture.png */,
			);
			path = Doc;
			sourceTree = "<group>";
		};
		846421C12C1A4F6C0014694B /* Frameworks */ = {
			isa = PBXGroup;
			children = (
			);
			name = Frameworks;
			sourceTree = "<group>";
		};
		84C5A2892BC40EEC00C25A0C = {
			isa = PBXGroup;
			children = (
				846421BD2C1A4BDC0014694B /* README.md */,
				843EB61E2C1A40B600A6CF0C /* Common */,
				846421BE2C1A4BEA0014694B /* Doc */,
				8453D9032C11B10B002E992C /* Foundation */,
				8405CC4D2C0E120400A73E8F /* Modules */,
				84C5A2942BC40EEC00C25A0C /* businessToGo */,
				84C5A2A62BC40EEE00C25A0C /* businessToGoTests */,
				84C5A2B02BC40EEE00C25A0C /* businessToGoUITests */,
				84C5A2932BC40EEC00C25A0C /* Products */,
				846421C12C1A4F6C0014694B /* Frameworks */,
			);
			sourceTree = "<group>";
		};
		84C5A2932BC40EEC00C25A0C /* Products */ = {
			isa = PBXGroup;
			children = (
				84C5A2922BC40EEC00C25A0C /* businessToGo.app */,
				84C5A2A32BC40EEE00C25A0C /* businessToGoTests.xctest */,
				84C5A2AD2BC40EEE00C25A0C /* businessToGoUITests.xctest */,
			);
			name = Products;
			sourceTree = "<group>";
		};
		84C5A2942BC40EEC00C25A0C /* businessToGo */ = {
			isa = PBXGroup;
			children = (
				841083CB2BFBDCE700332A6A /* Info.plist */,
				84C5A2C02BC40F4A00C25A0C /* App */,
				84C5A2952BC40EEC00C25A0C /* businessToGoApp.swift */,
				84977F7E2C029428003E83BA /* AppLauncher.swift */,
				84C5A2992BC40EEE00C25A0C /* Assets.xcassets */,
				84C5A29B2BC40EEE00C25A0C /* businessToGo.entitlements */,
				84C5A29C2BC40EEE00C25A0C /* Preview Content */,
			);
			path = businessToGo;
			sourceTree = "<group>";
		};
		84C5A29C2BC40EEE00C25A0C /* Preview Content */ = {
			isa = PBXGroup;
			children = (
				84C5A29D2BC40EEE00C25A0C /* Preview Assets.xcassets */,
			);
			path = "Preview Content";
			sourceTree = "<group>";
		};
		84C5A2A62BC40EEE00C25A0C /* businessToGoTests */ = {
			isa = PBXGroup;
			children = (
				8405CBC92C0E02D700A73E8F /* Management */,
			);
			path = businessToGoTests;
			sourceTree = "<group>";
		};
		84C5A2B02BC40EEE00C25A0C /* businessToGoUITests */ = {
			isa = PBXGroup;
			children = (
				84C5A2B12BC40EEE00C25A0C /* businessToGoUITests.swift */,
				84C5A2B32BC40EEE00C25A0C /* businessToGoUITestsLaunchTests.swift */,
			);
			path = businessToGoUITests;
			sourceTree = "<group>";
		};
		84C5A2C02BC40F4A00C25A0C /* App */ = {
			isa = PBXGroup;
			children = (
				84458AE22BC41A720041E40F /* AppFeature.swift */,
				841840652BFD414F00EC9FDF /* AppContainer.swift */,
				846751012C00B9F70028921A /* AppRouteView.swift */,
				8442C3B32C28A0A2008C08E9 /* Core */,
				84410B1D2C0CB0A800D57894 /* Middlewares */,
				841840642BFD412E00EC9FDF /* Views */,
			);
			path = App;
			sourceTree = "<group>";
		};
/* End PBXGroup section */

/* Begin PBXNativeTarget section */
		84C5A2912BC40EEC00C25A0C /* businessToGo */ = {
			isa = PBXNativeTarget;
			buildConfigurationList = 84C5A2B72BC40EEE00C25A0C /* Build configuration list for PBXNativeTarget "businessToGo" */;
			buildPhases = (
				84C5A28E2BC40EEC00C25A0C /* Sources */,
				84C5A28F2BC40EEC00C25A0C /* Frameworks */,
				84C5A2902BC40EEC00C25A0C /* Resources */,
			);
			buildRules = (
			);
			dependencies = (
			);
			name = businessToGo;
			packageProductDependencies = (
				8467DED12BDEDC4B0077E331 /* Log */,
				84CD11F62BF410E8006AE4C7 /* Log */,
				8472A3D82C01161A006726A1 /* PulseLogHandler */,
				843A02FD2C0BE4E500A716AF /* ReduxMonitor */,
				8405CC5A2C0E5F5000A73E8F /* Intro */,
				8405CC602C0E5F7200A73E8F /* Report */,
				844853162C1275DC00E17061 /* Log */,
				846421B52C1A43AE0014694B /* ManagementApp */,
				846421B72C1A43B30014694B /* LoginApp */,
				846421C22C1A4F6C0014694B /* SettingsApp */,
			);
			productName = businessToGo;
			productReference = 84C5A2922BC40EEC00C25A0C /* businessToGo.app */;
			productType = "com.apple.product-type.application";
		};
		84C5A2A22BC40EEE00C25A0C /* businessToGoTests */ = {
			isa = PBXNativeTarget;
			buildConfigurationList = 84C5A2BA2BC40EEE00C25A0C /* Build configuration list for PBXNativeTarget "businessToGoTests" */;
			buildPhases = (
				84C5A29F2BC40EEE00C25A0C /* Sources */,
				84C5A2A02BC40EEE00C25A0C /* Frameworks */,
				84C5A2A12BC40EEE00C25A0C /* Resources */,
			);
			buildRules = (
			);
			dependencies = (
				84C5A2A52BC40EEE00C25A0C /* PBXTargetDependency */,
			);
			name = businessToGoTests;
			packageProductDependencies = (
				8486FBCA2BCEB0390052DF18 /* TestableCombinePublishers */,
			);
			productName = businessToGoTests;
			productReference = 84C5A2A32BC40EEE00C25A0C /* businessToGoTests.xctest */;
			productType = "com.apple.product-type.bundle.unit-test";
		};
		84C5A2AC2BC40EEE00C25A0C /* businessToGoUITests */ = {
			isa = PBXNativeTarget;
			buildConfigurationList = 84C5A2BD2BC40EEE00C25A0C /* Build configuration list for PBXNativeTarget "businessToGoUITests" */;
			buildPhases = (
				84C5A2A92BC40EEE00C25A0C /* Sources */,
				84C5A2AA2BC40EEE00C25A0C /* Frameworks */,
				84C5A2AB2BC40EEE00C25A0C /* Resources */,
			);
			buildRules = (
			);
			dependencies = (
				84C5A2AF2BC40EEE00C25A0C /* PBXTargetDependency */,
			);
			name = businessToGoUITests;
			productName = businessToGoUITests;
			productReference = 84C5A2AD2BC40EEE00C25A0C /* businessToGoUITests.xctest */;
			productType = "com.apple.product-type.bundle.ui-testing";
		};
/* End PBXNativeTarget section */

/* Begin PBXProject section */
		84C5A28A2BC40EEC00C25A0C /* Project object */ = {
			isa = PBXProject;
			attributes = {
				BuildIndependentTargetsInParallel = 1;
				LastSwiftUpdateCheck = 1510;
				LastUpgradeCheck = 1510;
				TargetAttributes = {
					84C5A2912BC40EEC00C25A0C = {
						CreatedOnToolsVersion = 15.1;
					};
					84C5A2A22BC40EEE00C25A0C = {
						CreatedOnToolsVersion = 15.1;
						LastSwiftMigration = 1510;
						TestTargetID = 84C5A2912BC40EEC00C25A0C;
					};
					84C5A2AC2BC40EEE00C25A0C = {
						CreatedOnToolsVersion = 15.1;
						TestTargetID = 84C5A2912BC40EEC00C25A0C;
					};
				};
			};
			buildConfigurationList = 84C5A28D2BC40EEC00C25A0C /* Build configuration list for PBXProject "businessToGo" */;
			compatibilityVersion = "Xcode 14.0";
			developmentRegion = en;
			hasScannedForEncodings = 0;
			knownRegions = (
				en,
				Base,
			);
			mainGroup = 84C5A2892BC40EEC00C25A0C;
			packageReferences = (
				8472A3D72C01161A006726A1 /* XCRemoteSwiftPackageReference "PulseLogHandler" */,
				843A02FC2C0BE4E500A716AF /* XCRemoteSwiftPackageReference "ReduxMonitor" */,
				845F00872C0F1C470007FAA7 /* XCRemoteSwiftPackageReference "Pulse" */,
				844853152C1275DC00E17061 /* XCLocalSwiftPackageReference "../SwiftPackages/Log" */,
				8442C3B62C28D3DD008C08E9 /* XCLocalSwiftPackageReference "../SwiftPackages/OfflineSync" */,
			);
			productRefGroup = 84C5A2932BC40EEC00C25A0C /* Products */;
			projectDirPath = "";
			projectRoot = "";
			targets = (
				84C5A2912BC40EEC00C25A0C /* businessToGo */,
				84C5A2A22BC40EEE00C25A0C /* businessToGoTests */,
				84C5A2AC2BC40EEE00C25A0C /* businessToGoUITests */,
			);
		};
/* End PBXProject section */

/* Begin PBXResourcesBuildPhase section */
		84C5A2902BC40EEC00C25A0C /* Resources */ = {
			isa = PBXResourcesBuildPhase;
			buildActionMask = 2147483647;
			files = (
				846421C02C1A4BFD0014694B /* AppArchitecture.png in Resources */,
				84C5A29E2BC40EEE00C25A0C /* Preview Assets.xcassets in Resources */,
				84C5A29A2BC40EEE00C25A0C /* Assets.xcassets in Resources */,
			);
			runOnlyForDeploymentPostprocessing = 0;
		};
		84C5A2A12BC40EEE00C25A0C /* Resources */ = {
			isa = PBXResourcesBuildPhase;
			buildActionMask = 2147483647;
			files = (
			);
			runOnlyForDeploymentPostprocessing = 0;
		};
		84C5A2AB2BC40EEE00C25A0C /* Resources */ = {
			isa = PBXResourcesBuildPhase;
			buildActionMask = 2147483647;
			files = (
			);
			runOnlyForDeploymentPostprocessing = 0;
		};
/* End PBXResourcesBuildPhase section */

/* Begin PBXSourcesBuildPhase section */
		84C5A28E2BC40EEC00C25A0C /* Sources */ = {
			isa = PBXSourcesBuildPhase;
			buildActionMask = 2147483647;
			files = (
				84FC58582BC9559200594E14 /* AppHeader.swift in Sources */,
				8442C3B52C28A0B3008C08E9 /* AppRoute.swift in Sources */,
				841840662BFD414F00EC9FDF /* AppContainer.swift in Sources */,
				846751022C00B9F70028921A /* AppRouteView.swift in Sources */,
				84977F7F2C029428003E83BA /* AppLauncher.swift in Sources */,
				84458AE32BC41A720041E40F /* AppFeature.swift in Sources */,
				84C5A2962BC40EEC00C25A0C /* businessToGoApp.swift in Sources */,
				84410B1C2C0CB0A500D57894 /* MonitorMiddleware.swift in Sources */,
			);
			runOnlyForDeploymentPostprocessing = 0;
		};
		84C5A29F2BC40EEE00C25A0C /* Sources */ = {
			isa = PBXSourcesBuildPhase;
			buildActionMask = 2147483647;
			files = (
				8405CBCC2C0E030500A73E8F /* TestKimaiReducer.swift in Sources */,
			);
			runOnlyForDeploymentPostprocessing = 0;
		};
		84C5A2A92BC40EEE00C25A0C /* Sources */ = {
			isa = PBXSourcesBuildPhase;
			buildActionMask = 2147483647;
			files = (
				84C5A2B22BC40EEE00C25A0C /* businessToGoUITests.swift in Sources */,
				84C5A2B42BC40EEE00C25A0C /* businessToGoUITestsLaunchTests.swift in Sources */,
			);
			runOnlyForDeploymentPostprocessing = 0;
		};
/* End PBXSourcesBuildPhase section */

/* Begin PBXTargetDependency section */
		84C5A2A52BC40EEE00C25A0C /* PBXTargetDependency */ = {
			isa = PBXTargetDependency;
			target = 84C5A2912BC40EEC00C25A0C /* businessToGo */;
			targetProxy = 84C5A2A42BC40EEE00C25A0C /* PBXContainerItemProxy */;
		};
		84C5A2AF2BC40EEE00C25A0C /* PBXTargetDependency */ = {
			isa = PBXTargetDependency;
			target = 84C5A2912BC40EEC00C25A0C /* businessToGo */;
			targetProxy = 84C5A2AE2BC40EEE00C25A0C /* PBXContainerItemProxy */;
		};
/* End PBXTargetDependency section */

/* Begin XCBuildConfiguration section */
		84C5A2B52BC40EEE00C25A0C /* Debug */ = {
			isa = XCBuildConfiguration;
			buildSettings = {
				ALWAYS_EMBED_SWIFT_STANDARD_LIBRARIES = NO;
				ALWAYS_SEARCH_USER_PATHS = NO;
				ASSETCATALOG_COMPILER_GENERATE_SWIFT_ASSET_SYMBOL_EXTENSIONS = YES;
				CLANG_ANALYZER_NONNULL = YES;
				CLANG_ANALYZER_NUMBER_OBJECT_CONVERSION = YES_AGGRESSIVE;
				CLANG_CXX_LANGUAGE_STANDARD = "gnu++20";
				CLANG_ENABLE_MODULES = YES;
				CLANG_ENABLE_OBJC_ARC = YES;
				CLANG_ENABLE_OBJC_WEAK = YES;
				CLANG_WARN_BLOCK_CAPTURE_AUTORELEASING = YES;
				CLANG_WARN_BOOL_CONVERSION = YES;
				CLANG_WARN_COMMA = YES;
				CLANG_WARN_CONSTANT_CONVERSION = YES;
				CLANG_WARN_DEPRECATED_OBJC_IMPLEMENTATIONS = YES;
				CLANG_WARN_DIRECT_OBJC_ISA_USAGE = YES_ERROR;
				CLANG_WARN_DOCUMENTATION_COMMENTS = YES;
				CLANG_WARN_EMPTY_BODY = YES;
				CLANG_WARN_ENUM_CONVERSION = YES;
				CLANG_WARN_INFINITE_RECURSION = YES;
				CLANG_WARN_INT_CONVERSION = YES;
				CLANG_WARN_NON_LITERAL_NULL_CONVERSION = YES;
				CLANG_WARN_OBJC_IMPLICIT_RETAIN_SELF = YES;
				CLANG_WARN_OBJC_LITERAL_CONVERSION = YES;
				CLANG_WARN_OBJC_ROOT_CLASS = YES_ERROR;
				CLANG_WARN_QUOTED_INCLUDE_IN_FRAMEWORK_HEADER = YES;
				CLANG_WARN_RANGE_LOOP_ANALYSIS = YES;
				CLANG_WARN_STRICT_PROTOTYPES = YES;
				CLANG_WARN_SUSPICIOUS_MOVE = YES;
				CLANG_WARN_UNGUARDED_AVAILABILITY = YES_AGGRESSIVE;
				CLANG_WARN_UNREACHABLE_CODE = YES;
				CLANG_WARN__DUPLICATE_METHOD_MATCH = YES;
				COPY_PHASE_STRIP = NO;
				DEBUG_INFORMATION_FORMAT = dwarf;
				ENABLE_STRICT_OBJC_MSGSEND = YES;
				ENABLE_TESTABILITY = YES;
				ENABLE_USER_SCRIPT_SANDBOXING = YES;
				GCC_C_LANGUAGE_STANDARD = gnu17;
				GCC_DYNAMIC_NO_PIC = NO;
				GCC_NO_COMMON_BLOCKS = YES;
				GCC_OPTIMIZATION_LEVEL = 0;
				GCC_PREPROCESSOR_DEFINITIONS = (
					"DEBUG=1",
					"$(inherited)",
				);
				GCC_WARN_64_TO_32_BIT_CONVERSION = YES;
				GCC_WARN_ABOUT_RETURN_TYPE = YES_ERROR;
				GCC_WARN_UNDECLARED_SELECTOR = YES;
				GCC_WARN_UNINITIALIZED_AUTOS = YES_AGGRESSIVE;
				GCC_WARN_UNUSED_FUNCTION = YES;
				GCC_WARN_UNUSED_VARIABLE = YES;
				LOCALIZATION_PREFERS_STRING_CATALOGS = YES;
				MTL_ENABLE_DEBUG_INFO = INCLUDE_SOURCE;
				MTL_FAST_MATH = YES;
				ONLY_ACTIVE_ARCH = YES;
				SWIFT_ACTIVE_COMPILATION_CONDITIONS = "DEBUG $(inherited)";
				SWIFT_OPTIMIZATION_LEVEL = "-Onone";
			};
			name = Debug;
		};
		84C5A2B62BC40EEE00C25A0C /* Release */ = {
			isa = XCBuildConfiguration;
			buildSettings = {
				ALWAYS_EMBED_SWIFT_STANDARD_LIBRARIES = NO;
				ALWAYS_SEARCH_USER_PATHS = NO;
				ASSETCATALOG_COMPILER_GENERATE_SWIFT_ASSET_SYMBOL_EXTENSIONS = YES;
				CLANG_ANALYZER_NONNULL = YES;
				CLANG_ANALYZER_NUMBER_OBJECT_CONVERSION = YES_AGGRESSIVE;
				CLANG_CXX_LANGUAGE_STANDARD = "gnu++20";
				CLANG_ENABLE_MODULES = YES;
				CLANG_ENABLE_OBJC_ARC = YES;
				CLANG_ENABLE_OBJC_WEAK = YES;
				CLANG_WARN_BLOCK_CAPTURE_AUTORELEASING = YES;
				CLANG_WARN_BOOL_CONVERSION = YES;
				CLANG_WARN_COMMA = YES;
				CLANG_WARN_CONSTANT_CONVERSION = YES;
				CLANG_WARN_DEPRECATED_OBJC_IMPLEMENTATIONS = YES;
				CLANG_WARN_DIRECT_OBJC_ISA_USAGE = YES_ERROR;
				CLANG_WARN_DOCUMENTATION_COMMENTS = YES;
				CLANG_WARN_EMPTY_BODY = YES;
				CLANG_WARN_ENUM_CONVERSION = YES;
				CLANG_WARN_INFINITE_RECURSION = YES;
				CLANG_WARN_INT_CONVERSION = YES;
				CLANG_WARN_NON_LITERAL_NULL_CONVERSION = YES;
				CLANG_WARN_OBJC_IMPLICIT_RETAIN_SELF = YES;
				CLANG_WARN_OBJC_LITERAL_CONVERSION = YES;
				CLANG_WARN_OBJC_ROOT_CLASS = YES_ERROR;
				CLANG_WARN_QUOTED_INCLUDE_IN_FRAMEWORK_HEADER = YES;
				CLANG_WARN_RANGE_LOOP_ANALYSIS = YES;
				CLANG_WARN_STRICT_PROTOTYPES = YES;
				CLANG_WARN_SUSPICIOUS_MOVE = YES;
				CLANG_WARN_UNGUARDED_AVAILABILITY = YES_AGGRESSIVE;
				CLANG_WARN_UNREACHABLE_CODE = YES;
				CLANG_WARN__DUPLICATE_METHOD_MATCH = YES;
				COPY_PHASE_STRIP = NO;
				DEBUG_INFORMATION_FORMAT = "dwarf-with-dsym";
				ENABLE_NS_ASSERTIONS = NO;
				ENABLE_STRICT_OBJC_MSGSEND = YES;
				ENABLE_USER_SCRIPT_SANDBOXING = YES;
				GCC_C_LANGUAGE_STANDARD = gnu17;
				GCC_NO_COMMON_BLOCKS = YES;
				GCC_WARN_64_TO_32_BIT_CONVERSION = YES;
				GCC_WARN_ABOUT_RETURN_TYPE = YES_ERROR;
				GCC_WARN_UNDECLARED_SELECTOR = YES;
				GCC_WARN_UNINITIALIZED_AUTOS = YES_AGGRESSIVE;
				GCC_WARN_UNUSED_FUNCTION = YES;
				GCC_WARN_UNUSED_VARIABLE = YES;
				LOCALIZATION_PREFERS_STRING_CATALOGS = YES;
				MTL_ENABLE_DEBUG_INFO = NO;
				MTL_FAST_MATH = YES;
				SWIFT_COMPILATION_MODE = wholemodule;
			};
			name = Release;
		};
		84C5A2B82BC40EEE00C25A0C /* Debug */ = {
			isa = XCBuildConfiguration;
			buildSettings = {
				ASSETCATALOG_COMPILER_APPICON_NAME = AppIcon;
				ASSETCATALOG_COMPILER_GLOBAL_ACCENT_COLOR_NAME = AccentColor;
				CODE_SIGN_ENTITLEMENTS = businessToGo/businessToGo.entitlements;
				CODE_SIGN_STYLE = Automatic;
				CURRENT_PROJECT_VERSION = 1;
				DEVELOPMENT_ASSET_PATHS = "\"businessToGo/Preview Content\"";
				DEVELOPMENT_TEAM = 476LPWUTHD;
				ENABLE_HARDENED_RUNTIME = YES;
				ENABLE_PREVIEWS = YES;
				ENABLE_USER_SCRIPT_SANDBOXING = NO;
				FRAMEWORK_SEARCH_PATHS = "$(inherited)";
				GENERATE_INFOPLIST_FILE = YES;
				INFOPLIST_FILE = businessToGo/Info.plist;
				"INFOPLIST_KEY_UIApplicationSceneManifest_Generation[sdk=iphoneos*]" = YES;
				"INFOPLIST_KEY_UIApplicationSceneManifest_Generation[sdk=iphonesimulator*]" = YES;
				"INFOPLIST_KEY_UIApplicationSupportsIndirectInputEvents[sdk=iphoneos*]" = YES;
				"INFOPLIST_KEY_UIApplicationSupportsIndirectInputEvents[sdk=iphonesimulator*]" = YES;
				"INFOPLIST_KEY_UILaunchScreen_Generation[sdk=iphoneos*]" = YES;
				"INFOPLIST_KEY_UILaunchScreen_Generation[sdk=iphonesimulator*]" = YES;
				"INFOPLIST_KEY_UIStatusBarStyle[sdk=iphoneos*]" = UIStatusBarStyleDefault;
				"INFOPLIST_KEY_UIStatusBarStyle[sdk=iphonesimulator*]" = UIStatusBarStyleDefault;
				INFOPLIST_KEY_UISupportedInterfaceOrientations_iPad = "UIInterfaceOrientationPortrait UIInterfaceOrientationPortraitUpsideDown UIInterfaceOrientationLandscapeLeft UIInterfaceOrientationLandscapeRight";
				INFOPLIST_KEY_UISupportedInterfaceOrientations_iPhone = "UIInterfaceOrientationPortrait UIInterfaceOrientationLandscapeLeft UIInterfaceOrientationLandscapeRight";
				IPHONEOS_DEPLOYMENT_TARGET = 17.0;
				LD_RUNPATH_SEARCH_PATHS = "@executable_path/Frameworks";
				"LD_RUNPATH_SEARCH_PATHS[sdk=macosx*]" = "@executable_path/../Frameworks";
				MACOSX_DEPLOYMENT_TARGET = 14.2;
				MARKETING_VERSION = 1.0;
				PRODUCT_BUNDLE_IDENTIFIER = de.selch.businessToGo;
				PRODUCT_NAME = "$(TARGET_NAME)";
				SDKROOT = auto;
				SUPPORTED_PLATFORMS = "iphoneos iphonesimulator";
				SUPPORTS_MACCATALYST = NO;
				SWIFT_EMIT_LOC_STRINGS = YES;
				SWIFT_VERSION = 5.0;
				TARGETED_DEVICE_FAMILY = "1,2";
			};
			name = Debug;
		};
		84C5A2B92BC40EEE00C25A0C /* Release */ = {
			isa = XCBuildConfiguration;
			buildSettings = {
				ASSETCATALOG_COMPILER_APPICON_NAME = AppIcon;
				ASSETCATALOG_COMPILER_GLOBAL_ACCENT_COLOR_NAME = AccentColor;
				CODE_SIGN_ENTITLEMENTS = businessToGo/businessToGo.entitlements;
				CODE_SIGN_STYLE = Automatic;
				CURRENT_PROJECT_VERSION = 1;
				DEVELOPMENT_ASSET_PATHS = "\"businessToGo/Preview Content\"";
				DEVELOPMENT_TEAM = 476LPWUTHD;
				ENABLE_HARDENED_RUNTIME = YES;
				ENABLE_PREVIEWS = YES;
				ENABLE_USER_SCRIPT_SANDBOXING = NO;
				FRAMEWORK_SEARCH_PATHS = "$(inherited)";
				GENERATE_INFOPLIST_FILE = YES;
				INFOPLIST_FILE = businessToGo/Info.plist;
				"INFOPLIST_KEY_UIApplicationSceneManifest_Generation[sdk=iphoneos*]" = YES;
				"INFOPLIST_KEY_UIApplicationSceneManifest_Generation[sdk=iphonesimulator*]" = YES;
				"INFOPLIST_KEY_UIApplicationSupportsIndirectInputEvents[sdk=iphoneos*]" = YES;
				"INFOPLIST_KEY_UIApplicationSupportsIndirectInputEvents[sdk=iphonesimulator*]" = YES;
				"INFOPLIST_KEY_UILaunchScreen_Generation[sdk=iphoneos*]" = YES;
				"INFOPLIST_KEY_UILaunchScreen_Generation[sdk=iphonesimulator*]" = YES;
				"INFOPLIST_KEY_UIStatusBarStyle[sdk=iphoneos*]" = UIStatusBarStyleDefault;
				"INFOPLIST_KEY_UIStatusBarStyle[sdk=iphonesimulator*]" = UIStatusBarStyleDefault;
				INFOPLIST_KEY_UISupportedInterfaceOrientations_iPad = "UIInterfaceOrientationPortrait UIInterfaceOrientationPortraitUpsideDown UIInterfaceOrientationLandscapeLeft UIInterfaceOrientationLandscapeRight";
				INFOPLIST_KEY_UISupportedInterfaceOrientations_iPhone = "UIInterfaceOrientationPortrait UIInterfaceOrientationLandscapeLeft UIInterfaceOrientationLandscapeRight";
				IPHONEOS_DEPLOYMENT_TARGET = 17.0;
				LD_RUNPATH_SEARCH_PATHS = "@executable_path/Frameworks";
				"LD_RUNPATH_SEARCH_PATHS[sdk=macosx*]" = "@executable_path/../Frameworks";
				MACOSX_DEPLOYMENT_TARGET = 14.2;
				MARKETING_VERSION = 1.0;
				PRODUCT_BUNDLE_IDENTIFIER = de.selch.businessToGo;
				PRODUCT_NAME = "$(TARGET_NAME)";
				SDKROOT = auto;
				SUPPORTED_PLATFORMS = "iphoneos iphonesimulator";
				SUPPORTS_MACCATALYST = NO;
				SWIFT_EMIT_LOC_STRINGS = YES;
				SWIFT_VERSION = 5.0;
				TARGETED_DEVICE_FAMILY = "1,2";
			};
			name = Release;
		};
		84C5A2BB2BC40EEE00C25A0C /* Debug */ = {
			isa = XCBuildConfiguration;
			buildSettings = {
				ALWAYS_EMBED_SWIFT_STANDARD_LIBRARIES = YES;
				BUNDLE_LOADER = "$(TEST_HOST)";
				CLANG_ENABLE_MODULES = YES;
				CODE_SIGN_STYLE = Automatic;
				CURRENT_PROJECT_VERSION = 1;
				DEVELOPMENT_TEAM = 476LPWUTHD;
				ENABLE_USER_SCRIPT_SANDBOXING = NO;
				GENERATE_INFOPLIST_FILE = YES;
				IPHONEOS_DEPLOYMENT_TARGET = 17.0;
				MACOSX_DEPLOYMENT_TARGET = 14.2;
				MARKETING_VERSION = 1.0;
				PRODUCT_BUNDLE_IDENTIFIER = de.selch.businessToGoTests;
				PRODUCT_NAME = "$(TARGET_NAME)";
				SDKROOT = auto;
				SUPPORTED_PLATFORMS = "iphoneos iphonesimulator";
				SUPPORTS_MACCATALYST = NO;
				SWIFT_EMIT_LOC_STRINGS = NO;
				SWIFT_OPTIMIZATION_LEVEL = "-Onone";
				SWIFT_VERSION = 5.0;
				TARGETED_DEVICE_FAMILY = "1,2";
				TEST_HOST = "$(BUILT_PRODUCTS_DIR)/businessToGo.app/$(BUNDLE_EXECUTABLE_FOLDER_PATH)/businessToGo";
			};
			name = Debug;
		};
		84C5A2BC2BC40EEE00C25A0C /* Release */ = {
			isa = XCBuildConfiguration;
			buildSettings = {
				ALWAYS_EMBED_SWIFT_STANDARD_LIBRARIES = YES;
				BUNDLE_LOADER = "$(TEST_HOST)";
				CLANG_ENABLE_MODULES = YES;
				CODE_SIGN_STYLE = Automatic;
				CURRENT_PROJECT_VERSION = 1;
				DEVELOPMENT_TEAM = 476LPWUTHD;
				ENABLE_USER_SCRIPT_SANDBOXING = NO;
				GENERATE_INFOPLIST_FILE = YES;
				IPHONEOS_DEPLOYMENT_TARGET = 17.0;
				MACOSX_DEPLOYMENT_TARGET = 14.2;
				MARKETING_VERSION = 1.0;
				PRODUCT_BUNDLE_IDENTIFIER = de.selch.businessToGoTests;
				PRODUCT_NAME = "$(TARGET_NAME)";
				SDKROOT = auto;
				SUPPORTED_PLATFORMS = "iphoneos iphonesimulator";
				SUPPORTS_MACCATALYST = NO;
				SWIFT_EMIT_LOC_STRINGS = NO;
				SWIFT_VERSION = 5.0;
				TARGETED_DEVICE_FAMILY = "1,2";
				TEST_HOST = "$(BUILT_PRODUCTS_DIR)/businessToGo.app/$(BUNDLE_EXECUTABLE_FOLDER_PATH)/businessToGo";
			};
			name = Release;
		};
		84C5A2BE2BC40EEE00C25A0C /* Debug */ = {
			isa = XCBuildConfiguration;
			buildSettings = {
				ALWAYS_EMBED_SWIFT_STANDARD_LIBRARIES = YES;
				CODE_SIGN_STYLE = Automatic;
				CURRENT_PROJECT_VERSION = 1;
				DEVELOPMENT_TEAM = 476LPWUTHD;
				GENERATE_INFOPLIST_FILE = YES;
				IPHONEOS_DEPLOYMENT_TARGET = 17.0;
				MACOSX_DEPLOYMENT_TARGET = 14.2;
				MARKETING_VERSION = 1.0;
				PRODUCT_BUNDLE_IDENTIFIER = de.selch.businessToGoUITests;
				PRODUCT_NAME = "$(TARGET_NAME)";
				SDKROOT = auto;
				SUPPORTED_PLATFORMS = "iphoneos iphonesimulator";
				SUPPORTS_MACCATALYST = NO;
				SWIFT_EMIT_LOC_STRINGS = NO;
				SWIFT_VERSION = 5.0;
				TARGETED_DEVICE_FAMILY = "1,2";
				TEST_TARGET_NAME = businessToGo;
			};
			name = Debug;
		};
		84C5A2BF2BC40EEE00C25A0C /* Release */ = {
			isa = XCBuildConfiguration;
			buildSettings = {
				ALWAYS_EMBED_SWIFT_STANDARD_LIBRARIES = YES;
				CODE_SIGN_STYLE = Automatic;
				CURRENT_PROJECT_VERSION = 1;
				DEVELOPMENT_TEAM = 476LPWUTHD;
				GENERATE_INFOPLIST_FILE = YES;
				IPHONEOS_DEPLOYMENT_TARGET = 17.0;
				MACOSX_DEPLOYMENT_TARGET = 14.2;
				MARKETING_VERSION = 1.0;
				PRODUCT_BUNDLE_IDENTIFIER = de.selch.businessToGoUITests;
				PRODUCT_NAME = "$(TARGET_NAME)";
				SDKROOT = auto;
				SUPPORTED_PLATFORMS = "iphoneos iphonesimulator";
				SUPPORTS_MACCATALYST = NO;
				SWIFT_EMIT_LOC_STRINGS = NO;
				SWIFT_VERSION = 5.0;
				TARGETED_DEVICE_FAMILY = "1,2";
				TEST_TARGET_NAME = businessToGo;
			};
			name = Release;
		};
/* End XCBuildConfiguration section */

/* Begin XCConfigurationList section */
		84C5A28D2BC40EEC00C25A0C /* Build configuration list for PBXProject "businessToGo" */ = {
			isa = XCConfigurationList;
			buildConfigurations = (
				84C5A2B52BC40EEE00C25A0C /* Debug */,
				84C5A2B62BC40EEE00C25A0C /* Release */,
			);
			defaultConfigurationIsVisible = 0;
			defaultConfigurationName = Release;
		};
		84C5A2B72BC40EEE00C25A0C /* Build configuration list for PBXNativeTarget "businessToGo" */ = {
			isa = XCConfigurationList;
			buildConfigurations = (
				84C5A2B82BC40EEE00C25A0C /* Debug */,
				84C5A2B92BC40EEE00C25A0C /* Release */,
			);
			defaultConfigurationIsVisible = 0;
			defaultConfigurationName = Release;
		};
		84C5A2BA2BC40EEE00C25A0C /* Build configuration list for PBXNativeTarget "businessToGoTests" */ = {
			isa = XCConfigurationList;
			buildConfigurations = (
				84C5A2BB2BC40EEE00C25A0C /* Debug */,
				84C5A2BC2BC40EEE00C25A0C /* Release */,
			);
			defaultConfigurationIsVisible = 0;
			defaultConfigurationName = Release;
		};
		84C5A2BD2BC40EEE00C25A0C /* Build configuration list for PBXNativeTarget "businessToGoUITests" */ = {
			isa = XCConfigurationList;
			buildConfigurations = (
				84C5A2BE2BC40EEE00C25A0C /* Debug */,
				84C5A2BF2BC40EEE00C25A0C /* Release */,
			);
			defaultConfigurationIsVisible = 0;
			defaultConfigurationName = Release;
		};
/* End XCConfigurationList section */

/* Begin XCLocalSwiftPackageReference section */
		8442C3B62C28D3DD008C08E9 /* XCLocalSwiftPackageReference "../SwiftPackages/OfflineSync" */ = {
			isa = XCLocalSwiftPackageReference;
			relativePath = ../SwiftPackages/OfflineSync;
		};
		844853152C1275DC00E17061 /* XCLocalSwiftPackageReference "../SwiftPackages/Log" */ = {
			isa = XCLocalSwiftPackageReference;
			relativePath = ../SwiftPackages/Log;
		};
/* End XCLocalSwiftPackageReference section */

/* Begin XCRemoteSwiftPackageReference section */
		843A02FC2C0BE4E500A716AF /* XCRemoteSwiftPackageReference "ReduxMonitor" */ = {
			isa = XCRemoteSwiftPackageReference;
			repositoryURL = "https://github.com/lindebrothers/ReduxMonitor";
			requirement = {
				kind = upToNextMajorVersion;
				minimumVersion = 2.0.9;
			};
		};
		845F00872C0F1C470007FAA7 /* XCRemoteSwiftPackageReference "Pulse" */ = {
			isa = XCRemoteSwiftPackageReference;
			repositoryURL = "https://github.com/kean/Pulse.git";
			requirement = {
				kind = upToNextMajorVersion;
				minimumVersion = 4.2.3;
			};
		};
		8472A3D72C01161A006726A1 /* XCRemoteSwiftPackageReference "PulseLogHandler" */ = {
			isa = XCRemoteSwiftPackageReference;
			repositoryURL = "https://github.com/kean/PulseLogHandler.git";
			requirement = {
				kind = upToNextMajorVersion;
				minimumVersion = 4.0.1;
			};
		};
/* End XCRemoteSwiftPackageReference section */

/* Begin XCSwiftPackageProductDependency section */
		8405CC5A2C0E5F5000A73E8F /* Intro */ = {
			isa = XCSwiftPackageProductDependency;
			productName = Intro;
		};
		8405CC602C0E5F7200A73E8F /* Report */ = {
			isa = XCSwiftPackageProductDependency;
			productName = Report;
		};
		843A02FD2C0BE4E500A716AF /* ReduxMonitor */ = {
			isa = XCSwiftPackageProductDependency;
			package = 843A02FC2C0BE4E500A716AF /* XCRemoteSwiftPackageReference "ReduxMonitor" */;
			productName = ReduxMonitor;
		};
		844853162C1275DC00E17061 /* Log */ = {
			isa = XCSwiftPackageProductDependency;
			productName = Log;
		};
		846421B52C1A43AE0014694B /* ManagementApp */ = {
			isa = XCSwiftPackageProductDependency;
			productName = ManagementApp;
		};
		846421B72C1A43B30014694B /* LoginApp */ = {
			isa = XCSwiftPackageProductDependency;
			productName = LoginApp;
		};
		846421C22C1A4F6C0014694B /* SettingsApp */ = {
			isa = XCSwiftPackageProductDependency;
			productName = SettingsApp;
		};
		8467DED12BDEDC4B0077E331 /* Log */ = {
			isa = XCSwiftPackageProductDependency;
			productName = Log;
		};
		8472A3D82C01161A006726A1 /* PulseLogHandler */ = {
			isa = XCSwiftPackageProductDependency;
			package = 8472A3D72C01161A006726A1 /* XCRemoteSwiftPackageReference "PulseLogHandler" */;
			productName = PulseLogHandler;
		};
		8486FBCA2BCEB0390052DF18 /* TestableCombinePublishers */ = {
			isa = XCSwiftPackageProductDependency;
			productName = TestableCombinePublishers;
		};
		84CD11F62BF410E8006AE4C7 /* Log */ = {
			isa = XCSwiftPackageProductDependency;
			productName = Log;
		};
/* End XCSwiftPackageProductDependency section */
	};
	rootObject = 84C5A28A2BC40EEC00C25A0C /* Project object */;
}
