{
  "pins" : [
    {
      "identity" : "alamofire",
      "kind" : "remoteSourceControl",
      "location" : "https://github.com/Alamofire/Alamofire.git",
      "state" : {
        "revision" : "f455c2975872ccd2d9c81594c658af65716e9b9a",
        "version" : "5.9.1"
      }
    },
    {
      "identity" : "chart",
      "kind" : "remoteSourceControl",
      "location" : "https://github.com/ManuelSelch/Chart.git",
      "state" : {
        "revision" : "d375995519e8b83824cda55fdce80aa8a23c12d3",
        "version" : "1.0.2"
      }
    },
    {
      "identity" : "log",
      "kind" : "remoteSourceControl",
      "location" : "https://github.com/ManuelSelch/Log.git",
      "state" : {
        "revision" : "74eeda085ac5fa40814aa79ff3ce3590c1644d7d",
        "version" : "1.0.7"
      }
    },
    {
      "identity" : "login",
      "kind" : "remoteSourceControl",
      "location" : "https://github.com/ManuelSelch/Login.git",
      "state" : {
        "revision" : "a1de710e052b75b792365bee6cf0b5221cf9d8ba",
        "version" : "1.0.6"
      }
    },
    {
      "identity" : "moya",
      "kind" : "remoteSourceControl",
      "location" : "https://github.com/Moya/Moya.git",
      "state" : {
        "revision" : "c263811c1f3dbf002be9bd83107f7cdc38992b26",
        "version" : "15.0.3"
      }
    },
    {
      "identity" : "offlinesync",
      "kind" : "remoteSourceControl",
      "location" : "https://github.com/ManuelSelch/OfflineSync.git",
      "state" : {
        "revision" : "ecd22cc0fdac93cb3c0265b3f95d75a1409e24e8",
        "version" : "1.1.7"
      }
    },
    {
      "identity" : "ohhttpstubs",
      "kind" : "remoteSourceControl",
      "location" : "https://github.com/AliSoftware/OHHTTPStubs.git",
      "state" : {
        "revision" : "12f19662426d0434d6c330c6974d53e2eb10ecd9",
        "version" : "9.1.0"
      }
    },
    {
      "identity" : "reactiveswift",
      "kind" : "remoteSourceControl",
      "location" : "https://github.com/ReactiveCocoa/ReactiveSwift.git",
      "state" : {
        "revision" : "c43bae3dac73fdd3cb906bd5a1914686ca71ed3c",
        "version" : "6.7.0"
      }
    },
    {
      "identity" : "redux",
      "kind" : "remoteSourceControl",
      "location" : "https://github.com/ManuelSelch/Redux.git",
      "state" : {
        "revision" : "81ff97ce98959a704b0bc0182c465583747bd346",
        "version" : "1.0.8"
      }
    },
    {
      "identity" : "rxswift",
      "kind" : "remoteSourceControl",
      "location" : "https://github.com/ReactiveX/RxSwift.git",
      "state" : {
        "revision" : "b06a8c8596e4c3e8e7788e08e720e3248563ce6a",
        "version" : "6.7.1"
      }
    },
    {
      "identity" : "sqlite.swift",
      "kind" : "remoteSourceControl",
      "location" : "https://github.com/stephencelis/SQLite.swift.git",
      "state" : {
        "revision" : "a95fc6df17d108bd99210db5e8a9bac90fe984b8",
        "version" : "0.15.3"
      }
    },
    {
      "identity" : "testablecombinepublishers",
      "kind" : "remoteSourceControl",
      "location" : "https://github.com/albertbori/TestableCombinePublishers.git",
      "state" : {
        "revision" : "a053f58f21a0187817afd65b440911496809d21a",
        "version" : "1.2.1"
      }
    }
  ],
  "version" : 2
}
