{
  "pins" : [
    {
      "identity" : "alamofire",
      "kind" : "remoteSourceControl",
      "location" : "https://github.com/Alamofire/Alamofire.git",
      "state" : {
        "revision" : "f455c2975872ccd2d9c81594c658af65716e9b9a",
        "version" : "5.9.1"
      }
    },
    {
      "identity" : "anycodable",
      "kind" : "remoteSourceControl",
      "location" : "https://github.com/Flight-School/AnyCodable.git",
      "state" : {
        "revision" : "862808b2070cd908cb04f9aafe7de83d35f81b05",
        "version" : "0.6.7"
      }
    },
    {
      "identity" : "chart",
      "kind" : "remoteSourceControl",
      "location" : "https://github.com/ManuelSelch/Chart",
      "state" : {
        "revision" : "2066bd8a937b016366b8212944de6ec5f656a121",
        "version" : "1.0.4"
      }
    },
    {
      "identity" : "dependencies",
      "kind" : "remoteSourceControl",
      "location" : "https://github.com/ManuelSelch/Dependencies.git",
      "state" : {
        "revision" : "94ac38716591c5c7e0ce512765e649f06df5f8d8",
        "version" : "1.0.0"
      }
    },
    {
      "identity" : "loginservice",
      "kind" : "remoteSourceControl",
      "location" : "https://github.com/ManuelSelch/LoginService.git",
      "state" : {
        "revision" : "e500ff924a3863aa58b40cd26b6ba1ede96b366c",
        "version" : "1.1.3"
      }
    },
    {
      "identity" : "moya",
      "kind" : "remoteSourceControl",
      "location" : "https://github.com/Moya/Moya.git",
      "state" : {
        "revision" : "c263811c1f3dbf002be9bd83107f7cdc38992b26",
        "version" : "15.0.3"
      }
    },
    {
      "identity" : "offlinesync",
      "kind" : "remoteSourceControl",
      "location" : "https://github.com/manuelselch/OfflineSync",
      "state" : {
        "revision" : "2dafe61ebba8d8470b0099919c645fc60c504276",
        "version" : "1.3.7"
      }
    },
    {
      "identity" : "popupview",
      "kind" : "remoteSourceControl",
      "location" : "https://github.com/exyte/PopupView.git",
      "state" : {
        "revision" : "337430278cd6ceff454c143fe815af364276332b",
        "version" : "3.0.5"
      }
    },
    {
      "identity" : "pulse",
      "kind" : "remoteSourceControl",
      "location" : "https://github.com/kean/Pulse.git",
      "state" : {
        "revision" : "3ac5ee35ab233e900aa484919803d51791d1e351",
        "version" : "4.2.7"
      }
    },
    {
      "identity" : "pulseloghandler",
      "kind" : "remoteSourceControl",
      "location" : "https://github.com/kean/PulseLogHandler.git",
      "state" : {
        "revision" : "7280e980b71a1267099e7751a900fd1e67b7f4bb",
        "version" : "4.0.1"
      }
    },
    {
      "identity" : "reactiveswift",
      "kind" : "remoteSourceControl",
      "location" : "https://github.com/ReactiveCocoa/ReactiveSwift.git",
      "state" : {
        "revision" : "c43bae3dac73fdd3cb906bd5a1914686ca71ed3c",
        "version" : "6.7.0"
      }
    },
    {
      "identity" : "redux",
      "kind" : "remoteSourceControl",
      "location" : "https://github.com/manuelselch/Redux",
      "state" : {
        "revision" : "4e608714e6bb6a36173f4531a4ad34168e124e3e",
        "version" : "1.2.14"
      }
    },
    {
      "identity" : "router",
      "kind" : "remoteSourceControl",
      "location" : "git@github.com:ManuelSelch/Router.git",
      "state" : {
        "revision" : "1928ddd65d5ba6f9d255f7a33cc4f1ae9e80abf3",
        "version" : "1.0.5"
      }
    },
    {
      "identity" : "rxswift",
      "kind" : "remoteSourceControl",
      "location" : "https://github.com/ReactiveX/RxSwift.git",
      "state" : {
        "revision" : "b06a8c8596e4c3e8e7788e08e720e3248563ce6a",
        "version" : "6.7.1"
      }
    },
    {
      "identity" : "sqlite.swift",
      "kind" : "remoteSourceControl",
      "location" : "https://github.com/stephencelis/SQLite.swift.git",
      "state" : {
        "revision" : "a95fc6df17d108bd99210db5e8a9bac90fe984b8",
        "version" : "0.15.3"
      }
    },
    {
      "identity" : "starscream",
      "kind" : "remoteSourceControl",
      "location" : "https://github.com/daltoniam/Starscream.git",
      "state" : {
        "revision" : "c6bfd1af48efcc9a9ad203665db12375ba6b145a",
        "version" : "4.0.8"
      }
    },
    {
      "identity" : "swift-log",
      "kind" : "remoteSourceControl",
      "location" : "https://github.com/apple/swift-log.git",
      "state" : {
        "revision" : "9cb486020ebf03bfa5b5df985387a14a98744537",
        "version" : "1.6.1"
      }
    },
    {
      "identity" : "swiftui-introspect",
      "kind" : "remoteSourceControl",
      "location" : "https://github.com/siteline/swiftui-introspect",
      "state" : {
        "revision" : "807f73ce09a9b9723f12385e592b4e0aaebd3336",
        "version" : "1.3.0"
      }
    },
    {
      "identity" : "swiftui-navigation-transitions",
      "kind" : "remoteSourceControl",
      "location" : "https://github.com/davdroman/swiftui-navigation-transitions.git",
      "state" : {
        "revision" : "ad6ecab3f275fd0ff30959150dec0f14a5b7a245",
        "version" : "0.13.4"
      }
    }
  ],
  "version" : 2
}
