{
  "pins" : [
    {
      "identity" : "alamofire",
      "kind" : "remoteSourceControl",
      "location" : "https://github.com/Alamofire/Alamofire.git",
      "state" : {
        "revision" : "f455c2975872ccd2d9c81594c658af65716e9b9a",
        "version" : "5.9.1"
      }
    },
    {
      "identity" : "chart",
      "kind" : "remoteSourceControl",
      "location" : "https://github.com/ManuelSelch/Chart.git",
      "state" : {
        "revision" : "36978552d2f1f733aedf194821fc153175f09c01",
        "version" : "1.0.3"
      }
    },
    {
      "identity" : "combine-schedulers",
      "kind" : "remoteSourceControl",
      "location" : "https://github.com/pointfreeco/combine-schedulers",
      "state" : {
        "revision" : "9dc9cbe4bc45c65164fa653a563d8d8db61b09bb",
        "version" : "1.0.0"
      }
    },
    {
      "identity" : "flowstacks",
      "kind" : "remoteSourceControl",
      "location" : "https://github.com/johnpatrickmorgan/FlowStacks",
      "state" : {
        "revision" : "a2b974b81612e1e8ee3ecd757d936a2919527356",
        "version" : "0.4.1"
      }
    },
    {
      "identity" : "log",
      "kind" : "remoteSourceControl",
      "location" : "https://github.com/ManuelSelch/Log.git",
      "state" : {
        "revision" : "2c58f16ab2f790cc73f1fa086535ea62ff246bd0",
        "version" : "1.1.0"
      }
    },
    {
      "identity" : "login",
      "kind" : "remoteSourceControl",
      "location" : "https://github.com/ManuelSelch/Login.git",
      "state" : {
        "revision" : "1f8a85267c68b1892fde2a15ad049ff1d3c000ad",
        "version" : "1.1.0"
      }
    },
    {
      "identity" : "moya",
      "kind" : "remoteSourceControl",
      "location" : "https://github.com/Moya/Moya.git",
      "state" : {
        "revision" : "c263811c1f3dbf002be9bd83107f7cdc38992b26",
        "version" : "15.0.3"
      }
    },
    {
      "identity" : "offlinesync",
      "kind" : "remoteSourceControl",
      "location" : "https://github.com/ManuelSelch/OfflineSync.git",
      "state" : {
        "revision" : "fab74394cda56cbda31b258be8f3cedea2955515",
        "version" : "1.2.0"
      }
    },
    {
      "identity" : "ohhttpstubs",
      "kind" : "remoteSourceControl",
      "location" : "https://github.com/AliSoftware/OHHTTPStubs.git",
      "state" : {
        "revision" : "12f19662426d0434d6c330c6974d53e2eb10ecd9",
        "version" : "9.1.0"
      }
    },
    {
      "identity" : "pulse",
      "kind" : "remoteSourceControl",
      "location" : "https://github.com/kean/Pulse.git",
      "state" : {
        "revision" : "2e5e5f86c31970dc72613e480a1ba0b06bab81a2",
        "version" : "4.2.1"
      }
    },
    {
      "identity" : "pulseloghandler",
      "kind" : "remoteSourceControl",
      "location" : "https://github.com/kean/PulseLogHandler.git",
      "state" : {
        "revision" : "7280e980b71a1267099e7751a900fd1e67b7f4bb",
        "version" : "4.0.1"
      }
    },
    {
      "identity" : "reactiveswift",
      "kind" : "remoteSourceControl",
      "location" : "https://github.com/ReactiveCocoa/ReactiveSwift.git",
      "state" : {
        "revision" : "c43bae3dac73fdd3cb906bd5a1914686ca71ed3c",
        "version" : "6.7.0"
      }
    },
    {
      "identity" : "redux",
      "kind" : "remoteSourceControl",
      "location" : "https://github.com/manuelselch/Redux",
      "state" : {
        "revision" : "73483b2c426372a0f134f129e10e58e1dc332a09",
        "version" : "1.1.0"
      }
    },
    {
      "identity" : "rxswift",
      "kind" : "remoteSourceControl",
      "location" : "https://github.com/ReactiveX/RxSwift.git",
      "state" : {
        "revision" : "b06a8c8596e4c3e8e7788e08e720e3248563ce6a",
        "version" : "6.7.1"
      }
    },
    {
      "identity" : "sqlite.swift",
      "kind" : "remoteSourceControl",
      "location" : "https://github.com/stephencelis/SQLite.swift.git",
      "state" : {
        "revision" : "a95fc6df17d108bd99210db5e8a9bac90fe984b8",
        "version" : "0.15.3"
      }
    },
    {
      "identity" : "swift-case-paths",
      "kind" : "remoteSourceControl",
      "location" : "https://github.com/pointfreeco/swift-case-paths",
      "state" : {
        "revision" : "8d712376c99fc0267aa0e41fea732babe365270a",
        "version" : "1.3.3"
      }
    },
    {
      "identity" : "swift-clocks",
      "kind" : "remoteSourceControl",
      "location" : "https://github.com/pointfreeco/swift-clocks",
      "state" : {
        "revision" : "a8421d68068d8f45fbceb418fbf22c5dad4afd33",
        "version" : "1.0.2"
      }
    },
    {
      "identity" : "swift-collections",
      "kind" : "remoteSourceControl",
      "location" : "https://github.com/apple/swift-collections",
      "state" : {
        "revision" : "94cf62b3ba8d4bed62680a282d4c25f9c63c2efb",
        "version" : "1.1.0"
      }
    },
    {
      "identity" : "swift-composable-architecture",
      "kind" : "remoteSourceControl",
      "location" : "https://github.com/pointfreeco/swift-composable-architecture.git",
      "state" : {
        "revision" : "433a23118f739078644ebeb4009e23d307af694a",
        "version" : "1.10.4"
      }
    },
    {
      "identity" : "swift-concurrency-extras",
      "kind" : "remoteSourceControl",
      "location" : "https://github.com/pointfreeco/swift-concurrency-extras",
      "state" : {
        "revision" : "bb5059bde9022d69ac516803f4f227d8ac967f71",
        "version" : "1.1.0"
      }
    },
    {
      "identity" : "swift-custom-dump",
      "kind" : "remoteSourceControl",
      "location" : "https://github.com/pointfreeco/swift-custom-dump",
      "state" : {
        "revision" : "f01efb26f3a192a0e88dcdb7c3c391ec2fc25d9c",
        "version" : "1.3.0"
      }
    },
    {
      "identity" : "swift-dependencies",
      "kind" : "remoteSourceControl",
      "location" : "https://github.com/pointfreeco/swift-dependencies",
      "state" : {
        "revision" : "350e1e119babe8525f9bd155b76640a5de270184",
        "version" : "1.3.0"
      }
    },
    {
      "identity" : "swift-identified-collections",
      "kind" : "remoteSourceControl",
      "location" : "https://github.com/pointfreeco/swift-identified-collections",
      "state" : {
        "revision" : "d533cd18b0b456b106694a9899f917ee595f2666",
        "version" : "1.0.2"
      }
    },
    {
      "identity" : "swift-log",
      "kind" : "remoteSourceControl",
      "location" : "https://github.com/apple/swift-log.git",
      "state" : {
        "revision" : "e97a6fcb1ab07462881ac165fdbb37f067e205d5",
        "version" : "1.5.4"
      }
    },
    {
      "identity" : "swift-perception",
      "kind" : "remoteSourceControl",
      "location" : "https://github.com/pointfreeco/swift-perception",
      "state" : {
        "revision" : "8e8ca36c02abc7775a3ab81f9468c0df5fe22c2c",
        "version" : "1.1.7"
      }
    },
    {
      "identity" : "swift-syntax",
      "kind" : "remoteSourceControl",
      "location" : "https://github.com/apple/swift-syntax",
      "state" : {
        "revision" : "303e5c5c36d6a558407d364878df131c3546fad8",
        "version" : "510.0.2"
      }
    },
    {
      "identity" : "swiftui-navigation",
      "kind" : "remoteSourceControl",
      "location" : "https://github.com/pointfreeco/swiftui-navigation",
      "state" : {
        "revision" : "2ec6c3a15293efff6083966b38439a4004f25565",
        "version" : "1.3.0"
      }
    },
    {
      "identity" : "swipeactions",
      "kind" : "remoteSourceControl",
      "location" : "https://github.com/c-villain/SwipeActions.git",
      "state" : {
        "revision" : "39c6d7f686746881adb3d44638ec330acbeb4f37",
        "version" : "0.3.3"
      }
    },
    {
      "identity" : "tca-swift-log",
      "kind" : "remoteSourceControl",
      "location" : "https://github.com/darrarski/tca-swift-log.git",
      "state" : {
        "branch" : "main",
        "revision" : "51107c6137cb7a5dd05723117b6815915feeefd2"
      }
    },
    {
      "identity" : "tcacoordinators",
      "kind" : "remoteSourceControl",
      "location" : "https://github.com/johnpatrickmorgan/TCACoordinators.git",
      "state" : {
        "revision" : "17a4ab7d8f832007bdbb7cb9f73a8dcf3421a972",
        "version" : "0.10.0"
      }
    },
    {
      "identity" : "testablecombinepublishers",
      "kind" : "remoteSourceControl",
      "location" : "https://github.com/albertbori/TestableCombinePublishers.git",
      "state" : {
        "revision" : "a053f58f21a0187817afd65b440911496809d21a",
        "version" : "1.2.1"
      }
    },
    {
      "identity" : "xctest-dynamic-overlay",
      "kind" : "remoteSourceControl",
      "location" : "https://github.com/pointfreeco/xctest-dynamic-overlay",
      "state" : {
        "revision" : "6f30bdba373bbd7fbfe241dddd732651f2fbd1e2",
        "version" : "1.1.2"
      }
    }
  ],
  "version" : 2
}
