{
  "pins" : [
    {
      "identity" : "redux",
      "kind" : "remoteSourceControl",
      "location" : "git@github.com:ManuelSelch/Redux.git",
      "state" : {
        "revision" : "b15d9e53768f1ee455e2c4dcce46011245045c87",
        "version" : "1.0.0"
      }
    },
    {
      "identity" : "testablecombinepublishers",
      "kind" : "remoteSourceControl",
      "location" : "https://github.com/albertbori/TestableCombinePublishers.git",
      "state" : {
        "revision" : "a053f58f21a0187817afd65b440911496809d21a",
        "version" : "1.2.1"
      }
    }
  ],
  "version" : 2
}
