{
  "pins" : [
    {
      "identity" : "testablecombinepublishers",
      "kind" : "remoteSourceControl",
      "location" : "https://github.com/albertbori/TestableCombinePublishers.git",
      "state" : {
        "revision" : "a053f58f21a0187817afd65b440911496809d21a",
        "version" : "1.2.1"
      }
    }
  ],
  "version" : 2
}
